
Microsoft Visual Studio Solution File, Format Version 12.00
# Visual Studio 2013
VisualStudioVersion = 12.0.21005.1
MinimumVisualStudioVersion = 10.0.40219.1
Project("{FAE04EC0-301F-11D3-BF4B-00C04F79EFBC}") = "NXS.Services.Wcf.AppServices", "NXS.Services.Wcf.AppServices\NXS.Services.Wcf.AppServices.csproj", "{5D4B7C71-9564-4F30-B855-019E75A36376}"
EndProject
Project("{2150E333-8FDC-42A3-9474-1A3956D46DE8}") = "Clients", "Clients", "{3A3248F8-5CE6-43F0-AA4B-D06C66F1C9D1}"
EndProject
Project("{2150E333-8FDC-42A3-9474-1A3956D46DE8}") = "Libraries", "Libraries", "{CE3FC677-3225-4CFB-918C-6B279C952FFE}"
EndProject
Project("{2150E333-8FDC-42A3-9474-1A3956D46DE8}") = "Data", "Data", "{1EC8A6CE-199F-4164-BA96-1ADB553A9027}"
EndProject
Project("{FAE04EC0-301F-11D3-BF4B-00C04F79EFBC}") = "SubSonic", "..\..\..\Data\SubSonic\SubSonic.csproj", "{EE4A10E7-92C3-4EAC-B6DF-5DA1C26F4D1D}"
EndProject
Project("{FAE04EC0-301F-11D3-BF4B-00C04F79EFBC}") = "SOS.Data", "..\..\..\Data\SOS.Data\SOS.Data.csproj", "{C2776F02-C5E2-42BA-B4B0-147625B90A18}"
EndProject
Project("{FAE04EC0-301F-11D3-BF4B-00C04F79EFBC}") = "SOS.Data.Logging", "..\..\..\Data\SOS.Data.Logging\SOS.Data.Logging.csproj", "{B6B1FCF3-F2BA-445E-9041-5100733EFD20}"
EndProject
Project("{FAE04EC0-301F-11D3-BF4B-00C04F79EFBC}") = "SOS.Data.HumanResource", "..\..\..\Data\SOS.Data.HumanResource\SOS.Data.HumanResource.csproj", "{CFF942B5-73BE-42A3-86DE-14EF45BEFCF1}"
EndProject
Project("{FAE04EC0-301F-11D3-BF4B-00C04F79EFBC}") = "SOS.Lib.Core", "..\..\..\Lib\SOS.Lib.Core\SOS.Lib.Core.csproj", "{A4D0820E-3529-4CB9-BA5F-B2824BFEEC97}"
EndProject
Project("{FAE04EC0-301F-11D3-BF4B-00C04F79EFBC}") = "SOS.Lib.Util", "..\..\..\Lib\SOS.Lib.Util\SOS.Lib.Util.csproj", "{33A1B8C5-B37D-423E-B7FD-83CE1EC1D442}"
EndProject
Project("{FAE04EC0-301F-11D3-BF4B-00C04F79EFBC}") = "NXS.Data.Licensing", "..\..\..\Data\NXS.Data.Licensing\NXS.Data.Licensing.csproj", "{A6035AA6-47AD-4C14-8911-1982DA86F0E0}"
EndProject
Project("{FAE04EC0-301F-11D3-BF4B-00C04F79EFBC}") = "SOS.Data.SosCrm", "..\..\..\Data\SOS.Data.SosCrm\SOS.Data.SosCrm.csproj", "{23BB4972-325C-40D8-96F6-EB8A60676D63}"
EndProject
Project("{2150E333-8FDC-42A3-9474-1A3956D46DE8}") = "Logic", "Logic", "{01D3B5D3-D689-44C8-812C-CA41B46EE2DC}"
EndProject
Project("{FAE04EC0-301F-11D3-BF4B-00C04F79EFBC}") = "NXS.Logic.Letters", "..\..\..\Logic\NXS.Logic.Letters\NXS.Logic.Letters.csproj", "{9B287204-3ADB-495F-844E-E6D88AAB788B}"
EndProject
Project("{FAE04EC0-301F-11D3-BF4B-00C04F79EFBC}") = "NXS.Data.Letters", "..\..\..\Data\NXS.Data.Letters\NXS.Data.Letters.csproj", "{E7F40B52-AD1F-46F9-91A1-78DC9B4B27BD}"
EndProject
Project("{FAE04EC0-301F-11D3-BF4B-00C04F79EFBC}") = "NXS.Data.Accounting", "..\..\..\Data\NXS.Data.Accounting\NXS.Data.Accounting.csproj", "{7C04B967-6BE6-43AA-A8AA-6EF88BEF1B48}"
EndProject
Project("{FAE04EC0-301F-11D3-BF4B-00C04F79EFBC}") = "NXS.Data.Inventory", "..\..\..\Data\NXS.Data.Inventory\NXS.Data.Inventory.csproj", "{73EB08F7-6404-49E1-8E14-CA2E95458581}"
EndProject
Project("{FAE04EC0-301F-11D3-BF4B-00C04F79EFBC}") = "NXS.Data.FileStore", "..\..\..\Data\NXS.Data.FileStore\NXS.Data.FileStore.csproj", "{4A69B9D7-3DC2-42A6-8261-341C2BB84AF9}"
EndProject
Global
	GlobalSection(SolutionConfigurationPlatforms) = preSolution
		Debug (SQL Server Only)|Any CPU = Debug (SQL Server Only)|Any CPU
		Debug|Any CPU = Debug|Any CPU
		Release (SQL Server Only)|Any CPU = Release (SQL Server Only)|Any CPU
		Release|Any CPU = Release|Any CPU
	EndGlobalSection
	GlobalSection(ProjectConfigurationPlatforms) = postSolution
		{5D4B7C71-9564-4F30-B855-019E75A36376}.Debug (SQL Server Only)|Any CPU.ActiveCfg = Debug|Any CPU
		{5D4B7C71-9564-4F30-B855-019E75A36376}.Debug (SQL Server Only)|Any CPU.Build.0 = Debug|Any CPU
		{5D4B7C71-9564-4F30-B855-019E75A36376}.Debug|Any CPU.ActiveCfg = Debug|Any CPU
		{5D4B7C71-9564-4F30-B855-019E75A36376}.Debug|Any CPU.Build.0 = Debug|Any CPU
		{5D4B7C71-9564-4F30-B855-019E75A36376}.Release (SQL Server Only)|Any CPU.ActiveCfg = Release|Any CPU
		{5D4B7C71-9564-4F30-B855-019E75A36376}.Release (SQL Server Only)|Any CPU.Build.0 = Release|Any CPU
		{5D4B7C71-9564-4F30-B855-019E75A36376}.Release|Any CPU.ActiveCfg = Release|Any CPU
		{5D4B7C71-9564-4F30-B855-019E75A36376}.Release|Any CPU.Build.0 = Release|Any CPU
		{EE4A10E7-92C3-4EAC-B6DF-5DA1C26F4D1D}.Debug (SQL Server Only)|Any CPU.ActiveCfg = Debug (SQL Server Only)|Any CPU
		{EE4A10E7-92C3-4EAC-B6DF-5DA1C26F4D1D}.Debug (SQL Server Only)|Any CPU.Build.0 = Debug (SQL Server Only)|Any CPU
		{EE4A10E7-92C3-4EAC-B6DF-5DA1C26F4D1D}.Debug|Any CPU.ActiveCfg = Debug|Any CPU
		{EE4A10E7-92C3-4EAC-B6DF-5DA1C26F4D1D}.Debug|Any CPU.Build.0 = Debug|Any CPU
		{EE4A10E7-92C3-4EAC-B6DF-5DA1C26F4D1D}.Release (SQL Server Only)|Any CPU.ActiveCfg = Release (SQL Server Only)|Any CPU
		{EE4A10E7-92C3-4EAC-B6DF-5DA1C26F4D1D}.Release (SQL Server Only)|Any CPU.Build.0 = Release (SQL Server Only)|Any CPU
		{EE4A10E7-92C3-4EAC-B6DF-5DA1C26F4D1D}.Release|Any CPU.ActiveCfg = Release|Any CPU
		{EE4A10E7-92C3-4EAC-B6DF-5DA1C26F4D1D}.Release|Any CPU.Build.0 = Release|Any CPU
		{C2776F02-C5E2-42BA-B4B0-147625B90A18}.Debug (SQL Server Only)|Any CPU.ActiveCfg = Debug|Any CPU
		{C2776F02-C5E2-42BA-B4B0-147625B90A18}.Debug (SQL Server Only)|Any CPU.Build.0 = Debug|Any CPU
		{C2776F02-C5E2-42BA-B4B0-147625B90A18}.Debug|Any CPU.ActiveCfg = Debug|Any CPU
		{C2776F02-C5E2-42BA-B4B0-147625B90A18}.Debug|Any CPU.Build.0 = Debug|Any CPU
		{C2776F02-C5E2-42BA-B4B0-147625B90A18}.Release (SQL Server Only)|Any CPU.ActiveCfg = Release|Any CPU
		{C2776F02-C5E2-42BA-B4B0-147625B90A18}.Release (SQL Server Only)|Any CPU.Build.0 = Release|Any CPU
		{C2776F02-C5E2-42BA-B4B0-147625B90A18}.Release|Any CPU.ActiveCfg = Release|Any CPU
		{C2776F02-C5E2-42BA-B4B0-147625B90A18}.Release|Any CPU.Build.0 = Release|Any CPU
		{B6B1FCF3-F2BA-445E-9041-5100733EFD20}.Debug (SQL Server Only)|Any CPU.ActiveCfg = Debug|Any CPU
		{B6B1FCF3-F2BA-445E-9041-5100733EFD20}.Debug (SQL Server Only)|Any CPU.Build.0 = Debug|Any CPU
		{B6B1FCF3-F2BA-445E-9041-5100733EFD20}.Debug|Any CPU.ActiveCfg = Debug|Any CPU
		{B6B1FCF3-F2BA-445E-9041-5100733EFD20}.Debug|Any CPU.Build.0 = Debug|Any CPU
		{B6B1FCF3-F2BA-445E-9041-5100733EFD20}.Release (SQL Server Only)|Any CPU.ActiveCfg = Release|Any CPU
		{B6B1FCF3-F2BA-445E-9041-5100733EFD20}.Release (SQL Server Only)|Any CPU.Build.0 = Release|Any CPU
		{B6B1FCF3-F2BA-445E-9041-5100733EFD20}.Release|Any CPU.ActiveCfg = Release|Any CPU
		{B6B1FCF3-F2BA-445E-9041-5100733EFD20}.Release|Any CPU.Build.0 = Release|Any CPU
		{CFF942B5-73BE-42A3-86DE-14EF45BEFCF1}.Debug (SQL Server Only)|Any CPU.ActiveCfg = Debug|Any CPU
		{CFF942B5-73BE-42A3-86DE-14EF45BEFCF1}.Debug (SQL Server Only)|Any CPU.Build.0 = Debug|Any CPU
		{CFF942B5-73BE-42A3-86DE-14EF45BEFCF1}.Debug|Any CPU.ActiveCfg = Debug|Any CPU
		{CFF942B5-73BE-42A3-86DE-14EF45BEFCF1}.Debug|Any CPU.Build.0 = Debug|Any CPU
		{CFF942B5-73BE-42A3-86DE-14EF45BEFCF1}.Release (SQL Server Only)|Any CPU.ActiveCfg = Release|Any CPU
		{CFF942B5-73BE-42A3-86DE-14EF45BEFCF1}.Release (SQL Server Only)|Any CPU.Build.0 = Release|Any CPU
		{CFF942B5-73BE-42A3-86DE-14EF45BEFCF1}.Release|Any CPU.ActiveCfg = Release|Any CPU
		{CFF942B5-73BE-42A3-86DE-14EF45BEFCF1}.Release|Any CPU.Build.0 = Release|Any CPU
		{A4D0820E-3529-4CB9-BA5F-B2824BFEEC97}.Debug (SQL Server Only)|Any CPU.ActiveCfg = Debug|Any CPU
		{A4D0820E-3529-4CB9-BA5F-B2824BFEEC97}.Debug (SQL Server Only)|Any CPU.Build.0 = Debug|Any CPU
		{A4D0820E-3529-4CB9-BA5F-B2824BFEEC97}.Debug|Any CPU.ActiveCfg = Debug|Any CPU
		{A4D0820E-3529-4CB9-BA5F-B2824BFEEC97}.Debug|Any CPU.Build.0 = Debug|Any CPU
		{A4D0820E-3529-4CB9-BA5F-B2824BFEEC97}.Release (SQL Server Only)|Any CPU.ActiveCfg = Release|Any CPU
		{A4D0820E-3529-4CB9-BA5F-B2824BFEEC97}.Release (SQL Server Only)|Any CPU.Build.0 = Release|Any CPU
		{A4D0820E-3529-4CB9-BA5F-B2824BFEEC97}.Release|Any CPU.ActiveCfg = Release|Any CPU
		{A4D0820E-3529-4CB9-BA5F-B2824BFEEC97}.Release|Any CPU.Build.0 = Release|Any CPU
		{33A1B8C5-B37D-423E-B7FD-83CE1EC1D442}.Debug (SQL Server Only)|Any CPU.ActiveCfg = Debug|Any CPU
		{33A1B8C5-B37D-423E-B7FD-83CE1EC1D442}.Debug (SQL Server Only)|Any CPU.Build.0 = Debug|Any CPU
		{33A1B8C5-B37D-423E-B7FD-83CE1EC1D442}.Debug|Any CPU.ActiveCfg = Debug|Any CPU
		{33A1B8C5-B37D-423E-B7FD-83CE1EC1D442}.Debug|Any CPU.Build.0 = Debug|Any CPU
		{33A1B8C5-B37D-423E-B7FD-83CE1EC1D442}.Release (SQL Server Only)|Any CPU.ActiveCfg = Release|Any CPU
		{33A1B8C5-B37D-423E-B7FD-83CE1EC1D442}.Release (SQL Server Only)|Any CPU.Build.0 = Release|Any CPU
		{33A1B8C5-B37D-423E-B7FD-83CE1EC1D442}.Release|Any CPU.ActiveCfg = Release|Any CPU
		{33A1B8C5-B37D-423E-B7FD-83CE1EC1D442}.Release|Any CPU.Build.0 = Release|Any CPU
		{A6035AA6-47AD-4C14-8911-1982DA86F0E0}.Debug (SQL Server Only)|Any CPU.ActiveCfg = Debug|Any CPU
		{A6035AA6-47AD-4C14-8911-1982DA86F0E0}.Debug (SQL Server Only)|Any CPU.Build.0 = Debug|Any CPU
		{A6035AA6-47AD-4C14-8911-1982DA86F0E0}.Debug|Any CPU.ActiveCfg = Debug|Any CPU
		{A6035AA6-47AD-4C14-8911-1982DA86F0E0}.Debug|Any CPU.Build.0 = Debug|Any CPU
		{A6035AA6-47AD-4C14-8911-1982DA86F0E0}.Release (SQL Server Only)|Any CPU.ActiveCfg = Release|Any CPU
		{A6035AA6-47AD-4C14-8911-1982DA86F0E0}.Release (SQL Server Only)|Any CPU.Build.0 = Release|Any CPU
		{A6035AA6-47AD-4C14-8911-1982DA86F0E0}.Release|Any CPU.ActiveCfg = Release|Any CPU
		{A6035AA6-47AD-4C14-8911-1982DA86F0E0}.Release|Any CPU.Build.0 = Release|Any CPU
		{23BB4972-325C-40D8-96F6-EB8A60676D63}.Debug (SQL Server Only)|Any CPU.ActiveCfg = Debug|Any CPU
		{23BB4972-325C-40D8-96F6-EB8A60676D63}.Debug (SQL Server Only)|Any CPU.Build.0 = Debug|Any CPU
		{23BB4972-325C-40D8-96F6-EB8A60676D63}.Debug|Any CPU.ActiveCfg = Debug|Any CPU
		{23BB4972-325C-40D8-96F6-EB8A60676D63}.Debug|Any CPU.Build.0 = Debug|Any CPU
		{23BB4972-325C-40D8-96F6-EB8A60676D63}.Release (SQL Server Only)|Any CPU.ActiveCfg = Release|Any CPU
		{23BB4972-325C-40D8-96F6-EB8A60676D63}.Release (SQL Server Only)|Any CPU.Build.0 = Release|Any CPU
		{23BB4972-325C-40D8-96F6-EB8A60676D63}.Release|Any CPU.ActiveCfg = Release|Any CPU
		{23BB4972-325C-40D8-96F6-EB8A60676D63}.Release|Any CPU.Build.0 = Release|Any CPU
		{9B287204-3ADB-495F-844E-E6D88AAB788B}.Debug (SQL Server Only)|Any CPU.ActiveCfg = Debug|Any CPU
		{9B287204-3ADB-495F-844E-E6D88AAB788B}.Debug (SQL Server Only)|Any CPU.Build.0 = Debug|Any CPU
		{9B287204-3ADB-495F-844E-E6D88AAB788B}.Debug|Any CPU.ActiveCfg = Debug|Any CPU
		{9B287204-3ADB-495F-844E-E6D88AAB788B}.Debug|Any CPU.Build.0 = Debug|Any CPU
		{9B287204-3ADB-495F-844E-E6D88AAB788B}.Release (SQL Server Only)|Any CPU.ActiveCfg = Release|Any CPU
		{9B287204-3ADB-495F-844E-E6D88AAB788B}.Release (SQL Server Only)|Any CPU.Build.0 = Release|Any CPU
		{9B287204-3ADB-495F-844E-E6D88AAB788B}.Release|Any CPU.ActiveCfg = Release|Any CPU
		{9B287204-3ADB-495F-844E-E6D88AAB788B}.Release|Any CPU.Build.0 = Release|Any CPU
		{E7F40B52-AD1F-46F9-91A1-78DC9B4B27BD}.Debug (SQL Server Only)|Any CPU.ActiveCfg = Debug|Any CPU
		{E7F40B52-AD1F-46F9-91A1-78DC9B4B27BD}.Debug (SQL Server Only)|Any CPU.Build.0 = Debug|Any CPU
		{E7F40B52-AD1F-46F9-91A1-78DC9B4B27BD}.Debug|Any CPU.ActiveCfg = Debug|Any CPU
		{E7F40B52-AD1F-46F9-91A1-78DC9B4B27BD}.Debug|Any CPU.Build.0 = Debug|Any CPU
		{E7F40B52-AD1F-46F9-91A1-78DC9B4B27BD}.Release (SQL Server Only)|Any CPU.ActiveCfg = Release|Any CPU
		{E7F40B52-AD1F-46F9-91A1-78DC9B4B27BD}.Release (SQL Server Only)|Any CPU.Build.0 = Release|Any CPU
		{E7F40B52-AD1F-46F9-91A1-78DC9B4B27BD}.Release|Any CPU.ActiveCfg = Release|Any CPU
		{E7F40B52-AD1F-46F9-91A1-78DC9B4B27BD}.Release|Any CPU.Build.0 = Release|Any CPU
		{7C04B967-6BE6-43AA-A8AA-6EF88BEF1B48}.Debug (SQL Server Only)|Any CPU.ActiveCfg = Debug|Any CPU
		{7C04B967-6BE6-43AA-A8AA-6EF88BEF1B48}.Debug (SQL Server Only)|Any CPU.Build.0 = Debug|Any CPU
		{7C04B967-6BE6-43AA-A8AA-6EF88BEF1B48}.Debug|Any CPU.ActiveCfg = Debug|Any CPU
		{7C04B967-6BE6-43AA-A8AA-6EF88BEF1B48}.Debug|Any CPU.Build.0 = Debug|Any CPU
		{7C04B967-6BE6-43AA-A8AA-6EF88BEF1B48}.Release (SQL Server Only)|Any CPU.ActiveCfg = Release|Any CPU
		{7C04B967-6BE6-43AA-A8AA-6EF88BEF1B48}.Release (SQL Server Only)|Any CPU.Build.0 = Release|Any CPU
		{7C04B967-6BE6-43AA-A8AA-6EF88BEF1B48}.Release|Any CPU.ActiveCfg = Release|Any CPU
		{7C04B967-6BE6-43AA-A8AA-6EF88BEF1B48}.Release|Any CPU.Build.0 = Release|Any CPU
		{73EB08F7-6404-49E1-8E14-CA2E95458581}.Debug (SQL Server Only)|Any CPU.ActiveCfg = Debug|Any CPU
		{73EB08F7-6404-49E1-8E14-CA2E95458581}.Debug (SQL Server Only)|Any CPU.Build.0 = Debug|Any CPU
		{73EB08F7-6404-49E1-8E14-CA2E95458581}.Debug|Any CPU.ActiveCfg = Debug|Any CPU
		{73EB08F7-6404-49E1-8E14-CA2E95458581}.Debug|Any CPU.Build.0 = Debug|Any CPU
		{73EB08F7-6404-49E1-8E14-CA2E95458581}.Release (SQL Server Only)|Any CPU.ActiveCfg = Release|Any CPU
		{73EB08F7-6404-49E1-8E14-CA2E95458581}.Release (SQL Server Only)|Any CPU.Build.0 = Release|Any CPU
		{73EB08F7-6404-49E1-8E14-CA2E95458581}.Release|Any CPU.ActiveCfg = Release|Any CPU
		{73EB08F7-6404-49E1-8E14-CA2E95458581}.Release|Any CPU.Build.0 = Release|Any CPU
		{4A69B9D7-3DC2-42A6-8261-341C2BB84AF9}.Debug (SQL Server Only)|Any CPU.ActiveCfg = Debug|Any CPU
		{4A69B9D7-3DC2-42A6-8261-341C2BB84AF9}.Debug (SQL Server Only)|Any CPU.Build.0 = Debug|Any CPU
		{4A69B9D7-3DC2-42A6-8261-341C2BB84AF9}.Debug|Any CPU.ActiveCfg = Debug|Any CPU
		{4A69B9D7-3DC2-42A6-8261-341C2BB84AF9}.Debug|Any CPU.Build.0 = Debug|Any CPU
		{4A69B9D7-3DC2-42A6-8261-341C2BB84AF9}.Release (SQL Server Only)|Any CPU.ActiveCfg = Release|Any CPU
		{4A69B9D7-3DC2-42A6-8261-341C2BB84AF9}.Release (SQL Server Only)|Any CPU.Build.0 = Release|Any CPU
		{4A69B9D7-3DC2-42A6-8261-341C2BB84AF9}.Release|Any CPU.ActiveCfg = Release|Any CPU
		{4A69B9D7-3DC2-42A6-8261-341C2BB84AF9}.Release|Any CPU.Build.0 = Release|Any CPU
	EndGlobalSection
	GlobalSection(SolutionProperties) = preSolution
		HideSolutionNode = FALSE
	EndGlobalSection
	GlobalSection(NestedProjects) = preSolution
		{5D4B7C71-9564-4F30-B855-019E75A36376} = {3A3248F8-5CE6-43F0-AA4B-D06C66F1C9D1}
		{A4D0820E-3529-4CB9-BA5F-B2824BFEEC97} = {CE3FC677-3225-4CFB-918C-6B279C952FFE}
		{33A1B8C5-B37D-423E-B7FD-83CE1EC1D442} = {CE3FC677-3225-4CFB-918C-6B279C952FFE}
		{EE4A10E7-92C3-4EAC-B6DF-5DA1C26F4D1D} = {1EC8A6CE-199F-4164-BA96-1ADB553A9027}
		{C2776F02-C5E2-42BA-B4B0-147625B90A18} = {1EC8A6CE-199F-4164-BA96-1ADB553A9027}
		{B6B1FCF3-F2BA-445E-9041-5100733EFD20} = {1EC8A6CE-199F-4164-BA96-1ADB553A9027}
		{CFF942B5-73BE-42A3-86DE-14EF45BEFCF1} = {1EC8A6CE-199F-4164-BA96-1ADB553A9027}
		{A6035AA6-47AD-4C14-8911-1982DA86F0E0} = {1EC8A6CE-199F-4164-BA96-1ADB553A9027}
		{23BB4972-325C-40D8-96F6-EB8A60676D63} = {1EC8A6CE-199F-4164-BA96-1ADB553A9027}
		{E7F40B52-AD1F-46F9-91A1-78DC9B4B27BD} = {1EC8A6CE-199F-4164-BA96-1ADB553A9027}
		{7C04B967-6BE6-43AA-A8AA-6EF88BEF1B48} = {1EC8A6CE-199F-4164-BA96-1ADB553A9027}
		{73EB08F7-6404-49E1-8E14-CA2E95458581} = {1EC8A6CE-199F-4164-BA96-1ADB553A9027}
		{4A69B9D7-3DC2-42A6-8261-341C2BB84AF9} = {1EC8A6CE-199F-4164-BA96-1ADB553A9027}
		{9B287204-3ADB-495F-844E-E6D88AAB788B} = {01D3B5D3-D689-44C8-812C-CA41B46EE2DC}
	EndGlobalSection
EndGlobal
