
Microsoft Visual Studio Solution File, Format Version 11.00
# Visual Studio 2010
Project("{2150E333-8FDC-42A3-9474-1A3956D46DE8}") = "Client_Contracts", "Client_Contracts", "{32E0F411-376E-4270-8136-3EB9D17D6236}"
EndProject
Project("{2150E333-8FDC-42A3-9474-1A3956D46DE8}") = "FOS", "FOS", "{EBEA6A03-5A89-4AE4-93FB-CDA1FCF48C0E}"
EndProject
Project("{FAE04EC0-301F-11D3-BF4B-00C04F79EFBC}") = "SOS.FunctionalServices", "..\..\FOS\SOS.FunctionalServices\SOS.FunctionalServices.csproj", "{2CE00A6B-C0AC-44AB-B80F-9E58865AD3BD}"
EndProject
Project("{FAE04EC0-301F-11D3-BF4B-00C04F79EFBC}") = "SOS.FunctionalServices.Contracts", "..\..\FOS\SOS.FunctionalServices.Contracts\SOS.FunctionalServices.Contracts.csproj", "{4C52F83A-0039-4C8D-94D3-D6547DE9659B}"
EndProject
Project("{2150E333-8FDC-42A3-9474-1A3956D46DE8}") = "Client_ServicesInterfaces", "Client_ServicesInterfaces", "{AC2213B5-7971-4C8D-B097-F4018319A926}"
EndProject
Project("{FAE04EC0-301F-11D3-BF4B-00C04F79EFBC}") = "SOS.Services.Interfaces", "..\..\Services\Interfaces\SOS.Services.Interfaces\SOS.Services.Interfaces.csproj", "{DCDBF3EE-D932-4713-9A47-2693C0C7BEF4}"
EndProject
Project("{2150E333-8FDC-42A3-9474-1A3956D46DE8}") = "FOS_DataModels", "FOS_DataModels", "{AAE2987B-6AE3-46CD-A2BB-7C0BE51FA11B}"
EndProject
Project("{FAE04EC0-301F-11D3-BF4B-00C04F79EFBC}") = "SOS.Services.DataModels", "..\..\Services\DataModels\SOS.Services.DataModels\SOS.Services.DataModels.csproj", "{1415CB37-0EDB-4645-AA7E-5CE82DF82721}"
EndProject
Project("{2150E333-8FDC-42A3-9474-1A3956D46DE8}") = "Lib", "Lib", "{2BD7A34E-9949-4D3D-8DE6-9BCFE2443503}"
EndProject
Project("{FAE04EC0-301F-11D3-BF4B-00C04F79EFBC}") = "SOS.Lib.Util", "..\..\Lib\SOS.Lib.Util\SOS.Lib.Util.csproj", "{33A1B8C5-B37D-423E-B7FD-83CE1EC1D442}"
EndProject
Project("{2150E333-8FDC-42A3-9474-1A3956D46DE8}") = "Data", "Data", "{E7B0A1B6-18DD-46B4-B2C3-BDD921E8FD91}"
EndProject
Project("{FAE04EC0-301F-11D3-BF4B-00C04F79EFBC}") = "SOS.Data", "..\..\Data\SOS.Data\SOS.Data.csproj", "{C2776F02-C5E2-42BA-B4B0-147625B90A18}"
EndProject
Project("{FAE04EC0-301F-11D3-BF4B-00C04F79EFBC}") = "SubSonic", "..\..\Data\SubSonic\SubSonic.csproj", "{EE4A10E7-92C3-4EAC-B6DF-5DA1C26F4D1D}"
EndProject
Project("{FAE04EC0-301F-11D3-BF4B-00C04F79EFBC}") = "SOS.Lib.Core", "..\..\Lib\SOS.Lib.Core\SOS.Lib.Core.csproj", "{A4D0820E-3529-4CB9-BA5F-B2824BFEEC97}"
EndProject
Project("{FAE04EC0-301F-11D3-BF4B-00C04F79EFBC}") = "SOS.Data.AuthenticationControl", "..\..\Data\SOS.Data.AuthenticationControl\SOS.Data.AuthenticationControl.csproj", "{ACCE6D59-0AA7-4353-850E-1B78E16B3074}"
EndProject
Project("{FAE04EC0-301F-11D3-BF4B-00C04F79EFBC}") = "SOS.Lib.RestCake", "..\..\Lib\SOS.Lib.RestCake\SOS.Lib.RestCake.csproj", "{EDD7540E-B6B0-4FC4-AC04-16A89C187308}"
EndProject
Project("{FAE04EC0-301F-11D3-BF4B-00C04F79EFBC}") = "SOS.Data.SosCrm", "..\..\Data\SOS.Data.SosCrm\SOS.Data.SosCrm.csproj", "{23BB4972-325C-40D8-96F6-EB8A60676D63}"
EndProject
Project("{2150E333-8FDC-42A3-9474-1A3956D46DE8}") = "Client", "Client", "{18B1BC41-E83B-4219-900F-F506BC678C45}"
EndProject
Project("{FAE04EC0-301F-11D3-BF4B-00C04F79EFBC}") = "SOS.FOS.EmailSupport", "..\..\FOS\SOS.FOS.EmailSupport\SOS.FOS.EmailSupport.csproj", "{E74E76B7-15A4-44EF-994C-EF75F4E7FBDB}"
EndProject
Project("{FAE04EC0-301F-11D3-BF4B-00C04F79EFBC}") = "SOS.Data.Logging", "..\..\Data\SOS.Data.Logging\SOS.Data.Logging.csproj", "{B6B1FCF3-F2BA-445E-9041-5100733EFD20}"
EndProject
Project("{FAE04EC0-301F-11D3-BF4B-00C04F79EFBC}") = "SOS.Lib.RazorEngine", "..\..\Lib\SOS.Lib.RazorEngine\SOS.Lib.RazorEngine.csproj", "{C6B80724-C185-4AD9-B13F-805849413533}"
EndProject
Project("{FAE04EC0-301F-11D3-BF4B-00C04F79EFBC}") = "SOS.FOS.MonitoringStationServices", "..\..\FOS\SOS.FOS.MonitoringStationServices\SOS.FOS.MonitoringStationServices.csproj", "{8ED7A69A-A258-4D9A-B9B8-06BD00B7D8A1}"
EndProject
Project("{FAE04EC0-301F-11D3-BF4B-00C04F79EFBC}") = "SOS.FOS.MonitoringStationServicesUT", "..\..\FOS\SOS.FOS.MonitoringStationServicesUT\SOS.FOS.MonitoringStationServicesUT.csproj", "{FBDF16C2-7922-48D5-A043-700BD9A7D494}"
EndProject
Project("{2150E333-8FDC-42A3-9474-1A3956D46DE8}") = "Solution Items", "Solution Items", "{B183E2AD-28C4-4C7E-968A-BC64CE79D6E0}"
	ProjectSection(SolutionItems) = preProject
		..\..\Services\Wcf\SOS.Services.Wcf.Crm\Local.testsettings = ..\..\Services\Wcf\SOS.Services.Wcf.Crm\Local.testsettings
		..\..\Services\Wcf\SOS.Services.Wcf.Crm\SOS.Services.Wcf.Crm.vsmdi = ..\..\Services\Wcf\SOS.Services.Wcf.Crm\SOS.Services.Wcf.Crm.vsmdi
		..\..\Services\Wcf\SOS.Services.Wcf.Crm\TraceAndTestImpact.testsettings = ..\..\Services\Wcf\SOS.Services.Wcf.Crm\TraceAndTestImpact.testsettings
	EndProjectSection
EndProject
Project("{FAE04EC0-301F-11D3-BF4B-00C04F79EFBC}") = "SOS.Data.HumanResource", "..\..\Data\SOS.Data.HumanResource\SOS.Data.HumanResource.csproj", "{CFF942B5-73BE-42A3-86DE-14EF45BEFCF1}"
EndProject
Project("{FAE04EC0-301F-11D3-BF4B-00C04F79EFBC}") = "SOS.Lib.AuthorizeNet", "..\..\Lib\SOS.Lib.AuthorizeNet\SOS.Lib.AuthorizeNet.csproj", "{87534C41-8CE5-44A1-9DFB-8881572D8E95}"
EndProject
Project("{FAE04EC0-301F-11D3-BF4B-00C04F79EFBC}") = "SOS.FOS.MerchantServices", "..\..\FOS\SOS.FOS.MerchantServices\SOS.FOS.MerchantServices.csproj", "{FFB66694-40EB-49ED-B8EA-B5C0C76B3C1B}"
EndProject
Project("{FAE04EC0-301F-11D3-BF4B-00C04F79EFBC}") = "SOS.FOS.MerchantServicesUT", "..\..\FOS\SOS.FOS.MerchantServicesUT\SOS.FOS.MerchantServicesUT.csproj", "{73A1AAF3-5FED-40C2-934C-DB977CBC6188}"
EndProject
Project("{2150E333-8FDC-42A3-9474-1A3956D46DE8}") = "Framework", "Framework", "{E78004FC-8A69-4996-B8CE-65F572DD3958}"
EndProject
Project("{FAE04EC0-301F-11D3-BF4B-00C04F79EFBC}") = "SOS.Framework.Mvc", "..\..\Framework\SOS.Framework.Mvc\SOS.Framework.Mvc.csproj", "{27827478-D8D8-4D33-BB2F-BE1E23CDDFE5}"
EndProject
Project("{FAE04EC0-301F-11D3-BF4B-00C04F79EFBC}") = "SOS.Data.GpsTracking", "..\..\Data\SOS.Data.GpsTracking\SOS.Data.GpsTracking.csproj", "{0A865A05-C179-46BA-975E-E360E33CD223}"
EndProject
Project("{FAE04EC0-301F-11D3-BF4B-00C04F79EFBC}") = "SOS.Lib.TxtWire", "..\..\Lib\SOS.Lib.TxtWire\SOS.Lib.TxtWire.csproj", "{1F6D0871-C3D4-43CF-B6F8-5C53B9A5BF85}"
EndProject
Project("{FAE04EC0-301F-11D3-BF4B-00C04F79EFBC}") = "SOS.Mvc.WebAPI", "SOS.Mvc.WebAPI\SOS.Mvc.WebAPI\SOS.Mvc.WebAPI.csproj", "{379D8363-33F5-4E06-907B-E6190FF487BF}"
EndProject
Global
	GlobalSection(TestCaseManagementSettings) = postSolution
		CategoryFile = ..\..\Services\Wcf\SOS.Services.Wcf.Crm\SOS.Services.Wcf.Crm.vsmdi
	EndGlobalSection
	GlobalSection(SolutionConfigurationPlatforms) = preSolution
		Debug (SQL Server Only)|Any CPU = Debug (SQL Server Only)|Any CPU
		Debug|Any CPU = Debug|Any CPU
		Release (SQL Server Only)|Any CPU = Release (SQL Server Only)|Any CPU
		Release|Any CPU = Release|Any CPU
	EndGlobalSection
	GlobalSection(ProjectConfigurationPlatforms) = postSolution
		{2CE00A6B-C0AC-44AB-B80F-9E58865AD3BD}.Debug (SQL Server Only)|Any CPU.ActiveCfg = Debug|Any CPU
		{2CE00A6B-C0AC-44AB-B80F-9E58865AD3BD}.Debug (SQL Server Only)|Any CPU.Build.0 = Debug|Any CPU
		{2CE00A6B-C0AC-44AB-B80F-9E58865AD3BD}.Debug|Any CPU.ActiveCfg = Debug|Any CPU
		{2CE00A6B-C0AC-44AB-B80F-9E58865AD3BD}.Debug|Any CPU.Build.0 = Debug|Any CPU
		{2CE00A6B-C0AC-44AB-B80F-9E58865AD3BD}.Release (SQL Server Only)|Any CPU.ActiveCfg = Release|Any CPU
		{2CE00A6B-C0AC-44AB-B80F-9E58865AD3BD}.Release (SQL Server Only)|Any CPU.Build.0 = Release|Any CPU
		{2CE00A6B-C0AC-44AB-B80F-9E58865AD3BD}.Release|Any CPU.ActiveCfg = Release|Any CPU
		{2CE00A6B-C0AC-44AB-B80F-9E58865AD3BD}.Release|Any CPU.Build.0 = Release|Any CPU
		{4C52F83A-0039-4C8D-94D3-D6547DE9659B}.Debug (SQL Server Only)|Any CPU.ActiveCfg = Debug|Any CPU
		{4C52F83A-0039-4C8D-94D3-D6547DE9659B}.Debug (SQL Server Only)|Any CPU.Build.0 = Debug|Any CPU
		{4C52F83A-0039-4C8D-94D3-D6547DE9659B}.Debug|Any CPU.ActiveCfg = Debug|Any CPU
		{4C52F83A-0039-4C8D-94D3-D6547DE9659B}.Debug|Any CPU.Build.0 = Debug|Any CPU
		{4C52F83A-0039-4C8D-94D3-D6547DE9659B}.Release (SQL Server Only)|Any CPU.ActiveCfg = Release|Any CPU
		{4C52F83A-0039-4C8D-94D3-D6547DE9659B}.Release (SQL Server Only)|Any CPU.Build.0 = Release|Any CPU
		{4C52F83A-0039-4C8D-94D3-D6547DE9659B}.Release|Any CPU.ActiveCfg = Release|Any CPU
		{4C52F83A-0039-4C8D-94D3-D6547DE9659B}.Release|Any CPU.Build.0 = Release|Any CPU
		{DCDBF3EE-D932-4713-9A47-2693C0C7BEF4}.Debug (SQL Server Only)|Any CPU.ActiveCfg = Debug|Any CPU
		{DCDBF3EE-D932-4713-9A47-2693C0C7BEF4}.Debug (SQL Server Only)|Any CPU.Build.0 = Debug|Any CPU
		{DCDBF3EE-D932-4713-9A47-2693C0C7BEF4}.Debug|Any CPU.ActiveCfg = Debug|Any CPU
		{DCDBF3EE-D932-4713-9A47-2693C0C7BEF4}.Debug|Any CPU.Build.0 = Debug|Any CPU
		{DCDBF3EE-D932-4713-9A47-2693C0C7BEF4}.Release (SQL Server Only)|Any CPU.ActiveCfg = Release|Any CPU
		{DCDBF3EE-D932-4713-9A47-2693C0C7BEF4}.Release (SQL Server Only)|Any CPU.Build.0 = Release|Any CPU
		{DCDBF3EE-D932-4713-9A47-2693C0C7BEF4}.Release|Any CPU.ActiveCfg = Release|Any CPU
		{DCDBF3EE-D932-4713-9A47-2693C0C7BEF4}.Release|Any CPU.Build.0 = Release|Any CPU
		{1415CB37-0EDB-4645-AA7E-5CE82DF82721}.Debug (SQL Server Only)|Any CPU.ActiveCfg = Debug|Any CPU
		{1415CB37-0EDB-4645-AA7E-5CE82DF82721}.Debug (SQL Server Only)|Any CPU.Build.0 = Debug|Any CPU
		{1415CB37-0EDB-4645-AA7E-5CE82DF82721}.Debug|Any CPU.ActiveCfg = Debug|Any CPU
		{1415CB37-0EDB-4645-AA7E-5CE82DF82721}.Debug|Any CPU.Build.0 = Debug|Any CPU
		{1415CB37-0EDB-4645-AA7E-5CE82DF82721}.Release (SQL Server Only)|Any CPU.ActiveCfg = Release|Any CPU
		{1415CB37-0EDB-4645-AA7E-5CE82DF82721}.Release (SQL Server Only)|Any CPU.Build.0 = Release|Any CPU
		{1415CB37-0EDB-4645-AA7E-5CE82DF82721}.Release|Any CPU.ActiveCfg = Release|Any CPU
		{1415CB37-0EDB-4645-AA7E-5CE82DF82721}.Release|Any CPU.Build.0 = Release|Any CPU
		{33A1B8C5-B37D-423E-B7FD-83CE1EC1D442}.Debug (SQL Server Only)|Any CPU.ActiveCfg = Debug|Any CPU
		{33A1B8C5-B37D-423E-B7FD-83CE1EC1D442}.Debug (SQL Server Only)|Any CPU.Build.0 = Debug|Any CPU
		{33A1B8C5-B37D-423E-B7FD-83CE1EC1D442}.Debug|Any CPU.ActiveCfg = Debug|Any CPU
		{33A1B8C5-B37D-423E-B7FD-83CE1EC1D442}.Debug|Any CPU.Build.0 = Debug|Any CPU
		{33A1B8C5-B37D-423E-B7FD-83CE1EC1D442}.Release (SQL Server Only)|Any CPU.ActiveCfg = Release|Any CPU
		{33A1B8C5-B37D-423E-B7FD-83CE1EC1D442}.Release (SQL Server Only)|Any CPU.Build.0 = Release|Any CPU
		{33A1B8C5-B37D-423E-B7FD-83CE1EC1D442}.Release|Any CPU.ActiveCfg = Release|Any CPU
		{33A1B8C5-B37D-423E-B7FD-83CE1EC1D442}.Release|Any CPU.Build.0 = Release|Any CPU
		{C2776F02-C5E2-42BA-B4B0-147625B90A18}.Debug (SQL Server Only)|Any CPU.ActiveCfg = Debug|Any CPU
		{C2776F02-C5E2-42BA-B4B0-147625B90A18}.Debug (SQL Server Only)|Any CPU.Build.0 = Debug|Any CPU
		{C2776F02-C5E2-42BA-B4B0-147625B90A18}.Debug|Any CPU.ActiveCfg = Debug|Any CPU
		{C2776F02-C5E2-42BA-B4B0-147625B90A18}.Debug|Any CPU.Build.0 = Debug|Any CPU
		{C2776F02-C5E2-42BA-B4B0-147625B90A18}.Release (SQL Server Only)|Any CPU.ActiveCfg = Release|Any CPU
		{C2776F02-C5E2-42BA-B4B0-147625B90A18}.Release (SQL Server Only)|Any CPU.Build.0 = Release|Any CPU
		{C2776F02-C5E2-42BA-B4B0-147625B90A18}.Release|Any CPU.ActiveCfg = Release|Any CPU
		{C2776F02-C5E2-42BA-B4B0-147625B90A18}.Release|Any CPU.Build.0 = Release|Any CPU
		{EE4A10E7-92C3-4EAC-B6DF-5DA1C26F4D1D}.Debug (SQL Server Only)|Any CPU.ActiveCfg = Debug (SQL Server Only)|Any CPU
		{EE4A10E7-92C3-4EAC-B6DF-5DA1C26F4D1D}.Debug (SQL Server Only)|Any CPU.Build.0 = Debug (SQL Server Only)|Any CPU
		{EE4A10E7-92C3-4EAC-B6DF-5DA1C26F4D1D}.Debug|Any CPU.ActiveCfg = Debug|Any CPU
		{EE4A10E7-92C3-4EAC-B6DF-5DA1C26F4D1D}.Debug|Any CPU.Build.0 = Debug|Any CPU
		{EE4A10E7-92C3-4EAC-B6DF-5DA1C26F4D1D}.Release (SQL Server Only)|Any CPU.ActiveCfg = Release (SQL Server Only)|Any CPU
		{EE4A10E7-92C3-4EAC-B6DF-5DA1C26F4D1D}.Release (SQL Server Only)|Any CPU.Build.0 = Release (SQL Server Only)|Any CPU
		{EE4A10E7-92C3-4EAC-B6DF-5DA1C26F4D1D}.Release|Any CPU.ActiveCfg = Release|Any CPU
		{EE4A10E7-92C3-4EAC-B6DF-5DA1C26F4D1D}.Release|Any CPU.Build.0 = Release|Any CPU
		{A4D0820E-3529-4CB9-BA5F-B2824BFEEC97}.Debug (SQL Server Only)|Any CPU.ActiveCfg = Debug|Any CPU
		{A4D0820E-3529-4CB9-BA5F-B2824BFEEC97}.Debug (SQL Server Only)|Any CPU.Build.0 = Debug|Any CPU
		{A4D0820E-3529-4CB9-BA5F-B2824BFEEC97}.Debug|Any CPU.ActiveCfg = Debug|Any CPU
		{A4D0820E-3529-4CB9-BA5F-B2824BFEEC97}.Debug|Any CPU.Build.0 = Debug|Any CPU
		{A4D0820E-3529-4CB9-BA5F-B2824BFEEC97}.Release (SQL Server Only)|Any CPU.ActiveCfg = Release|Any CPU
		{A4D0820E-3529-4CB9-BA5F-B2824BFEEC97}.Release (SQL Server Only)|Any CPU.Build.0 = Release|Any CPU
		{A4D0820E-3529-4CB9-BA5F-B2824BFEEC97}.Release|Any CPU.ActiveCfg = Release|Any CPU
		{A4D0820E-3529-4CB9-BA5F-B2824BFEEC97}.Release|Any CPU.Build.0 = Release|Any CPU
		{ACCE6D59-0AA7-4353-850E-1B78E16B3074}.Debug (SQL Server Only)|Any CPU.ActiveCfg = Debug|Any CPU
		{ACCE6D59-0AA7-4353-850E-1B78E16B3074}.Debug (SQL Server Only)|Any CPU.Build.0 = Debug|Any CPU
		{ACCE6D59-0AA7-4353-850E-1B78E16B3074}.Debug|Any CPU.ActiveCfg = Debug|Any CPU
		{ACCE6D59-0AA7-4353-850E-1B78E16B3074}.Debug|Any CPU.Build.0 = Debug|Any CPU
		{ACCE6D59-0AA7-4353-850E-1B78E16B3074}.Release (SQL Server Only)|Any CPU.ActiveCfg = Release|Any CPU
		{ACCE6D59-0AA7-4353-850E-1B78E16B3074}.Release (SQL Server Only)|Any CPU.Build.0 = Release|Any CPU
		{ACCE6D59-0AA7-4353-850E-1B78E16B3074}.Release|Any CPU.ActiveCfg = Release|Any CPU
		{ACCE6D59-0AA7-4353-850E-1B78E16B3074}.Release|Any CPU.Build.0 = Release|Any CPU
		{EDD7540E-B6B0-4FC4-AC04-16A89C187308}.Debug (SQL Server Only)|Any CPU.ActiveCfg = Debug|Any CPU
		{EDD7540E-B6B0-4FC4-AC04-16A89C187308}.Debug (SQL Server Only)|Any CPU.Build.0 = Debug|Any CPU
		{EDD7540E-B6B0-4FC4-AC04-16A89C187308}.Debug|Any CPU.ActiveCfg = Debug|Any CPU
		{EDD7540E-B6B0-4FC4-AC04-16A89C187308}.Debug|Any CPU.Build.0 = Debug|Any CPU
		{EDD7540E-B6B0-4FC4-AC04-16A89C187308}.Release (SQL Server Only)|Any CPU.ActiveCfg = Release|Any CPU
		{EDD7540E-B6B0-4FC4-AC04-16A89C187308}.Release (SQL Server Only)|Any CPU.Build.0 = Release|Any CPU
		{EDD7540E-B6B0-4FC4-AC04-16A89C187308}.Release|Any CPU.ActiveCfg = Release|Any CPU
		{EDD7540E-B6B0-4FC4-AC04-16A89C187308}.Release|Any CPU.Build.0 = Release|Any CPU
		{23BB4972-325C-40D8-96F6-EB8A60676D63}.Debug (SQL Server Only)|Any CPU.ActiveCfg = Debug|Any CPU
		{23BB4972-325C-40D8-96F6-EB8A60676D63}.Debug (SQL Server Only)|Any CPU.Build.0 = Debug|Any CPU
		{23BB4972-325C-40D8-96F6-EB8A60676D63}.Debug|Any CPU.ActiveCfg = Debug|Any CPU
		{23BB4972-325C-40D8-96F6-EB8A60676D63}.Debug|Any CPU.Build.0 = Debug|Any CPU
		{23BB4972-325C-40D8-96F6-EB8A60676D63}.Release (SQL Server Only)|Any CPU.ActiveCfg = Release|Any CPU
		{23BB4972-325C-40D8-96F6-EB8A60676D63}.Release (SQL Server Only)|Any CPU.Build.0 = Release|Any CPU
		{23BB4972-325C-40D8-96F6-EB8A60676D63}.Release|Any CPU.ActiveCfg = Release|Any CPU
		{23BB4972-325C-40D8-96F6-EB8A60676D63}.Release|Any CPU.Build.0 = Release|Any CPU
		{E74E76B7-15A4-44EF-994C-EF75F4E7FBDB}.Debug (SQL Server Only)|Any CPU.ActiveCfg = Debug|Any CPU
		{E74E76B7-15A4-44EF-994C-EF75F4E7FBDB}.Debug (SQL Server Only)|Any CPU.Build.0 = Debug|Any CPU
		{E74E76B7-15A4-44EF-994C-EF75F4E7FBDB}.Debug|Any CPU.ActiveCfg = Debug|Any CPU
		{E74E76B7-15A4-44EF-994C-EF75F4E7FBDB}.Debug|Any CPU.Build.0 = Debug|Any CPU
		{E74E76B7-15A4-44EF-994C-EF75F4E7FBDB}.Release (SQL Server Only)|Any CPU.ActiveCfg = Release|Any CPU
		{E74E76B7-15A4-44EF-994C-EF75F4E7FBDB}.Release (SQL Server Only)|Any CPU.Build.0 = Release|Any CPU
		{E74E76B7-15A4-44EF-994C-EF75F4E7FBDB}.Release|Any CPU.ActiveCfg = Release|Any CPU
		{E74E76B7-15A4-44EF-994C-EF75F4E7FBDB}.Release|Any CPU.Build.0 = Release|Any CPU
		{B6B1FCF3-F2BA-445E-9041-5100733EFD20}.Debug (SQL Server Only)|Any CPU.ActiveCfg = Debug|Any CPU
		{B6B1FCF3-F2BA-445E-9041-5100733EFD20}.Debug (SQL Server Only)|Any CPU.Build.0 = Debug|Any CPU
		{B6B1FCF3-F2BA-445E-9041-5100733EFD20}.Debug|Any CPU.ActiveCfg = Debug|Any CPU
		{B6B1FCF3-F2BA-445E-9041-5100733EFD20}.Debug|Any CPU.Build.0 = Debug|Any CPU
		{B6B1FCF3-F2BA-445E-9041-5100733EFD20}.Release (SQL Server Only)|Any CPU.ActiveCfg = Release|Any CPU
		{B6B1FCF3-F2BA-445E-9041-5100733EFD20}.Release (SQL Server Only)|Any CPU.Build.0 = Release|Any CPU
		{B6B1FCF3-F2BA-445E-9041-5100733EFD20}.Release|Any CPU.ActiveCfg = Release|Any CPU
		{B6B1FCF3-F2BA-445E-9041-5100733EFD20}.Release|Any CPU.Build.0 = Release|Any CPU
		{C6B80724-C185-4AD9-B13F-805849413533}.Debug (SQL Server Only)|Any CPU.ActiveCfg = Debug|Any CPU
		{C6B80724-C185-4AD9-B13F-805849413533}.Debug (SQL Server Only)|Any CPU.Build.0 = Debug|Any CPU
		{C6B80724-C185-4AD9-B13F-805849413533}.Debug|Any CPU.ActiveCfg = Debug|Any CPU
		{C6B80724-C185-4AD9-B13F-805849413533}.Debug|Any CPU.Build.0 = Debug|Any CPU
		{C6B80724-C185-4AD9-B13F-805849413533}.Release (SQL Server Only)|Any CPU.ActiveCfg = Release|Any CPU
		{C6B80724-C185-4AD9-B13F-805849413533}.Release (SQL Server Only)|Any CPU.Build.0 = Release|Any CPU
		{C6B80724-C185-4AD9-B13F-805849413533}.Release|Any CPU.ActiveCfg = Release|Any CPU
		{C6B80724-C185-4AD9-B13F-805849413533}.Release|Any CPU.Build.0 = Release|Any CPU
		{8ED7A69A-A258-4D9A-B9B8-06BD00B7D8A1}.Debug (SQL Server Only)|Any CPU.ActiveCfg = Debug|Any CPU
		{8ED7A69A-A258-4D9A-B9B8-06BD00B7D8A1}.Debug (SQL Server Only)|Any CPU.Build.0 = Debug|Any CPU
		{8ED7A69A-A258-4D9A-B9B8-06BD00B7D8A1}.Debug|Any CPU.ActiveCfg = Debug|Any CPU
		{8ED7A69A-A258-4D9A-B9B8-06BD00B7D8A1}.Debug|Any CPU.Build.0 = Debug|Any CPU
		{8ED7A69A-A258-4D9A-B9B8-06BD00B7D8A1}.Release (SQL Server Only)|Any CPU.ActiveCfg = Release|Any CPU
		{8ED7A69A-A258-4D9A-B9B8-06BD00B7D8A1}.Release (SQL Server Only)|Any CPU.Build.0 = Release|Any CPU
		{8ED7A69A-A258-4D9A-B9B8-06BD00B7D8A1}.Release|Any CPU.ActiveCfg = Release|Any CPU
		{8ED7A69A-A258-4D9A-B9B8-06BD00B7D8A1}.Release|Any CPU.Build.0 = Release|Any CPU
		{FBDF16C2-7922-48D5-A043-700BD9A7D494}.Debug (SQL Server Only)|Any CPU.ActiveCfg = Debug|Any CPU
		{FBDF16C2-7922-48D5-A043-700BD9A7D494}.Debug (SQL Server Only)|Any CPU.Build.0 = Debug|Any CPU
		{FBDF16C2-7922-48D5-A043-700BD9A7D494}.Debug|Any CPU.ActiveCfg = Debug|Any CPU
		{FBDF16C2-7922-48D5-A043-700BD9A7D494}.Debug|Any CPU.Build.0 = Debug|Any CPU
		{FBDF16C2-7922-48D5-A043-700BD9A7D494}.Release (SQL Server Only)|Any CPU.ActiveCfg = Release|Any CPU
		{FBDF16C2-7922-48D5-A043-700BD9A7D494}.Release (SQL Server Only)|Any CPU.Build.0 = Release|Any CPU
		{FBDF16C2-7922-48D5-A043-700BD9A7D494}.Release|Any CPU.ActiveCfg = Release|Any CPU
		{FBDF16C2-7922-48D5-A043-700BD9A7D494}.Release|Any CPU.Build.0 = Release|Any CPU
		{CFF942B5-73BE-42A3-86DE-14EF45BEFCF1}.Debug (SQL Server Only)|Any CPU.ActiveCfg = Debug|Any CPU
		{CFF942B5-73BE-42A3-86DE-14EF45BEFCF1}.Debug (SQL Server Only)|Any CPU.Build.0 = Debug|Any CPU
		{CFF942B5-73BE-42A3-86DE-14EF45BEFCF1}.Debug|Any CPU.ActiveCfg = Debug|Any CPU
		{CFF942B5-73BE-42A3-86DE-14EF45BEFCF1}.Debug|Any CPU.Build.0 = Debug|Any CPU
		{CFF942B5-73BE-42A3-86DE-14EF45BEFCF1}.Release (SQL Server Only)|Any CPU.ActiveCfg = Release|Any CPU
		{CFF942B5-73BE-42A3-86DE-14EF45BEFCF1}.Release (SQL Server Only)|Any CPU.Build.0 = Release|Any CPU
		{CFF942B5-73BE-42A3-86DE-14EF45BEFCF1}.Release|Any CPU.ActiveCfg = Release|Any CPU
		{CFF942B5-73BE-42A3-86DE-14EF45BEFCF1}.Release|Any CPU.Build.0 = Release|Any CPU
		{87534C41-8CE5-44A1-9DFB-8881572D8E95}.Debug (SQL Server Only)|Any CPU.ActiveCfg = Debug|Any CPU
		{87534C41-8CE5-44A1-9DFB-8881572D8E95}.Debug (SQL Server Only)|Any CPU.Build.0 = Debug|Any CPU
		{87534C41-8CE5-44A1-9DFB-8881572D8E95}.Debug|Any CPU.ActiveCfg = Debug|Any CPU
		{87534C41-8CE5-44A1-9DFB-8881572D8E95}.Debug|Any CPU.Build.0 = Debug|Any CPU
		{87534C41-8CE5-44A1-9DFB-8881572D8E95}.Release (SQL Server Only)|Any CPU.ActiveCfg = Release|Any CPU
		{87534C41-8CE5-44A1-9DFB-8881572D8E95}.Release (SQL Server Only)|Any CPU.Build.0 = Release|Any CPU
		{87534C41-8CE5-44A1-9DFB-8881572D8E95}.Release|Any CPU.ActiveCfg = Release|Any CPU
		{87534C41-8CE5-44A1-9DFB-8881572D8E95}.Release|Any CPU.Build.0 = Release|Any CPU
		{FFB66694-40EB-49ED-B8EA-B5C0C76B3C1B}.Debug (SQL Server Only)|Any CPU.ActiveCfg = Debug|Any CPU
		{FFB66694-40EB-49ED-B8EA-B5C0C76B3C1B}.Debug (SQL Server Only)|Any CPU.Build.0 = Debug|Any CPU
		{FFB66694-40EB-49ED-B8EA-B5C0C76B3C1B}.Debug|Any CPU.ActiveCfg = Debug|Any CPU
		{FFB66694-40EB-49ED-B8EA-B5C0C76B3C1B}.Debug|Any CPU.Build.0 = Debug|Any CPU
		{FFB66694-40EB-49ED-B8EA-B5C0C76B3C1B}.Release (SQL Server Only)|Any CPU.ActiveCfg = Release|Any CPU
		{FFB66694-40EB-49ED-B8EA-B5C0C76B3C1B}.Release (SQL Server Only)|Any CPU.Build.0 = Release|Any CPU
		{FFB66694-40EB-49ED-B8EA-B5C0C76B3C1B}.Release|Any CPU.ActiveCfg = Release|Any CPU
		{FFB66694-40EB-49ED-B8EA-B5C0C76B3C1B}.Release|Any CPU.Build.0 = Release|Any CPU
		{73A1AAF3-5FED-40C2-934C-DB977CBC6188}.Debug (SQL Server Only)|Any CPU.ActiveCfg = Debug|Any CPU
		{73A1AAF3-5FED-40C2-934C-DB977CBC6188}.Debug (SQL Server Only)|Any CPU.Build.0 = Debug|Any CPU
		{73A1AAF3-5FED-40C2-934C-DB977CBC6188}.Debug|Any CPU.ActiveCfg = Debug|Any CPU
		{73A1AAF3-5FED-40C2-934C-DB977CBC6188}.Debug|Any CPU.Build.0 = Debug|Any CPU
		{73A1AAF3-5FED-40C2-934C-DB977CBC6188}.Release (SQL Server Only)|Any CPU.ActiveCfg = Release|Any CPU
		{73A1AAF3-5FED-40C2-934C-DB977CBC6188}.Release (SQL Server Only)|Any CPU.Build.0 = Release|Any CPU
		{73A1AAF3-5FED-40C2-934C-DB977CBC6188}.Release|Any CPU.ActiveCfg = Release|Any CPU
		{73A1AAF3-5FED-40C2-934C-DB977CBC6188}.Release|Any CPU.Build.0 = Release|Any CPU
		{27827478-D8D8-4D33-BB2F-BE1E23CDDFE5}.Debug (SQL Server Only)|Any CPU.ActiveCfg = Debug|Any CPU
		{27827478-D8D8-4D33-BB2F-BE1E23CDDFE5}.Debug (SQL Server Only)|Any CPU.Build.0 = Debug|Any CPU
		{27827478-D8D8-4D33-BB2F-BE1E23CDDFE5}.Debug|Any CPU.ActiveCfg = Debug|Any CPU
		{27827478-D8D8-4D33-BB2F-BE1E23CDDFE5}.Debug|Any CPU.Build.0 = Debug|Any CPU
		{27827478-D8D8-4D33-BB2F-BE1E23CDDFE5}.Release (SQL Server Only)|Any CPU.ActiveCfg = Release|Any CPU
		{27827478-D8D8-4D33-BB2F-BE1E23CDDFE5}.Release (SQL Server Only)|Any CPU.Build.0 = Release|Any CPU
		{27827478-D8D8-4D33-BB2F-BE1E23CDDFE5}.Release|Any CPU.ActiveCfg = Release|Any CPU
		{27827478-D8D8-4D33-BB2F-BE1E23CDDFE5}.Release|Any CPU.Build.0 = Release|Any CPU
		{0A865A05-C179-46BA-975E-E360E33CD223}.Debug (SQL Server Only)|Any CPU.ActiveCfg = Debug|Any CPU
		{0A865A05-C179-46BA-975E-E360E33CD223}.Debug (SQL Server Only)|Any CPU.Build.0 = Debug|Any CPU
		{0A865A05-C179-46BA-975E-E360E33CD223}.Debug|Any CPU.ActiveCfg = Debug|Any CPU
		{0A865A05-C179-46BA-975E-E360E33CD223}.Debug|Any CPU.Build.0 = Debug|Any CPU
		{0A865A05-C179-46BA-975E-E360E33CD223}.Release (SQL Server Only)|Any CPU.ActiveCfg = Release|Any CPU
		{0A865A05-C179-46BA-975E-E360E33CD223}.Release (SQL Server Only)|Any CPU.Build.0 = Release|Any CPU
		{0A865A05-C179-46BA-975E-E360E33CD223}.Release|Any CPU.ActiveCfg = Release|Any CPU
		{0A865A05-C179-46BA-975E-E360E33CD223}.Release|Any CPU.Build.0 = Release|Any CPU
		{1F6D0871-C3D4-43CF-B6F8-5C53B9A5BF85}.Debug (SQL Server Only)|Any CPU.ActiveCfg = Debug|Any CPU
		{1F6D0871-C3D4-43CF-B6F8-5C53B9A5BF85}.Debug (SQL Server Only)|Any CPU.Build.0 = Debug|Any CPU
		{1F6D0871-C3D4-43CF-B6F8-5C53B9A5BF85}.Debug|Any CPU.ActiveCfg = Debug|Any CPU
		{1F6D0871-C3D4-43CF-B6F8-5C53B9A5BF85}.Debug|Any CPU.Build.0 = Debug|Any CPU
		{1F6D0871-C3D4-43CF-B6F8-5C53B9A5BF85}.Release (SQL Server Only)|Any CPU.ActiveCfg = Release|Any CPU
		{1F6D0871-C3D4-43CF-B6F8-5C53B9A5BF85}.Release (SQL Server Only)|Any CPU.Build.0 = Release|Any CPU
		{1F6D0871-C3D4-43CF-B6F8-5C53B9A5BF85}.Release|Any CPU.ActiveCfg = Release|Any CPU
		{1F6D0871-C3D4-43CF-B6F8-5C53B9A5BF85}.Release|Any CPU.Build.0 = Release|Any CPU
		{379D8363-33F5-4E06-907B-E6190FF487BF}.Debug (SQL Server Only)|Any CPU.ActiveCfg = Debug|Any CPU
		{379D8363-33F5-4E06-907B-E6190FF487BF}.Debug (SQL Server Only)|Any CPU.Build.0 = Debug|Any CPU
		{379D8363-33F5-4E06-907B-E6190FF487BF}.Debug|Any CPU.ActiveCfg = Debug|Any CPU
		{379D8363-33F5-4E06-907B-E6190FF487BF}.Debug|Any CPU.Build.0 = Debug|Any CPU
		{379D8363-33F5-4E06-907B-E6190FF487BF}.Release (SQL Server Only)|Any CPU.ActiveCfg = Release|Any CPU
		{379D8363-33F5-4E06-907B-E6190FF487BF}.Release (SQL Server Only)|Any CPU.Build.0 = Release|Any CPU
		{379D8363-33F5-4E06-907B-E6190FF487BF}.Release|Any CPU.ActiveCfg = Release|Any CPU
		{379D8363-33F5-4E06-907B-E6190FF487BF}.Release|Any CPU.Build.0 = Release|Any CPU
	EndGlobalSection
	GlobalSection(SolutionProperties) = preSolution
		HideSolutionNode = FALSE
	EndGlobalSection
	GlobalSection(NestedProjects) = preSolution
		{4C52F83A-0039-4C8D-94D3-D6547DE9659B} = {32E0F411-376E-4270-8136-3EB9D17D6236}
		{2CE00A6B-C0AC-44AB-B80F-9E58865AD3BD} = {EBEA6A03-5A89-4AE4-93FB-CDA1FCF48C0E}
		{E74E76B7-15A4-44EF-994C-EF75F4E7FBDB} = {EBEA6A03-5A89-4AE4-93FB-CDA1FCF48C0E}
		{8ED7A69A-A258-4D9A-B9B8-06BD00B7D8A1} = {EBEA6A03-5A89-4AE4-93FB-CDA1FCF48C0E}
		{FBDF16C2-7922-48D5-A043-700BD9A7D494} = {EBEA6A03-5A89-4AE4-93FB-CDA1FCF48C0E}
		{B183E2AD-28C4-4C7E-968A-BC64CE79D6E0} = {EBEA6A03-5A89-4AE4-93FB-CDA1FCF48C0E}
		{FFB66694-40EB-49ED-B8EA-B5C0C76B3C1B} = {EBEA6A03-5A89-4AE4-93FB-CDA1FCF48C0E}
		{73A1AAF3-5FED-40C2-934C-DB977CBC6188} = {EBEA6A03-5A89-4AE4-93FB-CDA1FCF48C0E}
		{DCDBF3EE-D932-4713-9A47-2693C0C7BEF4} = {AC2213B5-7971-4C8D-B097-F4018319A926}
		{1415CB37-0EDB-4645-AA7E-5CE82DF82721} = {AAE2987B-6AE3-46CD-A2BB-7C0BE51FA11B}
		{33A1B8C5-B37D-423E-B7FD-83CE1EC1D442} = {2BD7A34E-9949-4D3D-8DE6-9BCFE2443503}
		{A4D0820E-3529-4CB9-BA5F-B2824BFEEC97} = {2BD7A34E-9949-4D3D-8DE6-9BCFE2443503}
		{EDD7540E-B6B0-4FC4-AC04-16A89C187308} = {2BD7A34E-9949-4D3D-8DE6-9BCFE2443503}
		{C6B80724-C185-4AD9-B13F-805849413533} = {2BD7A34E-9949-4D3D-8DE6-9BCFE2443503}
		{87534C41-8CE5-44A1-9DFB-8881572D8E95} = {2BD7A34E-9949-4D3D-8DE6-9BCFE2443503}
		{1F6D0871-C3D4-43CF-B6F8-5C53B9A5BF85} = {2BD7A34E-9949-4D3D-8DE6-9BCFE2443503}
		{C2776F02-C5E2-42BA-B4B0-147625B90A18} = {E7B0A1B6-18DD-46B4-B2C3-BDD921E8FD91}
		{EE4A10E7-92C3-4EAC-B6DF-5DA1C26F4D1D} = {E7B0A1B6-18DD-46B4-B2C3-BDD921E8FD91}
		{ACCE6D59-0AA7-4353-850E-1B78E16B3074} = {E7B0A1B6-18DD-46B4-B2C3-BDD921E8FD91}
		{23BB4972-325C-40D8-96F6-EB8A60676D63} = {E7B0A1B6-18DD-46B4-B2C3-BDD921E8FD91}
		{B6B1FCF3-F2BA-445E-9041-5100733EFD20} = {E7B0A1B6-18DD-46B4-B2C3-BDD921E8FD91}
		{CFF942B5-73BE-42A3-86DE-14EF45BEFCF1} = {E7B0A1B6-18DD-46B4-B2C3-BDD921E8FD91}
		{0A865A05-C179-46BA-975E-E360E33CD223} = {E7B0A1B6-18DD-46B4-B2C3-BDD921E8FD91}
		{379D8363-33F5-4E06-907B-E6190FF487BF} = {18B1BC41-E83B-4219-900F-F506BC678C45}
		{27827478-D8D8-4D33-BB2F-BE1E23CDDFE5} = {E78004FC-8A69-4996-B8CE-65F572DD3958}
	EndGlobalSection
EndGlobal
