
Microsoft Visual Studio Solution File, Format Version 12.00
# Visual Studio 2013
VisualStudioVersion = 12.0.21005.1
MinimumVisualStudioVersion = 10.0.40219.1
Project("{FAE04EC0-301F-11D3-BF4B-00C04F79EFBC}") = "SOS.FOS.MonitoringStationServices", "SOS.FOS.MonitoringStationServices\SOS.FOS.MonitoringStationServices.csproj", "{8ED7A69A-A258-4D9A-B9B8-06BD00B7D8A1}"
EndProject
Project("{2150E333-8FDC-42A3-9474-1A3956D46DE8}") = "FOS", "FOS", "{0DEAECEA-8A13-4A58-BD7C-88EE28EF06E4}"
EndProject
Project("{2150E333-8FDC-42A3-9474-1A3956D46DE8}") = "Unit Tests", "Unit Tests", "{40CBBDD9-1F95-48D8-B077-99FA614F3798}"
EndProject
Project("{FAE04EC0-301F-11D3-BF4B-00C04F79EFBC}") = "SOS.FOS.MonitoringStationServicesUT", "SOS.FOS.MonitoringStationServicesUT\SOS.FOS.MonitoringStationServicesUT.csproj", "{FBDF16C2-7922-48D5-A043-700BD9A7D494}"
EndProject
Project("{2150E333-8FDC-42A3-9474-1A3956D46DE8}") = "Lib", "Lib", "{9E5C0F21-AEB3-44D7-98F9-C07A29734CE8}"
EndProject
Project("{FAE04EC0-301F-11D3-BF4B-00C04F79EFBC}") = "SOS.Lib.Util", "..\Lib\SOS.Lib.Util\SOS.Lib.Util.csproj", "{33A1B8C5-B37D-423E-B7FD-83CE1EC1D442}"
EndProject
Project("{FAE04EC0-301F-11D3-BF4B-00C04F79EFBC}") = "SOS.Lib.Core", "..\Lib\SOS.Lib.Core\SOS.Lib.Core.csproj", "{A4D0820E-3529-4CB9-BA5F-B2824BFEEC97}"
EndProject
Project("{FAE04EC0-301F-11D3-BF4B-00C04F79EFBC}") = "SubSonic", "..\Data\SubSonic\SubSonic.csproj", "{EE4A10E7-92C3-4EAC-B6DF-5DA1C26F4D1D}"
EndProject
Project("{2150E333-8FDC-42A3-9474-1A3956D46DE8}") = "Data", "Data", "{C9B07281-AC03-43CE-9C0D-9119632F3882}"
EndProject
Project("{FAE04EC0-301F-11D3-BF4B-00C04F79EFBC}") = "SOS.FOS.ReceiverEngineServices", "SOS.FOS.ReceiverEngineServices\SOS.FOS.ReceiverEngineServices.csproj", "{B13BBD04-84C7-4500-8A67-D7A9B8BCAA85}"
EndProject
Project("{FAE04EC0-301F-11D3-BF4B-00C04F79EFBC}") = "SOS.Data.ReceiverEngine", "..\Data\SOS.Data.ReceiverEngine\SOS.Data.ReceiverEngine.csproj", "{68D5722B-45B2-4B9A-BA7C-BFCFCC001D83}"
EndProject
Project("{FAE04EC0-301F-11D3-BF4B-00C04F79EFBC}") = "SOS.Data", "..\Data\SOS.Data\SOS.Data.csproj", "{C2776F02-C5E2-42BA-B4B0-147625B90A18}"
EndProject
Project("{FAE04EC0-301F-11D3-BF4B-00C04F79EFBC}") = "NSE.FOS", "NSE.FOS\NSE.FOS.csproj", "{40BA5B01-7D6E-4726-A58A-0CF2BC4E4CCB}"
EndProject
Project("{FAE04EC0-301F-11D3-BF4B-00C04F79EFBC}") = "SOS.Data.SosCrm", "..\Data\SOS.Data.SosCrm\SOS.Data.SosCrm.csproj", "{23BB4972-325C-40D8-96F6-EB8A60676D63}"
EndProject
Project("{FAE04EC0-301F-11D3-BF4B-00C04F79EFBC}") = "SOS.Data.AuthenticationControl", "..\Data\SOS.Data.AuthenticationControl\SOS.Data.AuthenticationControl.csproj", "{ACCE6D59-0AA7-4353-850E-1B78E16B3074}"
EndProject
Project("{FAE04EC0-301F-11D3-BF4B-00C04F79EFBC}") = "SOS.Data.Logging", "..\Data\SOS.Data.Logging\SOS.Data.Logging.csproj", "{B6B1FCF3-F2BA-445E-9041-5100733EFD20}"
EndProject
Project("{FAE04EC0-301F-11D3-BF4B-00C04F79EFBC}") = "SOS.FunctionalServices", "SOS.FunctionalServices\SOS.FunctionalServices.csproj", "{2CE00A6B-C0AC-44AB-B80F-9E58865AD3BD}"
EndProject
Project("{FAE04EC0-301F-11D3-BF4B-00C04F79EFBC}") = "SOS.FunctionalServices.Contracts", "SOS.FunctionalServices.Contracts\SOS.FunctionalServices.Contracts.csproj", "{4C52F83A-0039-4C8D-94D3-D6547DE9659B}"
EndProject
Project("{FAE04EC0-301F-11D3-BF4B-00C04F79EFBC}") = "NSE.FOS.RunCreditServices", "NSE.FOS.RunCreditServices\NSE.FOS.RunCreditServices.csproj", "{E25CA946-9DCD-4D2E-9378-DACB77EE82AA}"
EndProject
Project("{FAE04EC0-301F-11D3-BF4B-00C04F79EFBC}") = "NSE.Lib.Abara", "..\Lib\NSE.Lib.Abara\NSE.Lib.Abara.csproj", "{9685F421-DAF9-4806-A726-63A58FF4704E}"
EndProject
Project("{FAE04EC0-301F-11D3-BF4B-00C04F79EFBC}") = "BCrypt.Net", "..\Lib\bcrypt\BCrypt.Net\BCrypt.Net.csproj", "{517CBAB6-A48C-4068-9042-57DB2793BF50}"
EndProject
Project("{FAE04EC0-301F-11D3-BF4B-00C04F79EFBC}") = "NSE.Lib.Microbilt", "..\Lib\NSE.Lib.Microbilt\NSE.Lib.Microbilt.csproj", "{E4D05580-1BC3-46D5-9DB1-573157BED512}"
EndProject
Project("{FAE04EC0-301F-11D3-BF4B-00C04F79EFBC}") = "SOS.Lib.KW621API", "..\Lib\SOS.Lib.KW621API\SOS.Lib.KW621API.csproj", "{07704E83-62CD-41E3-B177-15A3A76C2814}"
EndProject
Project("{FAE04EC0-301F-11D3-BF4B-00C04F79EFBC}") = "SOS.Lib.LaipacAPI", "..\Lib\SOS.Lib.LaipacAPI\SOS.Lib.LaipacAPI.csproj", "{7553C22A-3ABB-495E-BFDA-F3673195A3A2}"
EndProject
Project("{FAE04EC0-301F-11D3-BF4B-00C04F79EFBC}") = "SSE.Lib.Interfaces", "..\Lib\SSE.Lib.Interfaces\SSE.Lib.Interfaces.csproj", "{049707C3-442A-4E23-BEE1-CC379B9D3901}"
EndProject
Project("{FAE04EC0-301F-11D3-BF4B-00C04F79EFBC}") = "SSE.Lib.SseGpsDeviceAPI", "..\Lib\SSE.Lib.SseGpsDeviceAPI\SSE.Lib.SseGpsDeviceAPI.csproj", "{D9EB376D-2BEA-4EC6-A0FE-79A9CDF0E54A}"
EndProject
Project("{FAE04EC0-301F-11D3-BF4B-00C04F79EFBC}") = "SSE.FOS.AddressVerification", "SSE.FOS.AddressVerification\SSE.FOS.AddressVerification.csproj", "{EB0CD70F-7BE6-4C74-92F9-2F74A34FF6ED}"
EndProject
Project("{FAE04EC0-301F-11D3-BF4B-00C04F79EFBC}") = "SOS.FOS.CellStation", "SOS.FOS.CellStation\SOS.FOS.CellStation.csproj", "{0992E344-2BB8-4E0D-B9A6-92CA0A9353F4}"
EndProject
Project("{FAE04EC0-301F-11D3-BF4B-00C04F79EFBC}") = "SOS.FOS.MerchantServices", "SOS.FOS.MerchantServices\SOS.FOS.MerchantServices.csproj", "{FFB66694-40EB-49ED-B8EA-B5C0C76B3C1B}"
EndProject
Project("{FAE04EC0-301F-11D3-BF4B-00C04F79EFBC}") = "SOS.Data.GpsTracking", "..\Data\SOS.Data.GpsTracking\SOS.Data.GpsTracking.csproj", "{0A865A05-C179-46BA-975E-E360E33CD223}"
EndProject
Project("{FAE04EC0-301F-11D3-BF4B-00C04F79EFBC}") = "SOS.Data.HumanResource", "..\Data\SOS.Data.HumanResource\SOS.Data.HumanResource.csproj", "{CFF942B5-73BE-42A3-86DE-14EF45BEFCF1}"
EndProject
Project("{FAE04EC0-301F-11D3-BF4B-00C04F79EFBC}") = "SSE.Data.SurveyEngine", "..\Data\SSE.Data.SurveyEngine\SSE.Data.SurveyEngine.csproj", "{6DB56BA6-5E04-4D12-A424-2B3E5E51AA0C}"
EndProject
Project("{FAE04EC0-301F-11D3-BF4B-00C04F79EFBC}") = "SOS.Lib.AuthorizeNet", "..\Lib\SOS.Lib.AuthorizeNet\SOS.Lib.AuthorizeNet.csproj", "{87534C41-8CE5-44A1-9DFB-8881572D8E95}"
EndProject
Project("{2150E333-8FDC-42A3-9474-1A3956D46DE8}") = "Logic", "Logic", "{3A9F0784-8EDD-4CC1-8C29-79CCCC7FECFD}"
EndProject
Project("{FAE04EC0-301F-11D3-BF4B-00C04F79EFBC}") = "NXS.Logic.MonitoringStations", "..\Logic\NXS.Logic.MonitoringStations\NXS.Logic.MonitoringStations\NXS.Logic.MonitoringStations.csproj", "{3079255E-A811-4408-A00E-614F11E90E36}"
EndProject
Project("{FAE04EC0-301F-11D3-BF4B-00C04F79EFBC}") = "NXS.Logic.MonitoringStationsUT", "..\Logic\NXS.Logic.MonitoringStations\NXS.Logic.MonitoringStationsUT\NXS.Logic.MonitoringStationsUT.csproj", "{83263061-39BD-4E29-8742-3B933DE19162}"
EndProject
Global
	GlobalSection(SolutionConfigurationPlatforms) = preSolution
		Debug (SQL Server Only)|Any CPU = Debug (SQL Server Only)|Any CPU
		Debug|Any CPU = Debug|Any CPU
		Release (SQL Server Only)|Any CPU = Release (SQL Server Only)|Any CPU
		Release|Any CPU = Release|Any CPU
	EndGlobalSection
	GlobalSection(ProjectConfigurationPlatforms) = postSolution
		{8ED7A69A-A258-4D9A-B9B8-06BD00B7D8A1}.Debug (SQL Server Only)|Any CPU.ActiveCfg = Debug|Any CPU
		{8ED7A69A-A258-4D9A-B9B8-06BD00B7D8A1}.Debug (SQL Server Only)|Any CPU.Build.0 = Debug|Any CPU
		{8ED7A69A-A258-4D9A-B9B8-06BD00B7D8A1}.Debug|Any CPU.ActiveCfg = Debug|Any CPU
		{8ED7A69A-A258-4D9A-B9B8-06BD00B7D8A1}.Debug|Any CPU.Build.0 = Debug|Any CPU
		{8ED7A69A-A258-4D9A-B9B8-06BD00B7D8A1}.Release (SQL Server Only)|Any CPU.ActiveCfg = Release|Any CPU
		{8ED7A69A-A258-4D9A-B9B8-06BD00B7D8A1}.Release (SQL Server Only)|Any CPU.Build.0 = Release|Any CPU
		{8ED7A69A-A258-4D9A-B9B8-06BD00B7D8A1}.Release|Any CPU.ActiveCfg = Release|Any CPU
		{8ED7A69A-A258-4D9A-B9B8-06BD00B7D8A1}.Release|Any CPU.Build.0 = Release|Any CPU
		{FBDF16C2-7922-48D5-A043-700BD9A7D494}.Debug (SQL Server Only)|Any CPU.ActiveCfg = Debug|Any CPU
		{FBDF16C2-7922-48D5-A043-700BD9A7D494}.Debug (SQL Server Only)|Any CPU.Build.0 = Debug|Any CPU
		{FBDF16C2-7922-48D5-A043-700BD9A7D494}.Debug|Any CPU.ActiveCfg = Debug|Any CPU
		{FBDF16C2-7922-48D5-A043-700BD9A7D494}.Debug|Any CPU.Build.0 = Debug|Any CPU
		{FBDF16C2-7922-48D5-A043-700BD9A7D494}.Release (SQL Server Only)|Any CPU.ActiveCfg = Release|Any CPU
		{FBDF16C2-7922-48D5-A043-700BD9A7D494}.Release (SQL Server Only)|Any CPU.Build.0 = Release|Any CPU
		{FBDF16C2-7922-48D5-A043-700BD9A7D494}.Release|Any CPU.ActiveCfg = Release|Any CPU
		{FBDF16C2-7922-48D5-A043-700BD9A7D494}.Release|Any CPU.Build.0 = Release|Any CPU
		{33A1B8C5-B37D-423E-B7FD-83CE1EC1D442}.Debug (SQL Server Only)|Any CPU.ActiveCfg = Debug|Any CPU
		{33A1B8C5-B37D-423E-B7FD-83CE1EC1D442}.Debug (SQL Server Only)|Any CPU.Build.0 = Debug|Any CPU
		{33A1B8C5-B37D-423E-B7FD-83CE1EC1D442}.Debug|Any CPU.ActiveCfg = Debug|Any CPU
		{33A1B8C5-B37D-423E-B7FD-83CE1EC1D442}.Debug|Any CPU.Build.0 = Debug|Any CPU
		{33A1B8C5-B37D-423E-B7FD-83CE1EC1D442}.Release (SQL Server Only)|Any CPU.ActiveCfg = Release|Any CPU
		{33A1B8C5-B37D-423E-B7FD-83CE1EC1D442}.Release (SQL Server Only)|Any CPU.Build.0 = Release|Any CPU
		{33A1B8C5-B37D-423E-B7FD-83CE1EC1D442}.Release|Any CPU.ActiveCfg = Release|Any CPU
		{33A1B8C5-B37D-423E-B7FD-83CE1EC1D442}.Release|Any CPU.Build.0 = Release|Any CPU
		{A4D0820E-3529-4CB9-BA5F-B2824BFEEC97}.Debug (SQL Server Only)|Any CPU.ActiveCfg = Debug|Any CPU
		{A4D0820E-3529-4CB9-BA5F-B2824BFEEC97}.Debug (SQL Server Only)|Any CPU.Build.0 = Debug|Any CPU
		{A4D0820E-3529-4CB9-BA5F-B2824BFEEC97}.Debug|Any CPU.ActiveCfg = Debug|Any CPU
		{A4D0820E-3529-4CB9-BA5F-B2824BFEEC97}.Debug|Any CPU.Build.0 = Debug|Any CPU
		{A4D0820E-3529-4CB9-BA5F-B2824BFEEC97}.Release (SQL Server Only)|Any CPU.ActiveCfg = Release|Any CPU
		{A4D0820E-3529-4CB9-BA5F-B2824BFEEC97}.Release (SQL Server Only)|Any CPU.Build.0 = Release|Any CPU
		{A4D0820E-3529-4CB9-BA5F-B2824BFEEC97}.Release|Any CPU.ActiveCfg = Release|Any CPU
		{A4D0820E-3529-4CB9-BA5F-B2824BFEEC97}.Release|Any CPU.Build.0 = Release|Any CPU
		{EE4A10E7-92C3-4EAC-B6DF-5DA1C26F4D1D}.Debug (SQL Server Only)|Any CPU.ActiveCfg = Debug (SQL Server Only)|Any CPU
		{EE4A10E7-92C3-4EAC-B6DF-5DA1C26F4D1D}.Debug (SQL Server Only)|Any CPU.Build.0 = Debug (SQL Server Only)|Any CPU
		{EE4A10E7-92C3-4EAC-B6DF-5DA1C26F4D1D}.Debug|Any CPU.ActiveCfg = Debug|Any CPU
		{EE4A10E7-92C3-4EAC-B6DF-5DA1C26F4D1D}.Debug|Any CPU.Build.0 = Debug|Any CPU
		{EE4A10E7-92C3-4EAC-B6DF-5DA1C26F4D1D}.Release (SQL Server Only)|Any CPU.ActiveCfg = Release (SQL Server Only)|Any CPU
		{EE4A10E7-92C3-4EAC-B6DF-5DA1C26F4D1D}.Release (SQL Server Only)|Any CPU.Build.0 = Release (SQL Server Only)|Any CPU
		{EE4A10E7-92C3-4EAC-B6DF-5DA1C26F4D1D}.Release|Any CPU.ActiveCfg = Release|Any CPU
		{EE4A10E7-92C3-4EAC-B6DF-5DA1C26F4D1D}.Release|Any CPU.Build.0 = Release|Any CPU
		{B13BBD04-84C7-4500-8A67-D7A9B8BCAA85}.Debug (SQL Server Only)|Any CPU.ActiveCfg = Debug|Any CPU
		{B13BBD04-84C7-4500-8A67-D7A9B8BCAA85}.Debug (SQL Server Only)|Any CPU.Build.0 = Debug|Any CPU
		{B13BBD04-84C7-4500-8A67-D7A9B8BCAA85}.Debug|Any CPU.ActiveCfg = Debug|Any CPU
		{B13BBD04-84C7-4500-8A67-D7A9B8BCAA85}.Debug|Any CPU.Build.0 = Debug|Any CPU
		{B13BBD04-84C7-4500-8A67-D7A9B8BCAA85}.Release (SQL Server Only)|Any CPU.ActiveCfg = Release|Any CPU
		{B13BBD04-84C7-4500-8A67-D7A9B8BCAA85}.Release (SQL Server Only)|Any CPU.Build.0 = Release|Any CPU
		{B13BBD04-84C7-4500-8A67-D7A9B8BCAA85}.Release|Any CPU.ActiveCfg = Release|Any CPU
		{B13BBD04-84C7-4500-8A67-D7A9B8BCAA85}.Release|Any CPU.Build.0 = Release|Any CPU
		{68D5722B-45B2-4B9A-BA7C-BFCFCC001D83}.Debug (SQL Server Only)|Any CPU.ActiveCfg = Debug|Any CPU
		{68D5722B-45B2-4B9A-BA7C-BFCFCC001D83}.Debug (SQL Server Only)|Any CPU.Build.0 = Debug|Any CPU
		{68D5722B-45B2-4B9A-BA7C-BFCFCC001D83}.Debug|Any CPU.ActiveCfg = Debug|Any CPU
		{68D5722B-45B2-4B9A-BA7C-BFCFCC001D83}.Debug|Any CPU.Build.0 = Debug|Any CPU
		{68D5722B-45B2-4B9A-BA7C-BFCFCC001D83}.Release (SQL Server Only)|Any CPU.ActiveCfg = Release|Any CPU
		{68D5722B-45B2-4B9A-BA7C-BFCFCC001D83}.Release (SQL Server Only)|Any CPU.Build.0 = Release|Any CPU
		{68D5722B-45B2-4B9A-BA7C-BFCFCC001D83}.Release|Any CPU.ActiveCfg = Release|Any CPU
		{68D5722B-45B2-4B9A-BA7C-BFCFCC001D83}.Release|Any CPU.Build.0 = Release|Any CPU
		{C2776F02-C5E2-42BA-B4B0-147625B90A18}.Debug (SQL Server Only)|Any CPU.ActiveCfg = Debug|Any CPU
		{C2776F02-C5E2-42BA-B4B0-147625B90A18}.Debug (SQL Server Only)|Any CPU.Build.0 = Debug|Any CPU
		{C2776F02-C5E2-42BA-B4B0-147625B90A18}.Debug|Any CPU.ActiveCfg = Debug|Any CPU
		{C2776F02-C5E2-42BA-B4B0-147625B90A18}.Debug|Any CPU.Build.0 = Debug|Any CPU
		{C2776F02-C5E2-42BA-B4B0-147625B90A18}.Release (SQL Server Only)|Any CPU.ActiveCfg = Release|Any CPU
		{C2776F02-C5E2-42BA-B4B0-147625B90A18}.Release (SQL Server Only)|Any CPU.Build.0 = Release|Any CPU
		{C2776F02-C5E2-42BA-B4B0-147625B90A18}.Release|Any CPU.ActiveCfg = Release|Any CPU
		{C2776F02-C5E2-42BA-B4B0-147625B90A18}.Release|Any CPU.Build.0 = Release|Any CPU
		{40BA5B01-7D6E-4726-A58A-0CF2BC4E4CCB}.Debug (SQL Server Only)|Any CPU.ActiveCfg = Debug|Any CPU
		{40BA5B01-7D6E-4726-A58A-0CF2BC4E4CCB}.Debug (SQL Server Only)|Any CPU.Build.0 = Debug|Any CPU
		{40BA5B01-7D6E-4726-A58A-0CF2BC4E4CCB}.Debug|Any CPU.ActiveCfg = Debug|Any CPU
		{40BA5B01-7D6E-4726-A58A-0CF2BC4E4CCB}.Debug|Any CPU.Build.0 = Debug|Any CPU
		{40BA5B01-7D6E-4726-A58A-0CF2BC4E4CCB}.Release (SQL Server Only)|Any CPU.ActiveCfg = Release|Any CPU
		{40BA5B01-7D6E-4726-A58A-0CF2BC4E4CCB}.Release (SQL Server Only)|Any CPU.Build.0 = Release|Any CPU
		{40BA5B01-7D6E-4726-A58A-0CF2BC4E4CCB}.Release|Any CPU.ActiveCfg = Release|Any CPU
		{40BA5B01-7D6E-4726-A58A-0CF2BC4E4CCB}.Release|Any CPU.Build.0 = Release|Any CPU
		{23BB4972-325C-40D8-96F6-EB8A60676D63}.Debug (SQL Server Only)|Any CPU.ActiveCfg = Debug|Any CPU
		{23BB4972-325C-40D8-96F6-EB8A60676D63}.Debug (SQL Server Only)|Any CPU.Build.0 = Debug|Any CPU
		{23BB4972-325C-40D8-96F6-EB8A60676D63}.Debug|Any CPU.ActiveCfg = Debug|Any CPU
		{23BB4972-325C-40D8-96F6-EB8A60676D63}.Debug|Any CPU.Build.0 = Debug|Any CPU
		{23BB4972-325C-40D8-96F6-EB8A60676D63}.Release (SQL Server Only)|Any CPU.ActiveCfg = Release|Any CPU
		{23BB4972-325C-40D8-96F6-EB8A60676D63}.Release (SQL Server Only)|Any CPU.Build.0 = Release|Any CPU
		{23BB4972-325C-40D8-96F6-EB8A60676D63}.Release|Any CPU.ActiveCfg = Release|Any CPU
		{23BB4972-325C-40D8-96F6-EB8A60676D63}.Release|Any CPU.Build.0 = Release|Any CPU
		{ACCE6D59-0AA7-4353-850E-1B78E16B3074}.Debug (SQL Server Only)|Any CPU.ActiveCfg = Debug|Any CPU
		{ACCE6D59-0AA7-4353-850E-1B78E16B3074}.Debug (SQL Server Only)|Any CPU.Build.0 = Debug|Any CPU
		{ACCE6D59-0AA7-4353-850E-1B78E16B3074}.Debug|Any CPU.ActiveCfg = Debug|Any CPU
		{ACCE6D59-0AA7-4353-850E-1B78E16B3074}.Debug|Any CPU.Build.0 = Debug|Any CPU
		{ACCE6D59-0AA7-4353-850E-1B78E16B3074}.Release (SQL Server Only)|Any CPU.ActiveCfg = Release|Any CPU
		{ACCE6D59-0AA7-4353-850E-1B78E16B3074}.Release (SQL Server Only)|Any CPU.Build.0 = Release|Any CPU
		{ACCE6D59-0AA7-4353-850E-1B78E16B3074}.Release|Any CPU.ActiveCfg = Release|Any CPU
		{ACCE6D59-0AA7-4353-850E-1B78E16B3074}.Release|Any CPU.Build.0 = Release|Any CPU
		{B6B1FCF3-F2BA-445E-9041-5100733EFD20}.Debug (SQL Server Only)|Any CPU.ActiveCfg = Debug|Any CPU
		{B6B1FCF3-F2BA-445E-9041-5100733EFD20}.Debug (SQL Server Only)|Any CPU.Build.0 = Debug|Any CPU
		{B6B1FCF3-F2BA-445E-9041-5100733EFD20}.Debug|Any CPU.ActiveCfg = Debug|Any CPU
		{B6B1FCF3-F2BA-445E-9041-5100733EFD20}.Debug|Any CPU.Build.0 = Debug|Any CPU
		{B6B1FCF3-F2BA-445E-9041-5100733EFD20}.Release (SQL Server Only)|Any CPU.ActiveCfg = Release|Any CPU
		{B6B1FCF3-F2BA-445E-9041-5100733EFD20}.Release (SQL Server Only)|Any CPU.Build.0 = Release|Any CPU
		{B6B1FCF3-F2BA-445E-9041-5100733EFD20}.Release|Any CPU.ActiveCfg = Release|Any CPU
		{B6B1FCF3-F2BA-445E-9041-5100733EFD20}.Release|Any CPU.Build.0 = Release|Any CPU
		{2CE00A6B-C0AC-44AB-B80F-9E58865AD3BD}.Debug (SQL Server Only)|Any CPU.ActiveCfg = Debug|Any CPU
		{2CE00A6B-C0AC-44AB-B80F-9E58865AD3BD}.Debug (SQL Server Only)|Any CPU.Build.0 = Debug|Any CPU
		{2CE00A6B-C0AC-44AB-B80F-9E58865AD3BD}.Debug|Any CPU.ActiveCfg = Debug|Any CPU
		{2CE00A6B-C0AC-44AB-B80F-9E58865AD3BD}.Debug|Any CPU.Build.0 = Debug|Any CPU
		{2CE00A6B-C0AC-44AB-B80F-9E58865AD3BD}.Release (SQL Server Only)|Any CPU.ActiveCfg = Release|Any CPU
		{2CE00A6B-C0AC-44AB-B80F-9E58865AD3BD}.Release (SQL Server Only)|Any CPU.Build.0 = Release|Any CPU
		{2CE00A6B-C0AC-44AB-B80F-9E58865AD3BD}.Release|Any CPU.ActiveCfg = Release|Any CPU
		{2CE00A6B-C0AC-44AB-B80F-9E58865AD3BD}.Release|Any CPU.Build.0 = Release|Any CPU
		{4C52F83A-0039-4C8D-94D3-D6547DE9659B}.Debug (SQL Server Only)|Any CPU.ActiveCfg = Debug|Any CPU
		{4C52F83A-0039-4C8D-94D3-D6547DE9659B}.Debug (SQL Server Only)|Any CPU.Build.0 = Debug|Any CPU
		{4C52F83A-0039-4C8D-94D3-D6547DE9659B}.Debug|Any CPU.ActiveCfg = Debug|Any CPU
		{4C52F83A-0039-4C8D-94D3-D6547DE9659B}.Debug|Any CPU.Build.0 = Debug|Any CPU
		{4C52F83A-0039-4C8D-94D3-D6547DE9659B}.Release (SQL Server Only)|Any CPU.ActiveCfg = Release|Any CPU
		{4C52F83A-0039-4C8D-94D3-D6547DE9659B}.Release (SQL Server Only)|Any CPU.Build.0 = Release|Any CPU
		{4C52F83A-0039-4C8D-94D3-D6547DE9659B}.Release|Any CPU.ActiveCfg = Release|Any CPU
		{4C52F83A-0039-4C8D-94D3-D6547DE9659B}.Release|Any CPU.Build.0 = Release|Any CPU
		{E25CA946-9DCD-4D2E-9378-DACB77EE82AA}.Debug (SQL Server Only)|Any CPU.ActiveCfg = Debug|Any CPU
		{E25CA946-9DCD-4D2E-9378-DACB77EE82AA}.Debug (SQL Server Only)|Any CPU.Build.0 = Debug|Any CPU
		{E25CA946-9DCD-4D2E-9378-DACB77EE82AA}.Debug|Any CPU.ActiveCfg = Debug|Any CPU
		{E25CA946-9DCD-4D2E-9378-DACB77EE82AA}.Debug|Any CPU.Build.0 = Debug|Any CPU
		{E25CA946-9DCD-4D2E-9378-DACB77EE82AA}.Release (SQL Server Only)|Any CPU.ActiveCfg = Release|Any CPU
		{E25CA946-9DCD-4D2E-9378-DACB77EE82AA}.Release (SQL Server Only)|Any CPU.Build.0 = Release|Any CPU
		{E25CA946-9DCD-4D2E-9378-DACB77EE82AA}.Release|Any CPU.ActiveCfg = Release|Any CPU
		{E25CA946-9DCD-4D2E-9378-DACB77EE82AA}.Release|Any CPU.Build.0 = Release|Any CPU
		{9685F421-DAF9-4806-A726-63A58FF4704E}.Debug (SQL Server Only)|Any CPU.ActiveCfg = Debug|Any CPU
		{9685F421-DAF9-4806-A726-63A58FF4704E}.Debug (SQL Server Only)|Any CPU.Build.0 = Debug|Any CPU
		{9685F421-DAF9-4806-A726-63A58FF4704E}.Debug|Any CPU.ActiveCfg = Debug|Any CPU
		{9685F421-DAF9-4806-A726-63A58FF4704E}.Debug|Any CPU.Build.0 = Debug|Any CPU
		{9685F421-DAF9-4806-A726-63A58FF4704E}.Release (SQL Server Only)|Any CPU.ActiveCfg = Release|Any CPU
		{9685F421-DAF9-4806-A726-63A58FF4704E}.Release (SQL Server Only)|Any CPU.Build.0 = Release|Any CPU
		{9685F421-DAF9-4806-A726-63A58FF4704E}.Release|Any CPU.ActiveCfg = Release|Any CPU
		{9685F421-DAF9-4806-A726-63A58FF4704E}.Release|Any CPU.Build.0 = Release|Any CPU
		{517CBAB6-A48C-4068-9042-57DB2793BF50}.Debug (SQL Server Only)|Any CPU.ActiveCfg = Debug|Any CPU
		{517CBAB6-A48C-4068-9042-57DB2793BF50}.Debug (SQL Server Only)|Any CPU.Build.0 = Debug|Any CPU
		{517CBAB6-A48C-4068-9042-57DB2793BF50}.Debug|Any CPU.ActiveCfg = Debug|Any CPU
		{517CBAB6-A48C-4068-9042-57DB2793BF50}.Debug|Any CPU.Build.0 = Debug|Any CPU
		{517CBAB6-A48C-4068-9042-57DB2793BF50}.Release (SQL Server Only)|Any CPU.ActiveCfg = Release|Any CPU
		{517CBAB6-A48C-4068-9042-57DB2793BF50}.Release (SQL Server Only)|Any CPU.Build.0 = Release|Any CPU
		{517CBAB6-A48C-4068-9042-57DB2793BF50}.Release|Any CPU.ActiveCfg = Release|Any CPU
		{517CBAB6-A48C-4068-9042-57DB2793BF50}.Release|Any CPU.Build.0 = Release|Any CPU
		{E4D05580-1BC3-46D5-9DB1-573157BED512}.Debug (SQL Server Only)|Any CPU.ActiveCfg = Debug|Any CPU
		{E4D05580-1BC3-46D5-9DB1-573157BED512}.Debug (SQL Server Only)|Any CPU.Build.0 = Debug|Any CPU
		{E4D05580-1BC3-46D5-9DB1-573157BED512}.Debug|Any CPU.ActiveCfg = Debug|Any CPU
		{E4D05580-1BC3-46D5-9DB1-573157BED512}.Debug|Any CPU.Build.0 = Debug|Any CPU
		{E4D05580-1BC3-46D5-9DB1-573157BED512}.Release (SQL Server Only)|Any CPU.ActiveCfg = Release|Any CPU
		{E4D05580-1BC3-46D5-9DB1-573157BED512}.Release (SQL Server Only)|Any CPU.Build.0 = Release|Any CPU
		{E4D05580-1BC3-46D5-9DB1-573157BED512}.Release|Any CPU.ActiveCfg = Release|Any CPU
		{E4D05580-1BC3-46D5-9DB1-573157BED512}.Release|Any CPU.Build.0 = Release|Any CPU
		{07704E83-62CD-41E3-B177-15A3A76C2814}.Debug (SQL Server Only)|Any CPU.ActiveCfg = Debug|Any CPU
		{07704E83-62CD-41E3-B177-15A3A76C2814}.Debug (SQL Server Only)|Any CPU.Build.0 = Debug|Any CPU
		{07704E83-62CD-41E3-B177-15A3A76C2814}.Debug|Any CPU.ActiveCfg = Debug|Any CPU
		{07704E83-62CD-41E3-B177-15A3A76C2814}.Debug|Any CPU.Build.0 = Debug|Any CPU
		{07704E83-62CD-41E3-B177-15A3A76C2814}.Release (SQL Server Only)|Any CPU.ActiveCfg = Release|Any CPU
		{07704E83-62CD-41E3-B177-15A3A76C2814}.Release (SQL Server Only)|Any CPU.Build.0 = Release|Any CPU
		{07704E83-62CD-41E3-B177-15A3A76C2814}.Release|Any CPU.ActiveCfg = Release|Any CPU
		{07704E83-62CD-41E3-B177-15A3A76C2814}.Release|Any CPU.Build.0 = Release|Any CPU
		{7553C22A-3ABB-495E-BFDA-F3673195A3A2}.Debug (SQL Server Only)|Any CPU.ActiveCfg = Debug|Any CPU
		{7553C22A-3ABB-495E-BFDA-F3673195A3A2}.Debug (SQL Server Only)|Any CPU.Build.0 = Debug|Any CPU
		{7553C22A-3ABB-495E-BFDA-F3673195A3A2}.Debug|Any CPU.ActiveCfg = Debug|Any CPU
		{7553C22A-3ABB-495E-BFDA-F3673195A3A2}.Debug|Any CPU.Build.0 = Debug|Any CPU
		{7553C22A-3ABB-495E-BFDA-F3673195A3A2}.Release (SQL Server Only)|Any CPU.ActiveCfg = Release|Any CPU
		{7553C22A-3ABB-495E-BFDA-F3673195A3A2}.Release (SQL Server Only)|Any CPU.Build.0 = Release|Any CPU
		{7553C22A-3ABB-495E-BFDA-F3673195A3A2}.Release|Any CPU.ActiveCfg = Release|Any CPU
		{7553C22A-3ABB-495E-BFDA-F3673195A3A2}.Release|Any CPU.Build.0 = Release|Any CPU
		{049707C3-442A-4E23-BEE1-CC379B9D3901}.Debug (SQL Server Only)|Any CPU.ActiveCfg = Debug|Any CPU
		{049707C3-442A-4E23-BEE1-CC379B9D3901}.Debug (SQL Server Only)|Any CPU.Build.0 = Debug|Any CPU
		{049707C3-442A-4E23-BEE1-CC379B9D3901}.Debug|Any CPU.ActiveCfg = Debug|Any CPU
		{049707C3-442A-4E23-BEE1-CC379B9D3901}.Debug|Any CPU.Build.0 = Debug|Any CPU
		{049707C3-442A-4E23-BEE1-CC379B9D3901}.Release (SQL Server Only)|Any CPU.ActiveCfg = Release|Any CPU
		{049707C3-442A-4E23-BEE1-CC379B9D3901}.Release (SQL Server Only)|Any CPU.Build.0 = Release|Any CPU
		{049707C3-442A-4E23-BEE1-CC379B9D3901}.Release|Any CPU.ActiveCfg = Release|Any CPU
		{049707C3-442A-4E23-BEE1-CC379B9D3901}.Release|Any CPU.Build.0 = Release|Any CPU
		{D9EB376D-2BEA-4EC6-A0FE-79A9CDF0E54A}.Debug (SQL Server Only)|Any CPU.ActiveCfg = Debug|Any CPU
		{D9EB376D-2BEA-4EC6-A0FE-79A9CDF0E54A}.Debug (SQL Server Only)|Any CPU.Build.0 = Debug|Any CPU
		{D9EB376D-2BEA-4EC6-A0FE-79A9CDF0E54A}.Debug|Any CPU.ActiveCfg = Debug|Any CPU
		{D9EB376D-2BEA-4EC6-A0FE-79A9CDF0E54A}.Debug|Any CPU.Build.0 = Debug|Any CPU
		{D9EB376D-2BEA-4EC6-A0FE-79A9CDF0E54A}.Release (SQL Server Only)|Any CPU.ActiveCfg = Release|Any CPU
		{D9EB376D-2BEA-4EC6-A0FE-79A9CDF0E54A}.Release (SQL Server Only)|Any CPU.Build.0 = Release|Any CPU
		{D9EB376D-2BEA-4EC6-A0FE-79A9CDF0E54A}.Release|Any CPU.ActiveCfg = Release|Any CPU
		{D9EB376D-2BEA-4EC6-A0FE-79A9CDF0E54A}.Release|Any CPU.Build.0 = Release|Any CPU
		{EB0CD70F-7BE6-4C74-92F9-2F74A34FF6ED}.Debug (SQL Server Only)|Any CPU.ActiveCfg = Debug|Any CPU
		{EB0CD70F-7BE6-4C74-92F9-2F74A34FF6ED}.Debug (SQL Server Only)|Any CPU.Build.0 = Debug|Any CPU
		{EB0CD70F-7BE6-4C74-92F9-2F74A34FF6ED}.Debug|Any CPU.ActiveCfg = Debug|Any CPU
		{EB0CD70F-7BE6-4C74-92F9-2F74A34FF6ED}.Debug|Any CPU.Build.0 = Debug|Any CPU
		{EB0CD70F-7BE6-4C74-92F9-2F74A34FF6ED}.Release (SQL Server Only)|Any CPU.ActiveCfg = Release|Any CPU
		{EB0CD70F-7BE6-4C74-92F9-2F74A34FF6ED}.Release (SQL Server Only)|Any CPU.Build.0 = Release|Any CPU
		{EB0CD70F-7BE6-4C74-92F9-2F74A34FF6ED}.Release|Any CPU.ActiveCfg = Release|Any CPU
		{EB0CD70F-7BE6-4C74-92F9-2F74A34FF6ED}.Release|Any CPU.Build.0 = Release|Any CPU
		{0992E344-2BB8-4E0D-B9A6-92CA0A9353F4}.Debug (SQL Server Only)|Any CPU.ActiveCfg = Debug|Any CPU
		{0992E344-2BB8-4E0D-B9A6-92CA0A9353F4}.Debug (SQL Server Only)|Any CPU.Build.0 = Debug|Any CPU
		{0992E344-2BB8-4E0D-B9A6-92CA0A9353F4}.Debug|Any CPU.ActiveCfg = Debug|Any CPU
		{0992E344-2BB8-4E0D-B9A6-92CA0A9353F4}.Debug|Any CPU.Build.0 = Debug|Any CPU
		{0992E344-2BB8-4E0D-B9A6-92CA0A9353F4}.Release (SQL Server Only)|Any CPU.ActiveCfg = Release|Any CPU
		{0992E344-2BB8-4E0D-B9A6-92CA0A9353F4}.Release (SQL Server Only)|Any CPU.Build.0 = Release|Any CPU
		{0992E344-2BB8-4E0D-B9A6-92CA0A9353F4}.Release|Any CPU.ActiveCfg = Release|Any CPU
		{0992E344-2BB8-4E0D-B9A6-92CA0A9353F4}.Release|Any CPU.Build.0 = Release|Any CPU
		{FFB66694-40EB-49ED-B8EA-B5C0C76B3C1B}.Debug (SQL Server Only)|Any CPU.ActiveCfg = Debug|Any CPU
		{FFB66694-40EB-49ED-B8EA-B5C0C76B3C1B}.Debug (SQL Server Only)|Any CPU.Build.0 = Debug|Any CPU
		{FFB66694-40EB-49ED-B8EA-B5C0C76B3C1B}.Debug|Any CPU.ActiveCfg = Debug|Any CPU
		{FFB66694-40EB-49ED-B8EA-B5C0C76B3C1B}.Debug|Any CPU.Build.0 = Debug|Any CPU
		{FFB66694-40EB-49ED-B8EA-B5C0C76B3C1B}.Release (SQL Server Only)|Any CPU.ActiveCfg = Release|Any CPU
		{FFB66694-40EB-49ED-B8EA-B5C0C76B3C1B}.Release (SQL Server Only)|Any CPU.Build.0 = Release|Any CPU
		{FFB66694-40EB-49ED-B8EA-B5C0C76B3C1B}.Release|Any CPU.ActiveCfg = Release|Any CPU
		{FFB66694-40EB-49ED-B8EA-B5C0C76B3C1B}.Release|Any CPU.Build.0 = Release|Any CPU
		{0A865A05-C179-46BA-975E-E360E33CD223}.Debug (SQL Server Only)|Any CPU.ActiveCfg = Debug|Any CPU
		{0A865A05-C179-46BA-975E-E360E33CD223}.Debug (SQL Server Only)|Any CPU.Build.0 = Debug|Any CPU
		{0A865A05-C179-46BA-975E-E360E33CD223}.Debug|Any CPU.ActiveCfg = Debug|Any CPU
		{0A865A05-C179-46BA-975E-E360E33CD223}.Debug|Any CPU.Build.0 = Debug|Any CPU
		{0A865A05-C179-46BA-975E-E360E33CD223}.Release (SQL Server Only)|Any CPU.ActiveCfg = Release|Any CPU
		{0A865A05-C179-46BA-975E-E360E33CD223}.Release (SQL Server Only)|Any CPU.Build.0 = Release|Any CPU
		{0A865A05-C179-46BA-975E-E360E33CD223}.Release|Any CPU.ActiveCfg = Release|Any CPU
		{0A865A05-C179-46BA-975E-E360E33CD223}.Release|Any CPU.Build.0 = Release|Any CPU
		{CFF942B5-73BE-42A3-86DE-14EF45BEFCF1}.Debug (SQL Server Only)|Any CPU.ActiveCfg = Debug|Any CPU
		{CFF942B5-73BE-42A3-86DE-14EF45BEFCF1}.Debug (SQL Server Only)|Any CPU.Build.0 = Debug|Any CPU
		{CFF942B5-73BE-42A3-86DE-14EF45BEFCF1}.Debug|Any CPU.ActiveCfg = Debug|Any CPU
		{CFF942B5-73BE-42A3-86DE-14EF45BEFCF1}.Debug|Any CPU.Build.0 = Debug|Any CPU
		{CFF942B5-73BE-42A3-86DE-14EF45BEFCF1}.Release (SQL Server Only)|Any CPU.ActiveCfg = Release|Any CPU
		{CFF942B5-73BE-42A3-86DE-14EF45BEFCF1}.Release (SQL Server Only)|Any CPU.Build.0 = Release|Any CPU
		{CFF942B5-73BE-42A3-86DE-14EF45BEFCF1}.Release|Any CPU.ActiveCfg = Release|Any CPU
		{CFF942B5-73BE-42A3-86DE-14EF45BEFCF1}.Release|Any CPU.Build.0 = Release|Any CPU
		{6DB56BA6-5E04-4D12-A424-2B3E5E51AA0C}.Debug (SQL Server Only)|Any CPU.ActiveCfg = Debug|Any CPU
		{6DB56BA6-5E04-4D12-A424-2B3E5E51AA0C}.Debug (SQL Server Only)|Any CPU.Build.0 = Debug|Any CPU
		{6DB56BA6-5E04-4D12-A424-2B3E5E51AA0C}.Debug|Any CPU.ActiveCfg = Debug|Any CPU
		{6DB56BA6-5E04-4D12-A424-2B3E5E51AA0C}.Debug|Any CPU.Build.0 = Debug|Any CPU
		{6DB56BA6-5E04-4D12-A424-2B3E5E51AA0C}.Release (SQL Server Only)|Any CPU.ActiveCfg = Release|Any CPU
		{6DB56BA6-5E04-4D12-A424-2B3E5E51AA0C}.Release (SQL Server Only)|Any CPU.Build.0 = Release|Any CPU
		{6DB56BA6-5E04-4D12-A424-2B3E5E51AA0C}.Release|Any CPU.ActiveCfg = Release|Any CPU
		{6DB56BA6-5E04-4D12-A424-2B3E5E51AA0C}.Release|Any CPU.Build.0 = Release|Any CPU
		{87534C41-8CE5-44A1-9DFB-8881572D8E95}.Debug (SQL Server Only)|Any CPU.ActiveCfg = Debug|Any CPU
		{87534C41-8CE5-44A1-9DFB-8881572D8E95}.Debug (SQL Server Only)|Any CPU.Build.0 = Debug|Any CPU
		{87534C41-8CE5-44A1-9DFB-8881572D8E95}.Debug|Any CPU.ActiveCfg = Debug|Any CPU
		{87534C41-8CE5-44A1-9DFB-8881572D8E95}.Debug|Any CPU.Build.0 = Debug|Any CPU
		{87534C41-8CE5-44A1-9DFB-8881572D8E95}.Release (SQL Server Only)|Any CPU.ActiveCfg = Release|Any CPU
		{87534C41-8CE5-44A1-9DFB-8881572D8E95}.Release (SQL Server Only)|Any CPU.Build.0 = Release|Any CPU
		{87534C41-8CE5-44A1-9DFB-8881572D8E95}.Release|Any CPU.ActiveCfg = Release|Any CPU
		{87534C41-8CE5-44A1-9DFB-8881572D8E95}.Release|Any CPU.Build.0 = Release|Any CPU
		{3079255E-A811-4408-A00E-614F11E90E36}.Debug (SQL Server Only)|Any CPU.ActiveCfg = Debug|Any CPU
		{3079255E-A811-4408-A00E-614F11E90E36}.Debug (SQL Server Only)|Any CPU.Build.0 = Debug|Any CPU
		{3079255E-A811-4408-A00E-614F11E90E36}.Debug|Any CPU.ActiveCfg = Debug|Any CPU
		{3079255E-A811-4408-A00E-614F11E90E36}.Debug|Any CPU.Build.0 = Debug|Any CPU
		{3079255E-A811-4408-A00E-614F11E90E36}.Release (SQL Server Only)|Any CPU.ActiveCfg = Release|Any CPU
		{3079255E-A811-4408-A00E-614F11E90E36}.Release (SQL Server Only)|Any CPU.Build.0 = Release|Any CPU
		{3079255E-A811-4408-A00E-614F11E90E36}.Release|Any CPU.ActiveCfg = Release|Any CPU
		{3079255E-A811-4408-A00E-614F11E90E36}.Release|Any CPU.Build.0 = Release|Any CPU
		{83263061-39BD-4E29-8742-3B933DE19162}.Debug (SQL Server Only)|Any CPU.ActiveCfg = Debug|Any CPU
		{83263061-39BD-4E29-8742-3B933DE19162}.Debug (SQL Server Only)|Any CPU.Build.0 = Debug|Any CPU
		{83263061-39BD-4E29-8742-3B933DE19162}.Debug|Any CPU.ActiveCfg = Debug|Any CPU
		{83263061-39BD-4E29-8742-3B933DE19162}.Debug|Any CPU.Build.0 = Debug|Any CPU
		{83263061-39BD-4E29-8742-3B933DE19162}.Release (SQL Server Only)|Any CPU.ActiveCfg = Release|Any CPU
		{83263061-39BD-4E29-8742-3B933DE19162}.Release (SQL Server Only)|Any CPU.Build.0 = Release|Any CPU
		{83263061-39BD-4E29-8742-3B933DE19162}.Release|Any CPU.ActiveCfg = Release|Any CPU
		{83263061-39BD-4E29-8742-3B933DE19162}.Release|Any CPU.Build.0 = Release|Any CPU
	EndGlobalSection
	GlobalSection(SolutionProperties) = preSolution
		HideSolutionNode = FALSE
	EndGlobalSection
	GlobalSection(NestedProjects) = preSolution
		{8ED7A69A-A258-4D9A-B9B8-06BD00B7D8A1} = {0DEAECEA-8A13-4A58-BD7C-88EE28EF06E4}
		{B13BBD04-84C7-4500-8A67-D7A9B8BCAA85} = {0DEAECEA-8A13-4A58-BD7C-88EE28EF06E4}
		{40BA5B01-7D6E-4726-A58A-0CF2BC4E4CCB} = {0DEAECEA-8A13-4A58-BD7C-88EE28EF06E4}
		{2CE00A6B-C0AC-44AB-B80F-9E58865AD3BD} = {0DEAECEA-8A13-4A58-BD7C-88EE28EF06E4}
		{4C52F83A-0039-4C8D-94D3-D6547DE9659B} = {0DEAECEA-8A13-4A58-BD7C-88EE28EF06E4}
		{E25CA946-9DCD-4D2E-9378-DACB77EE82AA} = {0DEAECEA-8A13-4A58-BD7C-88EE28EF06E4}
		{EB0CD70F-7BE6-4C74-92F9-2F74A34FF6ED} = {0DEAECEA-8A13-4A58-BD7C-88EE28EF06E4}
		{0992E344-2BB8-4E0D-B9A6-92CA0A9353F4} = {0DEAECEA-8A13-4A58-BD7C-88EE28EF06E4}
		{FFB66694-40EB-49ED-B8EA-B5C0C76B3C1B} = {0DEAECEA-8A13-4A58-BD7C-88EE28EF06E4}
		{FBDF16C2-7922-48D5-A043-700BD9A7D494} = {40CBBDD9-1F95-48D8-B077-99FA614F3798}
		{83263061-39BD-4E29-8742-3B933DE19162} = {40CBBDD9-1F95-48D8-B077-99FA614F3798}
		{33A1B8C5-B37D-423E-B7FD-83CE1EC1D442} = {9E5C0F21-AEB3-44D7-98F9-C07A29734CE8}
		{A4D0820E-3529-4CB9-BA5F-B2824BFEEC97} = {9E5C0F21-AEB3-44D7-98F9-C07A29734CE8}
		{9685F421-DAF9-4806-A726-63A58FF4704E} = {9E5C0F21-AEB3-44D7-98F9-C07A29734CE8}
		{517CBAB6-A48C-4068-9042-57DB2793BF50} = {9E5C0F21-AEB3-44D7-98F9-C07A29734CE8}
		{E4D05580-1BC3-46D5-9DB1-573157BED512} = {9E5C0F21-AEB3-44D7-98F9-C07A29734CE8}
		{07704E83-62CD-41E3-B177-15A3A76C2814} = {9E5C0F21-AEB3-44D7-98F9-C07A29734CE8}
		{7553C22A-3ABB-495E-BFDA-F3673195A3A2} = {9E5C0F21-AEB3-44D7-98F9-C07A29734CE8}
		{049707C3-442A-4E23-BEE1-CC379B9D3901} = {9E5C0F21-AEB3-44D7-98F9-C07A29734CE8}
		{D9EB376D-2BEA-4EC6-A0FE-79A9CDF0E54A} = {9E5C0F21-AEB3-44D7-98F9-C07A29734CE8}
		{87534C41-8CE5-44A1-9DFB-8881572D8E95} = {9E5C0F21-AEB3-44D7-98F9-C07A29734CE8}
		{EE4A10E7-92C3-4EAC-B6DF-5DA1C26F4D1D} = {C9B07281-AC03-43CE-9C0D-9119632F3882}
		{68D5722B-45B2-4B9A-BA7C-BFCFCC001D83} = {C9B07281-AC03-43CE-9C0D-9119632F3882}
		{C2776F02-C5E2-42BA-B4B0-147625B90A18} = {C9B07281-AC03-43CE-9C0D-9119632F3882}
		{23BB4972-325C-40D8-96F6-EB8A60676D63} = {C9B07281-AC03-43CE-9C0D-9119632F3882}
		{ACCE6D59-0AA7-4353-850E-1B78E16B3074} = {C9B07281-AC03-43CE-9C0D-9119632F3882}
		{B6B1FCF3-F2BA-445E-9041-5100733EFD20} = {C9B07281-AC03-43CE-9C0D-9119632F3882}
		{0A865A05-C179-46BA-975E-E360E33CD223} = {C9B07281-AC03-43CE-9C0D-9119632F3882}
		{CFF942B5-73BE-42A3-86DE-14EF45BEFCF1} = {C9B07281-AC03-43CE-9C0D-9119632F3882}
		{6DB56BA6-5E04-4D12-A424-2B3E5E51AA0C} = {C9B07281-AC03-43CE-9C0D-9119632F3882}
		{3079255E-A811-4408-A00E-614F11E90E36} = {3A9F0784-8EDD-4CC1-8C29-79CCCC7FECFD}
	EndGlobalSection
EndGlobal
