
Microsoft Visual Studio Solution File, Format Version 12.00
# Visual Studio 2012
Project("{FAE04EC0-301F-11D3-BF4B-00C04F79EFBC}") = "SSE.Services.ParoleeCORS", "SSE.Services.ParoleeCORS\SSE.Services.ParoleeCORS.csproj", "{DD5C6F9D-0C78-4C1C-AF83-79635E61786F}"
EndProject
Project("{FAE04EC0-301F-11D3-BF4B-00C04F79EFBC}") = "SSE.Services.ParoleeCORS.Tests", "SSE.Services.ParoleeCORS.Tests\SSE.Services.ParoleeCORS.Tests.csproj", "{ED8BDF3E-65CC-4F3A-9E0B-2B9093478C25}"
EndProject
Project("{2150E333-8FDC-42A3-9474-1A3956D46DE8}") = "Client Services", "Client Services", "{58CC98CC-9396-4BCF-8A8F-FA49F075F721}"
EndProject
Project("{2150E333-8FDC-42A3-9474-1A3956D46DE8}") = "Testing", "Testing", "{4F0295D9-6D99-4805-8807-1C663E368656}"
EndProject
Project("{2150E333-8FDC-42A3-9474-1A3956D46DE8}") = "Lib", "Lib", "{3C2DF4C9-D7D7-4F75-B222-26DA199B86F2}"
EndProject
Project("{FAE04EC0-301F-11D3-BF4B-00C04F79EFBC}") = "SOS.Lib.AuthorizeNet", "..\..\..\Lib\SOS.Lib.AuthorizeNet\SOS.Lib.AuthorizeNet.csproj", "{87534C41-8CE5-44A1-9DFB-8881572D8E95}"
EndProject
Project("{FAE04EC0-301F-11D3-BF4B-00C04F79EFBC}") = "SOS.Lib.Core", "..\..\..\Lib\SOS.Lib.Core\SOS.Lib.Core.csproj", "{A4D0820E-3529-4CB9-BA5F-B2824BFEEC97}"
EndProject
Project("{FAE04EC0-301F-11D3-BF4B-00C04F79EFBC}") = "SOS.Lib.LaipacAPI", "..\..\..\Lib\SOS.Lib.LaipacAPI\SOS.Lib.LaipacAPI.csproj", "{7553C22A-3ABB-495E-BFDA-F3673195A3A2}"
EndProject
Project("{FAE04EC0-301F-11D3-BF4B-00C04F79EFBC}") = "SOS.Lib.RazorEngine", "..\..\..\Lib\SOS.Lib.RazorEngine\SOS.Lib.RazorEngine.csproj", "{C6B80724-C185-4AD9-B13F-805849413533}"
EndProject
Project("{FAE04EC0-301F-11D3-BF4B-00C04F79EFBC}") = "SOS.Lib.RestCake", "..\..\..\Lib\SOS.Lib.RestCake\SOS.Lib.RestCake.csproj", "{EDD7540E-B6B0-4FC4-AC04-16A89C187308}"
EndProject
Project("{FAE04EC0-301F-11D3-BF4B-00C04F79EFBC}") = "SOS.Lib.TxtWire", "..\..\..\Lib\SOS.Lib.TxtWire\SOS.Lib.TxtWire.csproj", "{1F6D0871-C3D4-43CF-B6F8-5C53B9A5BF85}"
EndProject
Project("{FAE04EC0-301F-11D3-BF4B-00C04F79EFBC}") = "SOS.Lib.Util", "..\..\..\Lib\SOS.Lib.Util\SOS.Lib.Util.csproj", "{33A1B8C5-B37D-423E-B7FD-83CE1EC1D442}"
EndProject
Project("{2150E333-8FDC-42A3-9474-1A3956D46DE8}") = "Framework", "Framework", "{2EF6E417-A91E-47CF-92CA-13DC355D47C1}"
EndProject
Project("{FAE04EC0-301F-11D3-BF4B-00C04F79EFBC}") = "SOS.Framework.Mvc", "..\..\..\Framework\SOS.Framework.Mvc\SOS.Framework.Mvc.csproj", "{27827478-D8D8-4D33-BB2F-BE1E23CDDFE5}"
EndProject
Project("{2150E333-8FDC-42A3-9474-1A3956D46DE8}") = "FOS", "FOS", "{6D0D39BD-BAD7-49B2-BAE4-70DF927CEADA}"
EndProject
Project("{FAE04EC0-301F-11D3-BF4B-00C04F79EFBC}") = "SOS.FunctionalServices.Contracts", "..\..\..\FOS\SOS.FunctionalServices.Contracts\SOS.FunctionalServices.Contracts.csproj", "{4C52F83A-0039-4C8D-94D3-D6547DE9659B}"
EndProject
Project("{2150E333-8FDC-42A3-9474-1A3956D46DE8}") = "Client_Contracts", "Client_Contracts", "{167EB42B-0E0F-455F-9924-9F6112AB0C6C}"
EndProject
Project("{FAE04EC0-301F-11D3-BF4B-00C04F79EFBC}") = "SOS.FOS.EmailSupport", "..\..\..\FOS\SOS.FOS.EmailSupport\SOS.FOS.EmailSupport.csproj", "{E74E76B7-15A4-44EF-994C-EF75F4E7FBDB}"
EndProject
Project("{FAE04EC0-301F-11D3-BF4B-00C04F79EFBC}") = "SOS.FOS.MerchantServices", "..\..\..\FOS\SOS.FOS.MerchantServices\SOS.FOS.MerchantServices.csproj", "{FFB66694-40EB-49ED-B8EA-B5C0C76B3C1B}"
EndProject
Project("{FAE04EC0-301F-11D3-BF4B-00C04F79EFBC}") = "SOS.FOS.MerchantServicesUT", "..\..\..\FOS\SOS.FOS.MerchantServicesUT\SOS.FOS.MerchantServicesUT.csproj", "{73A1AAF3-5FED-40C2-934C-DB977CBC6188}"
EndProject
Project("{FAE04EC0-301F-11D3-BF4B-00C04F79EFBC}") = "SOS.FOS.MonitoringStationServices", "..\..\..\FOS\SOS.FOS.MonitoringStationServices\SOS.FOS.MonitoringStationServices.csproj", "{8ED7A69A-A258-4D9A-B9B8-06BD00B7D8A1}"
EndProject
Project("{FAE04EC0-301F-11D3-BF4B-00C04F79EFBC}") = "SOS.FOS.MonitoringStationServicesUT", "..\..\..\FOS\SOS.FOS.MonitoringStationServicesUT\SOS.FOS.MonitoringStationServicesUT.csproj", "{FBDF16C2-7922-48D5-A043-700BD9A7D494}"
EndProject
Project("{FAE04EC0-301F-11D3-BF4B-00C04F79EFBC}") = "SOS.FOS.ReceiverEngineServices", "..\..\..\FOS\SOS.FOS.ReceiverEngineServices\SOS.FOS.ReceiverEngineServices.csproj", "{B13BBD04-84C7-4500-8A67-D7A9B8BCAA85}"
EndProject
Project("{FAE04EC0-301F-11D3-BF4B-00C04F79EFBC}") = "SOS.FunctionalServices", "..\..\..\FOS\SOS.FunctionalServices\SOS.FunctionalServices.csproj", "{2CE00A6B-C0AC-44AB-B80F-9E58865AD3BD}"
EndProject
Project("{2150E333-8FDC-42A3-9474-1A3956D46DE8}") = "Data", "Data", "{F3270118-14A4-488A-BC44-473640DCD391}"
EndProject
Project("{FAE04EC0-301F-11D3-BF4B-00C04F79EFBC}") = "SubSonic", "..\..\..\Data\SubSonic\SubSonic.csproj", "{EE4A10E7-92C3-4EAC-B6DF-5DA1C26F4D1D}"
EndProject
Project("{FAE04EC0-301F-11D3-BF4B-00C04F79EFBC}") = "SOS.Data", "..\..\..\Data\SOS.Data\SOS.Data.csproj", "{C2776F02-C5E2-42BA-B4B0-147625B90A18}"
EndProject
Project("{FAE04EC0-301F-11D3-BF4B-00C04F79EFBC}") = "SOS.Data.AuthenticationControl", "..\..\..\Data\SOS.Data.AuthenticationControl\SOS.Data.AuthenticationControl.csproj", "{ACCE6D59-0AA7-4353-850E-1B78E16B3074}"
EndProject
Project("{FAE04EC0-301F-11D3-BF4B-00C04F79EFBC}") = "SOS.Data.GpsTracking", "..\..\..\Data\SOS.Data.GpsTracking\SOS.Data.GpsTracking.csproj", "{0A865A05-C179-46BA-975E-E360E33CD223}"
EndProject
Project("{FAE04EC0-301F-11D3-BF4B-00C04F79EFBC}") = "SOS.Data.HumanResource", "..\..\..\Data\SOS.Data.HumanResource\SOS.Data.HumanResource.csproj", "{CFF942B5-73BE-42A3-86DE-14EF45BEFCF1}"
EndProject
Project("{FAE04EC0-301F-11D3-BF4B-00C04F79EFBC}") = "SOS.Data.Logging", "..\..\..\Data\SOS.Data.Logging\SOS.Data.Logging.csproj", "{B6B1FCF3-F2BA-445E-9041-5100733EFD20}"
EndProject
Project("{FAE04EC0-301F-11D3-BF4B-00C04F79EFBC}") = "SOS.Data.Parolee", "..\..\..\Data\SOS.Data.Parolee\SOS.Data.Parolee.csproj", "{1985BA39-F5F6-4267-BEF8-EE0DB47D0239}"
EndProject
Project("{FAE04EC0-301F-11D3-BF4B-00C04F79EFBC}") = "SOS.Data.ReceiverEngine", "..\..\..\Data\SOS.Data.ReceiverEngine\SOS.Data.ReceiverEngine.csproj", "{68D5722B-45B2-4B9A-BA7C-BFCFCC001D83}"
EndProject
Project("{FAE04EC0-301F-11D3-BF4B-00C04F79EFBC}") = "SOS.Data.SosCrm", "..\..\..\Data\SOS.Data.SosCrm\SOS.Data.SosCrm.csproj", "{23BB4972-325C-40D8-96F6-EB8A60676D63}"
EndProject
Project("{2150E333-8FDC-42A3-9474-1A3956D46DE8}") = "FOS_DataModels", "FOS_DataModels", "{03FBC89F-B19A-44DC-BE5F-733F8272ACB0}"
EndProject
Project("{FAE04EC0-301F-11D3-BF4B-00C04F79EFBC}") = "SOS.Services.DataModels", "..\..\DataModels\SOS.Services.DataModels\SOS.Services.DataModels.csproj", "{1415CB37-0EDB-4645-AA7E-5CE82DF82721}"
EndProject
Project("{2150E333-8FDC-42A3-9474-1A3956D46DE8}") = "Client_ServicesInterfaces", "Client_ServicesInterfaces", "{18B8C3A1-39F2-4F1D-AE52-7756BDBCA000}"
EndProject
Project("{FAE04EC0-301F-11D3-BF4B-00C04F79EFBC}") = "SOS.Services.Interfaces", "..\..\Interfaces\SOS.Services.Interfaces\SOS.Services.Interfaces.csproj", "{DCDBF3EE-D932-4713-9A47-2693C0C7BEF4}"
EndProject
Global
	GlobalSection(SolutionConfigurationPlatforms) = preSolution
		Debug (SQL Server Only)|Any CPU = Debug (SQL Server Only)|Any CPU
		Debug|Any CPU = Debug|Any CPU
		Release (SQL Server Only)|Any CPU = Release (SQL Server Only)|Any CPU
		Release|Any CPU = Release|Any CPU
	EndGlobalSection
	GlobalSection(ProjectConfigurationPlatforms) = postSolution
		{DD5C6F9D-0C78-4C1C-AF83-79635E61786F}.Debug (SQL Server Only)|Any CPU.ActiveCfg = Debug|Any CPU
		{DD5C6F9D-0C78-4C1C-AF83-79635E61786F}.Debug (SQL Server Only)|Any CPU.Build.0 = Debug|Any CPU
		{DD5C6F9D-0C78-4C1C-AF83-79635E61786F}.Debug|Any CPU.ActiveCfg = Debug|Any CPU
		{DD5C6F9D-0C78-4C1C-AF83-79635E61786F}.Debug|Any CPU.Build.0 = Debug|Any CPU
		{DD5C6F9D-0C78-4C1C-AF83-79635E61786F}.Release (SQL Server Only)|Any CPU.ActiveCfg = Release|Any CPU
		{DD5C6F9D-0C78-4C1C-AF83-79635E61786F}.Release (SQL Server Only)|Any CPU.Build.0 = Release|Any CPU
		{DD5C6F9D-0C78-4C1C-AF83-79635E61786F}.Release|Any CPU.ActiveCfg = Release|Any CPU
		{DD5C6F9D-0C78-4C1C-AF83-79635E61786F}.Release|Any CPU.Build.0 = Release|Any CPU
		{ED8BDF3E-65CC-4F3A-9E0B-2B9093478C25}.Debug (SQL Server Only)|Any CPU.ActiveCfg = Debug|Any CPU
		{ED8BDF3E-65CC-4F3A-9E0B-2B9093478C25}.Debug (SQL Server Only)|Any CPU.Build.0 = Debug|Any CPU
		{ED8BDF3E-65CC-4F3A-9E0B-2B9093478C25}.Debug|Any CPU.ActiveCfg = Debug|Any CPU
		{ED8BDF3E-65CC-4F3A-9E0B-2B9093478C25}.Debug|Any CPU.Build.0 = Debug|Any CPU
		{ED8BDF3E-65CC-4F3A-9E0B-2B9093478C25}.Release (SQL Server Only)|Any CPU.ActiveCfg = Release|Any CPU
		{ED8BDF3E-65CC-4F3A-9E0B-2B9093478C25}.Release (SQL Server Only)|Any CPU.Build.0 = Release|Any CPU
		{ED8BDF3E-65CC-4F3A-9E0B-2B9093478C25}.Release|Any CPU.ActiveCfg = Release|Any CPU
		{ED8BDF3E-65CC-4F3A-9E0B-2B9093478C25}.Release|Any CPU.Build.0 = Release|Any CPU
		{87534C41-8CE5-44A1-9DFB-8881572D8E95}.Debug (SQL Server Only)|Any CPU.ActiveCfg = Debug|Any CPU
		{87534C41-8CE5-44A1-9DFB-8881572D8E95}.Debug (SQL Server Only)|Any CPU.Build.0 = Debug|Any CPU
		{87534C41-8CE5-44A1-9DFB-8881572D8E95}.Debug|Any CPU.ActiveCfg = Debug|Any CPU
		{87534C41-8CE5-44A1-9DFB-8881572D8E95}.Debug|Any CPU.Build.0 = Debug|Any CPU
		{87534C41-8CE5-44A1-9DFB-8881572D8E95}.Release (SQL Server Only)|Any CPU.ActiveCfg = Release|Any CPU
		{87534C41-8CE5-44A1-9DFB-8881572D8E95}.Release (SQL Server Only)|Any CPU.Build.0 = Release|Any CPU
		{87534C41-8CE5-44A1-9DFB-8881572D8E95}.Release|Any CPU.ActiveCfg = Release|Any CPU
		{87534C41-8CE5-44A1-9DFB-8881572D8E95}.Release|Any CPU.Build.0 = Release|Any CPU
		{A4D0820E-3529-4CB9-BA5F-B2824BFEEC97}.Debug (SQL Server Only)|Any CPU.ActiveCfg = Debug|Any CPU
		{A4D0820E-3529-4CB9-BA5F-B2824BFEEC97}.Debug (SQL Server Only)|Any CPU.Build.0 = Debug|Any CPU
		{A4D0820E-3529-4CB9-BA5F-B2824BFEEC97}.Debug|Any CPU.ActiveCfg = Debug|Any CPU
		{A4D0820E-3529-4CB9-BA5F-B2824BFEEC97}.Debug|Any CPU.Build.0 = Debug|Any CPU
		{A4D0820E-3529-4CB9-BA5F-B2824BFEEC97}.Release (SQL Server Only)|Any CPU.ActiveCfg = Release|Any CPU
		{A4D0820E-3529-4CB9-BA5F-B2824BFEEC97}.Release (SQL Server Only)|Any CPU.Build.0 = Release|Any CPU
		{A4D0820E-3529-4CB9-BA5F-B2824BFEEC97}.Release|Any CPU.ActiveCfg = Release|Any CPU
		{A4D0820E-3529-4CB9-BA5F-B2824BFEEC97}.Release|Any CPU.Build.0 = Release|Any CPU
		{7553C22A-3ABB-495E-BFDA-F3673195A3A2}.Debug (SQL Server Only)|Any CPU.ActiveCfg = Debug|Any CPU
		{7553C22A-3ABB-495E-BFDA-F3673195A3A2}.Debug (SQL Server Only)|Any CPU.Build.0 = Debug|Any CPU
		{7553C22A-3ABB-495E-BFDA-F3673195A3A2}.Debug|Any CPU.ActiveCfg = Debug|Any CPU
		{7553C22A-3ABB-495E-BFDA-F3673195A3A2}.Debug|Any CPU.Build.0 = Debug|Any CPU
		{7553C22A-3ABB-495E-BFDA-F3673195A3A2}.Release (SQL Server Only)|Any CPU.ActiveCfg = Release|Any CPU
		{7553C22A-3ABB-495E-BFDA-F3673195A3A2}.Release (SQL Server Only)|Any CPU.Build.0 = Release|Any CPU
		{7553C22A-3ABB-495E-BFDA-F3673195A3A2}.Release|Any CPU.ActiveCfg = Release|Any CPU
		{7553C22A-3ABB-495E-BFDA-F3673195A3A2}.Release|Any CPU.Build.0 = Release|Any CPU
		{C6B80724-C185-4AD9-B13F-805849413533}.Debug (SQL Server Only)|Any CPU.ActiveCfg = Debug|Any CPU
		{C6B80724-C185-4AD9-B13F-805849413533}.Debug (SQL Server Only)|Any CPU.Build.0 = Debug|Any CPU
		{C6B80724-C185-4AD9-B13F-805849413533}.Debug|Any CPU.ActiveCfg = Debug|Any CPU
		{C6B80724-C185-4AD9-B13F-805849413533}.Debug|Any CPU.Build.0 = Debug|Any CPU
		{C6B80724-C185-4AD9-B13F-805849413533}.Release (SQL Server Only)|Any CPU.ActiveCfg = Release|Any CPU
		{C6B80724-C185-4AD9-B13F-805849413533}.Release (SQL Server Only)|Any CPU.Build.0 = Release|Any CPU
		{C6B80724-C185-4AD9-B13F-805849413533}.Release|Any CPU.ActiveCfg = Release|Any CPU
		{C6B80724-C185-4AD9-B13F-805849413533}.Release|Any CPU.Build.0 = Release|Any CPU
		{EDD7540E-B6B0-4FC4-AC04-16A89C187308}.Debug (SQL Server Only)|Any CPU.ActiveCfg = Debug|Any CPU
		{EDD7540E-B6B0-4FC4-AC04-16A89C187308}.Debug (SQL Server Only)|Any CPU.Build.0 = Debug|Any CPU
		{EDD7540E-B6B0-4FC4-AC04-16A89C187308}.Debug|Any CPU.ActiveCfg = Debug|Any CPU
		{EDD7540E-B6B0-4FC4-AC04-16A89C187308}.Debug|Any CPU.Build.0 = Debug|Any CPU
		{EDD7540E-B6B0-4FC4-AC04-16A89C187308}.Release (SQL Server Only)|Any CPU.ActiveCfg = Release|Any CPU
		{EDD7540E-B6B0-4FC4-AC04-16A89C187308}.Release (SQL Server Only)|Any CPU.Build.0 = Release|Any CPU
		{EDD7540E-B6B0-4FC4-AC04-16A89C187308}.Release|Any CPU.ActiveCfg = Release|Any CPU
		{EDD7540E-B6B0-4FC4-AC04-16A89C187308}.Release|Any CPU.Build.0 = Release|Any CPU
		{1F6D0871-C3D4-43CF-B6F8-5C53B9A5BF85}.Debug (SQL Server Only)|Any CPU.ActiveCfg = Debug|Any CPU
		{1F6D0871-C3D4-43CF-B6F8-5C53B9A5BF85}.Debug (SQL Server Only)|Any CPU.Build.0 = Debug|Any CPU
		{1F6D0871-C3D4-43CF-B6F8-5C53B9A5BF85}.Debug|Any CPU.ActiveCfg = Debug|Any CPU
		{1F6D0871-C3D4-43CF-B6F8-5C53B9A5BF85}.Debug|Any CPU.Build.0 = Debug|Any CPU
		{1F6D0871-C3D4-43CF-B6F8-5C53B9A5BF85}.Release (SQL Server Only)|Any CPU.ActiveCfg = Release|Any CPU
		{1F6D0871-C3D4-43CF-B6F8-5C53B9A5BF85}.Release (SQL Server Only)|Any CPU.Build.0 = Release|Any CPU
		{1F6D0871-C3D4-43CF-B6F8-5C53B9A5BF85}.Release|Any CPU.ActiveCfg = Release|Any CPU
		{1F6D0871-C3D4-43CF-B6F8-5C53B9A5BF85}.Release|Any CPU.Build.0 = Release|Any CPU
		{33A1B8C5-B37D-423E-B7FD-83CE1EC1D442}.Debug (SQL Server Only)|Any CPU.ActiveCfg = Debug|Any CPU
		{33A1B8C5-B37D-423E-B7FD-83CE1EC1D442}.Debug (SQL Server Only)|Any CPU.Build.0 = Debug|Any CPU
		{33A1B8C5-B37D-423E-B7FD-83CE1EC1D442}.Debug|Any CPU.ActiveCfg = Debug|Any CPU
		{33A1B8C5-B37D-423E-B7FD-83CE1EC1D442}.Debug|Any CPU.Build.0 = Debug|Any CPU
		{33A1B8C5-B37D-423E-B7FD-83CE1EC1D442}.Release (SQL Server Only)|Any CPU.ActiveCfg = Release|Any CPU
		{33A1B8C5-B37D-423E-B7FD-83CE1EC1D442}.Release (SQL Server Only)|Any CPU.Build.0 = Release|Any CPU
		{33A1B8C5-B37D-423E-B7FD-83CE1EC1D442}.Release|Any CPU.ActiveCfg = Release|Any CPU
		{33A1B8C5-B37D-423E-B7FD-83CE1EC1D442}.Release|Any CPU.Build.0 = Release|Any CPU
		{27827478-D8D8-4D33-BB2F-BE1E23CDDFE5}.Debug (SQL Server Only)|Any CPU.ActiveCfg = Debug|Any CPU
		{27827478-D8D8-4D33-BB2F-BE1E23CDDFE5}.Debug (SQL Server Only)|Any CPU.Build.0 = Debug|Any CPU
		{27827478-D8D8-4D33-BB2F-BE1E23CDDFE5}.Debug|Any CPU.ActiveCfg = Debug|Any CPU
		{27827478-D8D8-4D33-BB2F-BE1E23CDDFE5}.Debug|Any CPU.Build.0 = Debug|Any CPU
		{27827478-D8D8-4D33-BB2F-BE1E23CDDFE5}.Release (SQL Server Only)|Any CPU.ActiveCfg = Release|Any CPU
		{27827478-D8D8-4D33-BB2F-BE1E23CDDFE5}.Release (SQL Server Only)|Any CPU.Build.0 = Release|Any CPU
		{27827478-D8D8-4D33-BB2F-BE1E23CDDFE5}.Release|Any CPU.ActiveCfg = Release|Any CPU
		{27827478-D8D8-4D33-BB2F-BE1E23CDDFE5}.Release|Any CPU.Build.0 = Release|Any CPU
		{4C52F83A-0039-4C8D-94D3-D6547DE9659B}.Debug (SQL Server Only)|Any CPU.ActiveCfg = Debug|Any CPU
		{4C52F83A-0039-4C8D-94D3-D6547DE9659B}.Debug (SQL Server Only)|Any CPU.Build.0 = Debug|Any CPU
		{4C52F83A-0039-4C8D-94D3-D6547DE9659B}.Debug|Any CPU.ActiveCfg = Debug|Any CPU
		{4C52F83A-0039-4C8D-94D3-D6547DE9659B}.Debug|Any CPU.Build.0 = Debug|Any CPU
		{4C52F83A-0039-4C8D-94D3-D6547DE9659B}.Release (SQL Server Only)|Any CPU.ActiveCfg = Release|Any CPU
		{4C52F83A-0039-4C8D-94D3-D6547DE9659B}.Release (SQL Server Only)|Any CPU.Build.0 = Release|Any CPU
		{4C52F83A-0039-4C8D-94D3-D6547DE9659B}.Release|Any CPU.ActiveCfg = Release|Any CPU
		{4C52F83A-0039-4C8D-94D3-D6547DE9659B}.Release|Any CPU.Build.0 = Release|Any CPU
		{E74E76B7-15A4-44EF-994C-EF75F4E7FBDB}.Debug (SQL Server Only)|Any CPU.ActiveCfg = Debug|Any CPU
		{E74E76B7-15A4-44EF-994C-EF75F4E7FBDB}.Debug (SQL Server Only)|Any CPU.Build.0 = Debug|Any CPU
		{E74E76B7-15A4-44EF-994C-EF75F4E7FBDB}.Debug|Any CPU.ActiveCfg = Debug|Any CPU
		{E74E76B7-15A4-44EF-994C-EF75F4E7FBDB}.Debug|Any CPU.Build.0 = Debug|Any CPU
		{E74E76B7-15A4-44EF-994C-EF75F4E7FBDB}.Release (SQL Server Only)|Any CPU.ActiveCfg = Release|Any CPU
		{E74E76B7-15A4-44EF-994C-EF75F4E7FBDB}.Release (SQL Server Only)|Any CPU.Build.0 = Release|Any CPU
		{E74E76B7-15A4-44EF-994C-EF75F4E7FBDB}.Release|Any CPU.ActiveCfg = Release|Any CPU
		{E74E76B7-15A4-44EF-994C-EF75F4E7FBDB}.Release|Any CPU.Build.0 = Release|Any CPU
		{FFB66694-40EB-49ED-B8EA-B5C0C76B3C1B}.Debug (SQL Server Only)|Any CPU.ActiveCfg = Debug|Any CPU
		{FFB66694-40EB-49ED-B8EA-B5C0C76B3C1B}.Debug (SQL Server Only)|Any CPU.Build.0 = Debug|Any CPU
		{FFB66694-40EB-49ED-B8EA-B5C0C76B3C1B}.Debug|Any CPU.ActiveCfg = Debug|Any CPU
		{FFB66694-40EB-49ED-B8EA-B5C0C76B3C1B}.Debug|Any CPU.Build.0 = Debug|Any CPU
		{FFB66694-40EB-49ED-B8EA-B5C0C76B3C1B}.Release (SQL Server Only)|Any CPU.ActiveCfg = Release|Any CPU
		{FFB66694-40EB-49ED-B8EA-B5C0C76B3C1B}.Release (SQL Server Only)|Any CPU.Build.0 = Release|Any CPU
		{FFB66694-40EB-49ED-B8EA-B5C0C76B3C1B}.Release|Any CPU.ActiveCfg = Release|Any CPU
		{FFB66694-40EB-49ED-B8EA-B5C0C76B3C1B}.Release|Any CPU.Build.0 = Release|Any CPU
		{73A1AAF3-5FED-40C2-934C-DB977CBC6188}.Debug (SQL Server Only)|Any CPU.ActiveCfg = Debug|Any CPU
		{73A1AAF3-5FED-40C2-934C-DB977CBC6188}.Debug (SQL Server Only)|Any CPU.Build.0 = Debug|Any CPU
		{73A1AAF3-5FED-40C2-934C-DB977CBC6188}.Debug|Any CPU.ActiveCfg = Debug|Any CPU
		{73A1AAF3-5FED-40C2-934C-DB977CBC6188}.Debug|Any CPU.Build.0 = Debug|Any CPU
		{73A1AAF3-5FED-40C2-934C-DB977CBC6188}.Release (SQL Server Only)|Any CPU.ActiveCfg = Release|Any CPU
		{73A1AAF3-5FED-40C2-934C-DB977CBC6188}.Release (SQL Server Only)|Any CPU.Build.0 = Release|Any CPU
		{73A1AAF3-5FED-40C2-934C-DB977CBC6188}.Release|Any CPU.ActiveCfg = Release|Any CPU
		{73A1AAF3-5FED-40C2-934C-DB977CBC6188}.Release|Any CPU.Build.0 = Release|Any CPU
		{8ED7A69A-A258-4D9A-B9B8-06BD00B7D8A1}.Debug (SQL Server Only)|Any CPU.ActiveCfg = Debug|Any CPU
		{8ED7A69A-A258-4D9A-B9B8-06BD00B7D8A1}.Debug (SQL Server Only)|Any CPU.Build.0 = Debug|Any CPU
		{8ED7A69A-A258-4D9A-B9B8-06BD00B7D8A1}.Debug|Any CPU.ActiveCfg = Debug|Any CPU
		{8ED7A69A-A258-4D9A-B9B8-06BD00B7D8A1}.Debug|Any CPU.Build.0 = Debug|Any CPU
		{8ED7A69A-A258-4D9A-B9B8-06BD00B7D8A1}.Release (SQL Server Only)|Any CPU.ActiveCfg = Release|Any CPU
		{8ED7A69A-A258-4D9A-B9B8-06BD00B7D8A1}.Release (SQL Server Only)|Any CPU.Build.0 = Release|Any CPU
		{8ED7A69A-A258-4D9A-B9B8-06BD00B7D8A1}.Release|Any CPU.ActiveCfg = Release|Any CPU
		{8ED7A69A-A258-4D9A-B9B8-06BD00B7D8A1}.Release|Any CPU.Build.0 = Release|Any CPU
		{FBDF16C2-7922-48D5-A043-700BD9A7D494}.Debug (SQL Server Only)|Any CPU.ActiveCfg = Debug|Any CPU
		{FBDF16C2-7922-48D5-A043-700BD9A7D494}.Debug (SQL Server Only)|Any CPU.Build.0 = Debug|Any CPU
		{FBDF16C2-7922-48D5-A043-700BD9A7D494}.Debug|Any CPU.ActiveCfg = Debug|Any CPU
		{FBDF16C2-7922-48D5-A043-700BD9A7D494}.Debug|Any CPU.Build.0 = Debug|Any CPU
		{FBDF16C2-7922-48D5-A043-700BD9A7D494}.Release (SQL Server Only)|Any CPU.ActiveCfg = Release|Any CPU
		{FBDF16C2-7922-48D5-A043-700BD9A7D494}.Release (SQL Server Only)|Any CPU.Build.0 = Release|Any CPU
		{FBDF16C2-7922-48D5-A043-700BD9A7D494}.Release|Any CPU.ActiveCfg = Release|Any CPU
		{FBDF16C2-7922-48D5-A043-700BD9A7D494}.Release|Any CPU.Build.0 = Release|Any CPU
		{B13BBD04-84C7-4500-8A67-D7A9B8BCAA85}.Debug (SQL Server Only)|Any CPU.ActiveCfg = Debug|Any CPU
		{B13BBD04-84C7-4500-8A67-D7A9B8BCAA85}.Debug (SQL Server Only)|Any CPU.Build.0 = Debug|Any CPU
		{B13BBD04-84C7-4500-8A67-D7A9B8BCAA85}.Debug|Any CPU.ActiveCfg = Debug|Any CPU
		{B13BBD04-84C7-4500-8A67-D7A9B8BCAA85}.Debug|Any CPU.Build.0 = Debug|Any CPU
		{B13BBD04-84C7-4500-8A67-D7A9B8BCAA85}.Release (SQL Server Only)|Any CPU.ActiveCfg = Release|Any CPU
		{B13BBD04-84C7-4500-8A67-D7A9B8BCAA85}.Release (SQL Server Only)|Any CPU.Build.0 = Release|Any CPU
		{B13BBD04-84C7-4500-8A67-D7A9B8BCAA85}.Release|Any CPU.ActiveCfg = Release|Any CPU
		{B13BBD04-84C7-4500-8A67-D7A9B8BCAA85}.Release|Any CPU.Build.0 = Release|Any CPU
		{2CE00A6B-C0AC-44AB-B80F-9E58865AD3BD}.Debug (SQL Server Only)|Any CPU.ActiveCfg = Debug|Any CPU
		{2CE00A6B-C0AC-44AB-B80F-9E58865AD3BD}.Debug (SQL Server Only)|Any CPU.Build.0 = Debug|Any CPU
		{2CE00A6B-C0AC-44AB-B80F-9E58865AD3BD}.Debug|Any CPU.ActiveCfg = Debug|Any CPU
		{2CE00A6B-C0AC-44AB-B80F-9E58865AD3BD}.Debug|Any CPU.Build.0 = Debug|Any CPU
		{2CE00A6B-C0AC-44AB-B80F-9E58865AD3BD}.Release (SQL Server Only)|Any CPU.ActiveCfg = Release|Any CPU
		{2CE00A6B-C0AC-44AB-B80F-9E58865AD3BD}.Release (SQL Server Only)|Any CPU.Build.0 = Release|Any CPU
		{2CE00A6B-C0AC-44AB-B80F-9E58865AD3BD}.Release|Any CPU.ActiveCfg = Release|Any CPU
		{2CE00A6B-C0AC-44AB-B80F-9E58865AD3BD}.Release|Any CPU.Build.0 = Release|Any CPU
		{EE4A10E7-92C3-4EAC-B6DF-5DA1C26F4D1D}.Debug (SQL Server Only)|Any CPU.ActiveCfg = Debug (SQL Server Only)|Any CPU
		{EE4A10E7-92C3-4EAC-B6DF-5DA1C26F4D1D}.Debug (SQL Server Only)|Any CPU.Build.0 = Debug (SQL Server Only)|Any CPU
		{EE4A10E7-92C3-4EAC-B6DF-5DA1C26F4D1D}.Debug|Any CPU.ActiveCfg = Debug|Any CPU
		{EE4A10E7-92C3-4EAC-B6DF-5DA1C26F4D1D}.Debug|Any CPU.Build.0 = Debug|Any CPU
		{EE4A10E7-92C3-4EAC-B6DF-5DA1C26F4D1D}.Release (SQL Server Only)|Any CPU.ActiveCfg = Release (SQL Server Only)|Any CPU
		{EE4A10E7-92C3-4EAC-B6DF-5DA1C26F4D1D}.Release (SQL Server Only)|Any CPU.Build.0 = Release (SQL Server Only)|Any CPU
		{EE4A10E7-92C3-4EAC-B6DF-5DA1C26F4D1D}.Release|Any CPU.ActiveCfg = Release|Any CPU
		{EE4A10E7-92C3-4EAC-B6DF-5DA1C26F4D1D}.Release|Any CPU.Build.0 = Release|Any CPU
		{C2776F02-C5E2-42BA-B4B0-147625B90A18}.Debug (SQL Server Only)|Any CPU.ActiveCfg = Debug|Any CPU
		{C2776F02-C5E2-42BA-B4B0-147625B90A18}.Debug (SQL Server Only)|Any CPU.Build.0 = Debug|Any CPU
		{C2776F02-C5E2-42BA-B4B0-147625B90A18}.Debug|Any CPU.ActiveCfg = Debug|Any CPU
		{C2776F02-C5E2-42BA-B4B0-147625B90A18}.Debug|Any CPU.Build.0 = Debug|Any CPU
		{C2776F02-C5E2-42BA-B4B0-147625B90A18}.Release (SQL Server Only)|Any CPU.ActiveCfg = Release|Any CPU
		{C2776F02-C5E2-42BA-B4B0-147625B90A18}.Release (SQL Server Only)|Any CPU.Build.0 = Release|Any CPU
		{C2776F02-C5E2-42BA-B4B0-147625B90A18}.Release|Any CPU.ActiveCfg = Release|Any CPU
		{C2776F02-C5E2-42BA-B4B0-147625B90A18}.Release|Any CPU.Build.0 = Release|Any CPU
		{ACCE6D59-0AA7-4353-850E-1B78E16B3074}.Debug (SQL Server Only)|Any CPU.ActiveCfg = Debug|Any CPU
		{ACCE6D59-0AA7-4353-850E-1B78E16B3074}.Debug (SQL Server Only)|Any CPU.Build.0 = Debug|Any CPU
		{ACCE6D59-0AA7-4353-850E-1B78E16B3074}.Debug|Any CPU.ActiveCfg = Debug|Any CPU
		{ACCE6D59-0AA7-4353-850E-1B78E16B3074}.Debug|Any CPU.Build.0 = Debug|Any CPU
		{ACCE6D59-0AA7-4353-850E-1B78E16B3074}.Release (SQL Server Only)|Any CPU.ActiveCfg = Release|Any CPU
		{ACCE6D59-0AA7-4353-850E-1B78E16B3074}.Release (SQL Server Only)|Any CPU.Build.0 = Release|Any CPU
		{ACCE6D59-0AA7-4353-850E-1B78E16B3074}.Release|Any CPU.ActiveCfg = Release|Any CPU
		{ACCE6D59-0AA7-4353-850E-1B78E16B3074}.Release|Any CPU.Build.0 = Release|Any CPU
		{0A865A05-C179-46BA-975E-E360E33CD223}.Debug (SQL Server Only)|Any CPU.ActiveCfg = Debug|Any CPU
		{0A865A05-C179-46BA-975E-E360E33CD223}.Debug (SQL Server Only)|Any CPU.Build.0 = Debug|Any CPU
		{0A865A05-C179-46BA-975E-E360E33CD223}.Debug|Any CPU.ActiveCfg = Debug|Any CPU
		{0A865A05-C179-46BA-975E-E360E33CD223}.Debug|Any CPU.Build.0 = Debug|Any CPU
		{0A865A05-C179-46BA-975E-E360E33CD223}.Release (SQL Server Only)|Any CPU.ActiveCfg = Release|Any CPU
		{0A865A05-C179-46BA-975E-E360E33CD223}.Release (SQL Server Only)|Any CPU.Build.0 = Release|Any CPU
		{0A865A05-C179-46BA-975E-E360E33CD223}.Release|Any CPU.ActiveCfg = Release|Any CPU
		{0A865A05-C179-46BA-975E-E360E33CD223}.Release|Any CPU.Build.0 = Release|Any CPU
		{CFF942B5-73BE-42A3-86DE-14EF45BEFCF1}.Debug (SQL Server Only)|Any CPU.ActiveCfg = Debug|Any CPU
		{CFF942B5-73BE-42A3-86DE-14EF45BEFCF1}.Debug (SQL Server Only)|Any CPU.Build.0 = Debug|Any CPU
		{CFF942B5-73BE-42A3-86DE-14EF45BEFCF1}.Debug|Any CPU.ActiveCfg = Debug|Any CPU
		{CFF942B5-73BE-42A3-86DE-14EF45BEFCF1}.Debug|Any CPU.Build.0 = Debug|Any CPU
		{CFF942B5-73BE-42A3-86DE-14EF45BEFCF1}.Release (SQL Server Only)|Any CPU.ActiveCfg = Release|Any CPU
		{CFF942B5-73BE-42A3-86DE-14EF45BEFCF1}.Release (SQL Server Only)|Any CPU.Build.0 = Release|Any CPU
		{CFF942B5-73BE-42A3-86DE-14EF45BEFCF1}.Release|Any CPU.ActiveCfg = Release|Any CPU
		{CFF942B5-73BE-42A3-86DE-14EF45BEFCF1}.Release|Any CPU.Build.0 = Release|Any CPU
		{B6B1FCF3-F2BA-445E-9041-5100733EFD20}.Debug (SQL Server Only)|Any CPU.ActiveCfg = Debug|Any CPU
		{B6B1FCF3-F2BA-445E-9041-5100733EFD20}.Debug (SQL Server Only)|Any CPU.Build.0 = Debug|Any CPU
		{B6B1FCF3-F2BA-445E-9041-5100733EFD20}.Debug|Any CPU.ActiveCfg = Debug|Any CPU
		{B6B1FCF3-F2BA-445E-9041-5100733EFD20}.Debug|Any CPU.Build.0 = Debug|Any CPU
		{B6B1FCF3-F2BA-445E-9041-5100733EFD20}.Release (SQL Server Only)|Any CPU.ActiveCfg = Release|Any CPU
		{B6B1FCF3-F2BA-445E-9041-5100733EFD20}.Release (SQL Server Only)|Any CPU.Build.0 = Release|Any CPU
		{B6B1FCF3-F2BA-445E-9041-5100733EFD20}.Release|Any CPU.ActiveCfg = Release|Any CPU
		{B6B1FCF3-F2BA-445E-9041-5100733EFD20}.Release|Any CPU.Build.0 = Release|Any CPU
		{1985BA39-F5F6-4267-BEF8-EE0DB47D0239}.Debug (SQL Server Only)|Any CPU.ActiveCfg = Debug|Any CPU
		{1985BA39-F5F6-4267-BEF8-EE0DB47D0239}.Debug (SQL Server Only)|Any CPU.Build.0 = Debug|Any CPU
		{1985BA39-F5F6-4267-BEF8-EE0DB47D0239}.Debug|Any CPU.ActiveCfg = Debug|Any CPU
		{1985BA39-F5F6-4267-BEF8-EE0DB47D0239}.Debug|Any CPU.Build.0 = Debug|Any CPU
		{1985BA39-F5F6-4267-BEF8-EE0DB47D0239}.Release (SQL Server Only)|Any CPU.ActiveCfg = Release|Any CPU
		{1985BA39-F5F6-4267-BEF8-EE0DB47D0239}.Release (SQL Server Only)|Any CPU.Build.0 = Release|Any CPU
		{1985BA39-F5F6-4267-BEF8-EE0DB47D0239}.Release|Any CPU.ActiveCfg = Release|Any CPU
		{1985BA39-F5F6-4267-BEF8-EE0DB47D0239}.Release|Any CPU.Build.0 = Release|Any CPU
		{68D5722B-45B2-4B9A-BA7C-BFCFCC001D83}.Debug (SQL Server Only)|Any CPU.ActiveCfg = Debug|Any CPU
		{68D5722B-45B2-4B9A-BA7C-BFCFCC001D83}.Debug (SQL Server Only)|Any CPU.Build.0 = Debug|Any CPU
		{68D5722B-45B2-4B9A-BA7C-BFCFCC001D83}.Debug|Any CPU.ActiveCfg = Debug|Any CPU
		{68D5722B-45B2-4B9A-BA7C-BFCFCC001D83}.Debug|Any CPU.Build.0 = Debug|Any CPU
		{68D5722B-45B2-4B9A-BA7C-BFCFCC001D83}.Release (SQL Server Only)|Any CPU.ActiveCfg = Release|Any CPU
		{68D5722B-45B2-4B9A-BA7C-BFCFCC001D83}.Release (SQL Server Only)|Any CPU.Build.0 = Release|Any CPU
		{68D5722B-45B2-4B9A-BA7C-BFCFCC001D83}.Release|Any CPU.ActiveCfg = Release|Any CPU
		{68D5722B-45B2-4B9A-BA7C-BFCFCC001D83}.Release|Any CPU.Build.0 = Release|Any CPU
		{23BB4972-325C-40D8-96F6-EB8A60676D63}.Debug (SQL Server Only)|Any CPU.ActiveCfg = Debug|Any CPU
		{23BB4972-325C-40D8-96F6-EB8A60676D63}.Debug (SQL Server Only)|Any CPU.Build.0 = Debug|Any CPU
		{23BB4972-325C-40D8-96F6-EB8A60676D63}.Debug|Any CPU.ActiveCfg = Debug|Any CPU
		{23BB4972-325C-40D8-96F6-EB8A60676D63}.Debug|Any CPU.Build.0 = Debug|Any CPU
		{23BB4972-325C-40D8-96F6-EB8A60676D63}.Release (SQL Server Only)|Any CPU.ActiveCfg = Release|Any CPU
		{23BB4972-325C-40D8-96F6-EB8A60676D63}.Release (SQL Server Only)|Any CPU.Build.0 = Release|Any CPU
		{23BB4972-325C-40D8-96F6-EB8A60676D63}.Release|Any CPU.ActiveCfg = Release|Any CPU
		{23BB4972-325C-40D8-96F6-EB8A60676D63}.Release|Any CPU.Build.0 = Release|Any CPU
		{1415CB37-0EDB-4645-AA7E-5CE82DF82721}.Debug (SQL Server Only)|Any CPU.ActiveCfg = Debug|Any CPU
		{1415CB37-0EDB-4645-AA7E-5CE82DF82721}.Debug (SQL Server Only)|Any CPU.Build.0 = Debug|Any CPU
		{1415CB37-0EDB-4645-AA7E-5CE82DF82721}.Debug|Any CPU.ActiveCfg = Debug|Any CPU
		{1415CB37-0EDB-4645-AA7E-5CE82DF82721}.Debug|Any CPU.Build.0 = Debug|Any CPU
		{1415CB37-0EDB-4645-AA7E-5CE82DF82721}.Release (SQL Server Only)|Any CPU.ActiveCfg = Release|Any CPU
		{1415CB37-0EDB-4645-AA7E-5CE82DF82721}.Release (SQL Server Only)|Any CPU.Build.0 = Release|Any CPU
		{1415CB37-0EDB-4645-AA7E-5CE82DF82721}.Release|Any CPU.ActiveCfg = Release|Any CPU
		{1415CB37-0EDB-4645-AA7E-5CE82DF82721}.Release|Any CPU.Build.0 = Release|Any CPU
		{DCDBF3EE-D932-4713-9A47-2693C0C7BEF4}.Debug (SQL Server Only)|Any CPU.ActiveCfg = Debug|Any CPU
		{DCDBF3EE-D932-4713-9A47-2693C0C7BEF4}.Debug (SQL Server Only)|Any CPU.Build.0 = Debug|Any CPU
		{DCDBF3EE-D932-4713-9A47-2693C0C7BEF4}.Debug|Any CPU.ActiveCfg = Debug|Any CPU
		{DCDBF3EE-D932-4713-9A47-2693C0C7BEF4}.Debug|Any CPU.Build.0 = Debug|Any CPU
		{DCDBF3EE-D932-4713-9A47-2693C0C7BEF4}.Release (SQL Server Only)|Any CPU.ActiveCfg = Release|Any CPU
		{DCDBF3EE-D932-4713-9A47-2693C0C7BEF4}.Release (SQL Server Only)|Any CPU.Build.0 = Release|Any CPU
		{DCDBF3EE-D932-4713-9A47-2693C0C7BEF4}.Release|Any CPU.ActiveCfg = Release|Any CPU
		{DCDBF3EE-D932-4713-9A47-2693C0C7BEF4}.Release|Any CPU.Build.0 = Release|Any CPU
	EndGlobalSection
	GlobalSection(SolutionProperties) = preSolution
		HideSolutionNode = FALSE
	EndGlobalSection
	GlobalSection(NestedProjects) = preSolution
		{DD5C6F9D-0C78-4C1C-AF83-79635E61786F} = {58CC98CC-9396-4BCF-8A8F-FA49F075F721}
		{ED8BDF3E-65CC-4F3A-9E0B-2B9093478C25} = {4F0295D9-6D99-4805-8807-1C663E368656}
		{73A1AAF3-5FED-40C2-934C-DB977CBC6188} = {4F0295D9-6D99-4805-8807-1C663E368656}
		{FBDF16C2-7922-48D5-A043-700BD9A7D494} = {4F0295D9-6D99-4805-8807-1C663E368656}
		{87534C41-8CE5-44A1-9DFB-8881572D8E95} = {3C2DF4C9-D7D7-4F75-B222-26DA199B86F2}
		{A4D0820E-3529-4CB9-BA5F-B2824BFEEC97} = {3C2DF4C9-D7D7-4F75-B222-26DA199B86F2}
		{7553C22A-3ABB-495E-BFDA-F3673195A3A2} = {3C2DF4C9-D7D7-4F75-B222-26DA199B86F2}
		{C6B80724-C185-4AD9-B13F-805849413533} = {3C2DF4C9-D7D7-4F75-B222-26DA199B86F2}
		{EDD7540E-B6B0-4FC4-AC04-16A89C187308} = {3C2DF4C9-D7D7-4F75-B222-26DA199B86F2}
		{1F6D0871-C3D4-43CF-B6F8-5C53B9A5BF85} = {3C2DF4C9-D7D7-4F75-B222-26DA199B86F2}
		{33A1B8C5-B37D-423E-B7FD-83CE1EC1D442} = {3C2DF4C9-D7D7-4F75-B222-26DA199B86F2}
		{27827478-D8D8-4D33-BB2F-BE1E23CDDFE5} = {2EF6E417-A91E-47CF-92CA-13DC355D47C1}
		{E74E76B7-15A4-44EF-994C-EF75F4E7FBDB} = {6D0D39BD-BAD7-49B2-BAE4-70DF927CEADA}
		{FFB66694-40EB-49ED-B8EA-B5C0C76B3C1B} = {6D0D39BD-BAD7-49B2-BAE4-70DF927CEADA}
		{8ED7A69A-A258-4D9A-B9B8-06BD00B7D8A1} = {6D0D39BD-BAD7-49B2-BAE4-70DF927CEADA}
		{B13BBD04-84C7-4500-8A67-D7A9B8BCAA85} = {6D0D39BD-BAD7-49B2-BAE4-70DF927CEADA}
		{2CE00A6B-C0AC-44AB-B80F-9E58865AD3BD} = {6D0D39BD-BAD7-49B2-BAE4-70DF927CEADA}
		{4C52F83A-0039-4C8D-94D3-D6547DE9659B} = {167EB42B-0E0F-455F-9924-9F6112AB0C6C}
		{EE4A10E7-92C3-4EAC-B6DF-5DA1C26F4D1D} = {F3270118-14A4-488A-BC44-473640DCD391}
		{C2776F02-C5E2-42BA-B4B0-147625B90A18} = {F3270118-14A4-488A-BC44-473640DCD391}
		{ACCE6D59-0AA7-4353-850E-1B78E16B3074} = {F3270118-14A4-488A-BC44-473640DCD391}
		{0A865A05-C179-46BA-975E-E360E33CD223} = {F3270118-14A4-488A-BC44-473640DCD391}
		{CFF942B5-73BE-42A3-86DE-14EF45BEFCF1} = {F3270118-14A4-488A-BC44-473640DCD391}
		{B6B1FCF3-F2BA-445E-9041-5100733EFD20} = {F3270118-14A4-488A-BC44-473640DCD391}
		{1985BA39-F5F6-4267-BEF8-EE0DB47D0239} = {F3270118-14A4-488A-BC44-473640DCD391}
		{68D5722B-45B2-4B9A-BA7C-BFCFCC001D83} = {F3270118-14A4-488A-BC44-473640DCD391}
		{23BB4972-325C-40D8-96F6-EB8A60676D63} = {F3270118-14A4-488A-BC44-473640DCD391}
		{1415CB37-0EDB-4645-AA7E-5CE82DF82721} = {03FBC89F-B19A-44DC-BE5F-733F8272ACB0}
		{DCDBF3EE-D932-4713-9A47-2693C0C7BEF4} = {18B8C3A1-39F2-4F1D-AE52-7756BDBCA000}
	EndGlobalSection
EndGlobal
