
Microsoft Visual Studio Solution File, Format Version 12.00
# Visual Studio 2012
Project("{FAE04EC0-301F-11D3-BF4B-00C04F79EFBC}") = "SOS.Clients.MVC.DealerSite", "SOS.Clients.MVC.DealerSite\SOS.Clients.MVC.DealerSite.csproj", "{EAC23667-E74B-4E6F-A3B3-26E9EA751FA6}"
EndProject
Global
	GlobalSection(SolutionConfigurationPlatforms) = preSolution
		Debug|Any CPU = Debug|Any CPU
		Release|Any CPU = Release|Any CPU
	EndGlobalSection
	GlobalSection(ProjectConfigurationPlatforms) = postSolution
		{EAC23667-E74B-4E6F-A3B3-26E9EA751FA6}.Debug|Any CPU.ActiveCfg = Debug|Any CPU
		{EAC23667-E74B-4E6F-A3B3-26E9EA751FA6}.Debug|Any CPU.Build.0 = Debug|Any CPU
		{EAC23667-E74B-4E6F-A3B3-26E9EA751FA6}.Release|Any CPU.ActiveCfg = Release|Any CPU
		{EAC23667-E74B-4E6F-A3B3-26E9EA751FA6}.Release|Any CPU.Build.0 = Release|Any CPU
	EndGlobalSection
	GlobalSection(SolutionProperties) = preSolution
		HideSolutionNode = FALSE
	EndGlobalSection
EndGlobal
