
Microsoft Visual Studio Solution File, Format Version 12.00
# Visual Studio 2013
VisualStudioVersion = 12.0.31101.0
MinimumVisualStudioVersion = 10.0.40219.1
Project("{FAE04EC0-301F-11D3-BF4B-00C04F79EFBC}") = "Nxs.Services.CorsConnext", "Nxs.Services.CorsConnext\Nxs.Services.CorsConnext.csproj", "{0267A546-4A7B-41DF-A415-C55865B6587E}"
	ProjectSection(ProjectDependencies) = postProject
		{D9EB376D-2BEA-4EC6-A0FE-79A9CDF0E54A} = {D9EB376D-2BEA-4EC6-A0FE-79A9CDF0E54A}
	EndProjectSection
EndProject
Project("{FAE04EC0-301F-11D3-BF4B-00C04F79EFBC}") = "Nxs.Services.CorsConnext.Tests", "Nxs.Services.CorsConnext.Tests\Nxs.Services.CorsConnext.Tests.csproj", "{047377AC-C44C-46B8-ABA1-CFAA5A06791F}"
EndProject
Project("{2150E333-8FDC-42A3-9474-1A3956D46DE8}") = "ClientServices", "ClientServices", "{CAF1E973-1E37-4E16-9E9C-28E53BC10BD3}"
EndProject
Project("{2150E333-8FDC-42A3-9474-1A3956D46DE8}") = "Tests", "Tests", "{870993A2-5BAE-4A12-9532-9A06427D171B}"
EndProject
Project("{2150E333-8FDC-42A3-9474-1A3956D46DE8}") = "Libraries", "Libraries", "{0A81B398-C0C8-4D89-973B-79CB27EF0AAB}"
EndProject
Project("{2150E333-8FDC-42A3-9474-1A3956D46DE8}") = "Data", "Data", "{A32D32C4-E11D-4600-900C-9E2E359C5528}"
	ProjectSection(SolutionItems) = preProject
		..\..\..\Data\SOS.Data.ReceiverEngine\SOS.Data.ReceiverEngine.csproj = ..\..\..\Data\SOS.Data.ReceiverEngine\SOS.Data.ReceiverEngine.csproj
		..\..\..\Data\SOS.Data.SosCrm\SOS.Data.SosCrm.csproj = ..\..\..\Data\SOS.Data.SosCrm\SOS.Data.SosCrm.csproj
	EndProjectSection
EndProject
Project("{FAE04EC0-301F-11D3-BF4B-00C04F79EFBC}") = "SOS.Lib.Core", "..\..\..\Lib\SOS.Lib.Core\SOS.Lib.Core.csproj", "{A4D0820E-3529-4CB9-BA5F-B2824BFEEC97}"
EndProject
Project("{FAE04EC0-301F-11D3-BF4B-00C04F79EFBC}") = "SOS.Lib.Util", "..\..\..\Lib\SOS.Lib.Util\SOS.Lib.Util.csproj", "{33A1B8C5-B37D-423E-B7FD-83CE1EC1D442}"
EndProject
Project("{2150E333-8FDC-42A3-9474-1A3956D46DE8}") = "FOS", "FOS", "{FCB79BC9-DDD0-496C-9E2D-96BAEA8FA47A}"
EndProject
Project("{FAE04EC0-301F-11D3-BF4B-00C04F79EFBC}") = "SubSonic", "..\..\..\Data\SubSonic\SubSonic.csproj", "{EE4A10E7-92C3-4EAC-B6DF-5DA1C26F4D1D}"
EndProject
Project("{FAE04EC0-301F-11D3-BF4B-00C04F79EFBC}") = "SOS.Data", "..\..\..\Data\SOS.Data\SOS.Data.csproj", "{C2776F02-C5E2-42BA-B4B0-147625B90A18}"
EndProject
Project("{FAE04EC0-301F-11D3-BF4B-00C04F79EFBC}") = "SOS.Data.HumanResource", "..\..\..\Data\SOS.Data.HumanResource\SOS.Data.HumanResource.csproj", "{CFF942B5-73BE-42A3-86DE-14EF45BEFCF1}"
EndProject
Project("{FAE04EC0-301F-11D3-BF4B-00C04F79EFBC}") = "SOS.Data.Logging", "..\..\..\Data\SOS.Data.Logging\SOS.Data.Logging.csproj", "{B6B1FCF3-F2BA-445E-9041-5100733EFD20}"
EndProject
Project("{FAE04EC0-301F-11D3-BF4B-00C04F79EFBC}") = "SOS.FunctionalServices", "..\..\..\FOS\SOS.FunctionalServices\SOS.FunctionalServices.csproj", "{2CE00A6B-C0AC-44AB-B80F-9E58865AD3BD}"
EndProject
Project("{FAE04EC0-301F-11D3-BF4B-00C04F79EFBC}") = "SOS.Data.AuthenticationControl", "..\..\..\Data\SOS.Data.AuthenticationControl\SOS.Data.AuthenticationControl.csproj", "{ACCE6D59-0AA7-4353-850E-1B78E16B3074}"
EndProject
Project("{FAE04EC0-301F-11D3-BF4B-00C04F79EFBC}") = "NSE.FOS", "..\..\..\FOS\NSE.FOS\NSE.FOS.csproj", "{40BA5B01-7D6E-4726-A58A-0CF2BC4E4CCB}"
EndProject
Project("{FAE04EC0-301F-11D3-BF4B-00C04F79EFBC}") = "NSE.FOS.RunCreditServices", "..\..\..\FOS\NSE.FOS.RunCreditServices\NSE.FOS.RunCreditServices.csproj", "{E25CA946-9DCD-4D2E-9378-DACB77EE82AA}"
EndProject
Project("{FAE04EC0-301F-11D3-BF4B-00C04F79EFBC}") = "NSE.Lib.Abara", "..\..\..\Lib\NSE.Lib.Abara\NSE.Lib.Abara.csproj", "{9685F421-DAF9-4806-A726-63A58FF4704E}"
EndProject
Project("{2150E333-8FDC-42A3-9474-1A3956D46DE8}") = "ClientServices_Interfaces", "ClientServices_Interfaces", "{046A3BD5-DD0E-4AEC-B3A1-A9EB745DBA1A}"
EndProject
Project("{FAE04EC0-301F-11D3-BF4B-00C04F79EFBC}") = "SOS.Services.Interfaces", "..\..\Interfaces\SOS.Services.Interfaces\SOS.Services.Interfaces.csproj", "{DCDBF3EE-D932-4713-9A47-2693C0C7BEF4}"
EndProject
Project("{FAE04EC0-301F-11D3-BF4B-00C04F79EFBC}") = "NSE.Lib.Microbilt", "..\..\..\Lib\NSE.Lib.Microbilt\NSE.Lib.Microbilt.csproj", "{E4D05580-1BC3-46D5-9DB1-573157BED512}"
EndProject
Project("{FAE04EC0-301F-11D3-BF4B-00C04F79EFBC}") = "SOS.Data.GpsTracking", "..\..\..\Data\SOS.Data.GpsTracking\SOS.Data.GpsTracking.csproj", "{0A865A05-C179-46BA-975E-E360E33CD223}"
EndProject
Project("{FAE04EC0-301F-11D3-BF4B-00C04F79EFBC}") = "BCrypt.Net", "..\..\..\Lib\bcrypt\BCrypt.Net\BCrypt.Net.csproj", "{517CBAB6-A48C-4068-9042-57DB2793BF50}"
EndProject
Project("{FAE04EC0-301F-11D3-BF4B-00C04F79EFBC}") = "SOS.Data.SosCrm", "..\..\..\Data\SOS.Data.SosCrm\SOS.Data.SosCrm.csproj", "{23BB4972-325C-40D8-96F6-EB8A60676D63}"
EndProject
Project("{FAE04EC0-301F-11D3-BF4B-00C04F79EFBC}") = "SOS.Data.ReceiverEngine", "..\..\..\Data\SOS.Data.ReceiverEngine\SOS.Data.ReceiverEngine.csproj", "{68D5722B-45B2-4B9A-BA7C-BFCFCC001D83}"
EndProject
Project("{FAE04EC0-301F-11D3-BF4B-00C04F79EFBC}") = "SOS.Lib.KW621API", "..\..\..\Lib\SOS.Lib.KW621API\SOS.Lib.KW621API.csproj", "{07704E83-62CD-41E3-B177-15A3A76C2814}"
EndProject
Project("{FAE04EC0-301F-11D3-BF4B-00C04F79EFBC}") = "SOS.Lib.LaipacAPI", "..\..\..\Lib\SOS.Lib.LaipacAPI\SOS.Lib.LaipacAPI.csproj", "{7553C22A-3ABB-495E-BFDA-F3673195A3A2}"
EndProject
Project("{FAE04EC0-301F-11D3-BF4B-00C04F79EFBC}") = "SSE.Lib.SseGpsDeviceAPI", "..\..\..\Lib\SSE.Lib.SseGpsDeviceAPI\SSE.Lib.SseGpsDeviceAPI.csproj", "{D9EB376D-2BEA-4EC6-A0FE-79A9CDF0E54A}"
EndProject
Project("{FAE04EC0-301F-11D3-BF4B-00C04F79EFBC}") = "SSE.Lib.Interfaces", "..\..\..\Lib\SSE.Lib.Interfaces\SSE.Lib.Interfaces.csproj", "{049707C3-442A-4E23-BEE1-CC379B9D3901}"
EndProject
Project("{FAE04EC0-301F-11D3-BF4B-00C04F79EFBC}") = "SSE.Data.SurveyEngine", "..\..\..\Data\SSE.Data.SurveyEngine\SSE.Data.SurveyEngine.csproj", "{6DB56BA6-5E04-4D12-A424-2B3E5E51AA0C}"
EndProject
Project("{FAE04EC0-301F-11D3-BF4B-00C04F79EFBC}") = "SOS.FOS.CellStation", "..\..\..\FOS\SOS.FOS.CellStation\SOS.FOS.CellStation.csproj", "{0992E344-2BB8-4E0D-B9A6-92CA0A9353F4}"
EndProject
Project("{FAE04EC0-301F-11D3-BF4B-00C04F79EFBC}") = "SOS.FOS.MerchantServices", "..\..\..\FOS\SOS.FOS.MerchantServices\SOS.FOS.MerchantServices.csproj", "{FFB66694-40EB-49ED-B8EA-B5C0C76B3C1B}"
EndProject
Project("{FAE04EC0-301F-11D3-BF4B-00C04F79EFBC}") = "SOS.FOS.ReceiverEngineServices", "..\..\..\FOS\SOS.FOS.ReceiverEngineServices\SOS.FOS.ReceiverEngineServices.csproj", "{B13BBD04-84C7-4500-8A67-D7A9B8BCAA85}"
EndProject
Project("{FAE04EC0-301F-11D3-BF4B-00C04F79EFBC}") = "SSE.FOS.AddressVerification", "..\..\..\FOS\SSE.FOS.AddressVerification\SSE.FOS.AddressVerification.csproj", "{EB0CD70F-7BE6-4C74-92F9-2F74A34FF6ED}"
EndProject
Project("{FAE04EC0-301F-11D3-BF4B-00C04F79EFBC}") = "SOS.FunctionalServices.Contracts", "..\..\..\FOS\SOS.FunctionalServices.Contracts\SOS.FunctionalServices.Contracts.csproj", "{4C52F83A-0039-4C8D-94D3-D6547DE9659B}"
EndProject
Project("{FAE04EC0-301F-11D3-BF4B-00C04F79EFBC}") = "SOS.Services.DataModels", "..\..\DataModels\SOS.Services.DataModels\SOS.Services.DataModels.csproj", "{1415CB37-0EDB-4645-AA7E-5CE82DF82721}"
EndProject
Project("{FAE04EC0-301F-11D3-BF4B-00C04F79EFBC}") = "SOS.Lib.AuthorizeNet", "..\..\..\Lib\SOS.Lib.AuthorizeNet\SOS.Lib.AuthorizeNet.csproj", "{87534C41-8CE5-44A1-9DFB-8881572D8E95}"
EndProject
Project("{FAE04EC0-301F-11D3-BF4B-00C04F79EFBC}") = "SOS.FOS.MonitoringStationServices", "..\..\..\FOS\SOS.FOS.MonitoringStationServices\SOS.FOS.MonitoringStationServices.csproj", "{8ED7A69A-A258-4D9A-B9B8-06BD00B7D8A1}"
EndProject
Project("{2150E333-8FDC-42A3-9474-1A3956D46DE8}") = "Logic", "Logic", "{20129E13-A27E-4D23-B0A4-6D8B3E3A95B8}"
EndProject
Project("{FAE04EC0-301F-11D3-BF4B-00C04F79EFBC}") = "NXS.Logic.MonitoringStations", "..\..\..\Logic\NXS.Logic.MonitoringStations\NXS.Logic.MonitoringStations\NXS.Logic.MonitoringStations.csproj", "{3079255E-A811-4408-A00E-614F11E90E36}"
EndProject
Project("{FAE04EC0-301F-11D3-BF4B-00C04F79EFBC}") = "NXS.Lib.Web", "..\..\..\Lib\NXS.Lib.Web\NXS.Lib.Web.csproj", "{C067B3AB-3FAF-40D7-98E9-5788768BD315}"
EndProject
Global
	GlobalSection(SolutionConfigurationPlatforms) = preSolution
		Debug (SQL Server Only)|Any CPU = Debug (SQL Server Only)|Any CPU
		Debug|Any CPU = Debug|Any CPU
		Release (SQL Server Only)|Any CPU = Release (SQL Server Only)|Any CPU
		Release|Any CPU = Release|Any CPU
	EndGlobalSection
	GlobalSection(ProjectConfigurationPlatforms) = postSolution
		{0267A546-4A7B-41DF-A415-C55865B6587E}.Debug (SQL Server Only)|Any CPU.ActiveCfg = Debug|Any CPU
		{0267A546-4A7B-41DF-A415-C55865B6587E}.Debug (SQL Server Only)|Any CPU.Build.0 = Debug|Any CPU
		{0267A546-4A7B-41DF-A415-C55865B6587E}.Debug|Any CPU.ActiveCfg = Debug|Any CPU
		{0267A546-4A7B-41DF-A415-C55865B6587E}.Debug|Any CPU.Build.0 = Debug|Any CPU
		{0267A546-4A7B-41DF-A415-C55865B6587E}.Release (SQL Server Only)|Any CPU.ActiveCfg = Release|Any CPU
		{0267A546-4A7B-41DF-A415-C55865B6587E}.Release (SQL Server Only)|Any CPU.Build.0 = Release|Any CPU
		{0267A546-4A7B-41DF-A415-C55865B6587E}.Release|Any CPU.ActiveCfg = Release|Any CPU
		{0267A546-4A7B-41DF-A415-C55865B6587E}.Release|Any CPU.Build.0 = Release|Any CPU
		{047377AC-C44C-46B8-ABA1-CFAA5A06791F}.Debug (SQL Server Only)|Any CPU.ActiveCfg = Debug|Any CPU
		{047377AC-C44C-46B8-ABA1-CFAA5A06791F}.Debug (SQL Server Only)|Any CPU.Build.0 = Debug|Any CPU
		{047377AC-C44C-46B8-ABA1-CFAA5A06791F}.Debug|Any CPU.ActiveCfg = Debug|Any CPU
		{047377AC-C44C-46B8-ABA1-CFAA5A06791F}.Debug|Any CPU.Build.0 = Debug|Any CPU
		{047377AC-C44C-46B8-ABA1-CFAA5A06791F}.Release (SQL Server Only)|Any CPU.ActiveCfg = Release|Any CPU
		{047377AC-C44C-46B8-ABA1-CFAA5A06791F}.Release (SQL Server Only)|Any CPU.Build.0 = Release|Any CPU
		{047377AC-C44C-46B8-ABA1-CFAA5A06791F}.Release|Any CPU.ActiveCfg = Release|Any CPU
		{047377AC-C44C-46B8-ABA1-CFAA5A06791F}.Release|Any CPU.Build.0 = Release|Any CPU
		{A4D0820E-3529-4CB9-BA5F-B2824BFEEC97}.Debug (SQL Server Only)|Any CPU.ActiveCfg = Debug|Any CPU
		{A4D0820E-3529-4CB9-BA5F-B2824BFEEC97}.Debug (SQL Server Only)|Any CPU.Build.0 = Debug|Any CPU
		{A4D0820E-3529-4CB9-BA5F-B2824BFEEC97}.Debug|Any CPU.ActiveCfg = Debug|Any CPU
		{A4D0820E-3529-4CB9-BA5F-B2824BFEEC97}.Debug|Any CPU.Build.0 = Debug|Any CPU
		{A4D0820E-3529-4CB9-BA5F-B2824BFEEC97}.Release (SQL Server Only)|Any CPU.ActiveCfg = Release|Any CPU
		{A4D0820E-3529-4CB9-BA5F-B2824BFEEC97}.Release (SQL Server Only)|Any CPU.Build.0 = Release|Any CPU
		{A4D0820E-3529-4CB9-BA5F-B2824BFEEC97}.Release|Any CPU.ActiveCfg = Release|Any CPU
		{A4D0820E-3529-4CB9-BA5F-B2824BFEEC97}.Release|Any CPU.Build.0 = Release|Any CPU
		{33A1B8C5-B37D-423E-B7FD-83CE1EC1D442}.Debug (SQL Server Only)|Any CPU.ActiveCfg = Debug|Any CPU
		{33A1B8C5-B37D-423E-B7FD-83CE1EC1D442}.Debug (SQL Server Only)|Any CPU.Build.0 = Debug|Any CPU
		{33A1B8C5-B37D-423E-B7FD-83CE1EC1D442}.Debug|Any CPU.ActiveCfg = Debug|Any CPU
		{33A1B8C5-B37D-423E-B7FD-83CE1EC1D442}.Debug|Any CPU.Build.0 = Debug|Any CPU
		{33A1B8C5-B37D-423E-B7FD-83CE1EC1D442}.Release (SQL Server Only)|Any CPU.ActiveCfg = Release|Any CPU
		{33A1B8C5-B37D-423E-B7FD-83CE1EC1D442}.Release (SQL Server Only)|Any CPU.Build.0 = Release|Any CPU
		{33A1B8C5-B37D-423E-B7FD-83CE1EC1D442}.Release|Any CPU.ActiveCfg = Release|Any CPU
		{33A1B8C5-B37D-423E-B7FD-83CE1EC1D442}.Release|Any CPU.Build.0 = Release|Any CPU
		{EE4A10E7-92C3-4EAC-B6DF-5DA1C26F4D1D}.Debug (SQL Server Only)|Any CPU.ActiveCfg = Debug (SQL Server Only)|Any CPU
		{EE4A10E7-92C3-4EAC-B6DF-5DA1C26F4D1D}.Debug (SQL Server Only)|Any CPU.Build.0 = Debug (SQL Server Only)|Any CPU
		{EE4A10E7-92C3-4EAC-B6DF-5DA1C26F4D1D}.Debug|Any CPU.ActiveCfg = Debug|Any CPU
		{EE4A10E7-92C3-4EAC-B6DF-5DA1C26F4D1D}.Debug|Any CPU.Build.0 = Debug|Any CPU
		{EE4A10E7-92C3-4EAC-B6DF-5DA1C26F4D1D}.Release (SQL Server Only)|Any CPU.ActiveCfg = Release (SQL Server Only)|Any CPU
		{EE4A10E7-92C3-4EAC-B6DF-5DA1C26F4D1D}.Release (SQL Server Only)|Any CPU.Build.0 = Release (SQL Server Only)|Any CPU
		{EE4A10E7-92C3-4EAC-B6DF-5DA1C26F4D1D}.Release|Any CPU.ActiveCfg = Release|Any CPU
		{EE4A10E7-92C3-4EAC-B6DF-5DA1C26F4D1D}.Release|Any CPU.Build.0 = Release|Any CPU
		{C2776F02-C5E2-42BA-B4B0-147625B90A18}.Debug (SQL Server Only)|Any CPU.ActiveCfg = Debug|Any CPU
		{C2776F02-C5E2-42BA-B4B0-147625B90A18}.Debug (SQL Server Only)|Any CPU.Build.0 = Debug|Any CPU
		{C2776F02-C5E2-42BA-B4B0-147625B90A18}.Debug|Any CPU.ActiveCfg = Debug|Any CPU
		{C2776F02-C5E2-42BA-B4B0-147625B90A18}.Debug|Any CPU.Build.0 = Debug|Any CPU
		{C2776F02-C5E2-42BA-B4B0-147625B90A18}.Release (SQL Server Only)|Any CPU.ActiveCfg = Release|Any CPU
		{C2776F02-C5E2-42BA-B4B0-147625B90A18}.Release (SQL Server Only)|Any CPU.Build.0 = Release|Any CPU
		{C2776F02-C5E2-42BA-B4B0-147625B90A18}.Release|Any CPU.ActiveCfg = Release|Any CPU
		{C2776F02-C5E2-42BA-B4B0-147625B90A18}.Release|Any CPU.Build.0 = Release|Any CPU
		{CFF942B5-73BE-42A3-86DE-14EF45BEFCF1}.Debug (SQL Server Only)|Any CPU.ActiveCfg = Debug|Any CPU
		{CFF942B5-73BE-42A3-86DE-14EF45BEFCF1}.Debug (SQL Server Only)|Any CPU.Build.0 = Debug|Any CPU
		{CFF942B5-73BE-42A3-86DE-14EF45BEFCF1}.Debug|Any CPU.ActiveCfg = Debug|Any CPU
		{CFF942B5-73BE-42A3-86DE-14EF45BEFCF1}.Debug|Any CPU.Build.0 = Debug|Any CPU
		{CFF942B5-73BE-42A3-86DE-14EF45BEFCF1}.Release (SQL Server Only)|Any CPU.ActiveCfg = Release|Any CPU
		{CFF942B5-73BE-42A3-86DE-14EF45BEFCF1}.Release (SQL Server Only)|Any CPU.Build.0 = Release|Any CPU
		{CFF942B5-73BE-42A3-86DE-14EF45BEFCF1}.Release|Any CPU.ActiveCfg = Release|Any CPU
		{CFF942B5-73BE-42A3-86DE-14EF45BEFCF1}.Release|Any CPU.Build.0 = Release|Any CPU
		{B6B1FCF3-F2BA-445E-9041-5100733EFD20}.Debug (SQL Server Only)|Any CPU.ActiveCfg = Debug|Any CPU
		{B6B1FCF3-F2BA-445E-9041-5100733EFD20}.Debug (SQL Server Only)|Any CPU.Build.0 = Debug|Any CPU
		{B6B1FCF3-F2BA-445E-9041-5100733EFD20}.Debug|Any CPU.ActiveCfg = Debug|Any CPU
		{B6B1FCF3-F2BA-445E-9041-5100733EFD20}.Debug|Any CPU.Build.0 = Debug|Any CPU
		{B6B1FCF3-F2BA-445E-9041-5100733EFD20}.Release (SQL Server Only)|Any CPU.ActiveCfg = Release|Any CPU
		{B6B1FCF3-F2BA-445E-9041-5100733EFD20}.Release (SQL Server Only)|Any CPU.Build.0 = Release|Any CPU
		{B6B1FCF3-F2BA-445E-9041-5100733EFD20}.Release|Any CPU.ActiveCfg = Release|Any CPU
		{B6B1FCF3-F2BA-445E-9041-5100733EFD20}.Release|Any CPU.Build.0 = Release|Any CPU
		{2CE00A6B-C0AC-44AB-B80F-9E58865AD3BD}.Debug (SQL Server Only)|Any CPU.ActiveCfg = Debug|Any CPU
		{2CE00A6B-C0AC-44AB-B80F-9E58865AD3BD}.Debug (SQL Server Only)|Any CPU.Build.0 = Debug|Any CPU
		{2CE00A6B-C0AC-44AB-B80F-9E58865AD3BD}.Debug|Any CPU.ActiveCfg = Debug|Any CPU
		{2CE00A6B-C0AC-44AB-B80F-9E58865AD3BD}.Debug|Any CPU.Build.0 = Debug|Any CPU
		{2CE00A6B-C0AC-44AB-B80F-9E58865AD3BD}.Release (SQL Server Only)|Any CPU.ActiveCfg = Release|Any CPU
		{2CE00A6B-C0AC-44AB-B80F-9E58865AD3BD}.Release (SQL Server Only)|Any CPU.Build.0 = Release|Any CPU
		{2CE00A6B-C0AC-44AB-B80F-9E58865AD3BD}.Release|Any CPU.ActiveCfg = Release|Any CPU
		{2CE00A6B-C0AC-44AB-B80F-9E58865AD3BD}.Release|Any CPU.Build.0 = Release|Any CPU
		{ACCE6D59-0AA7-4353-850E-1B78E16B3074}.Debug (SQL Server Only)|Any CPU.ActiveCfg = Debug|Any CPU
		{ACCE6D59-0AA7-4353-850E-1B78E16B3074}.Debug (SQL Server Only)|Any CPU.Build.0 = Debug|Any CPU
		{ACCE6D59-0AA7-4353-850E-1B78E16B3074}.Debug|Any CPU.ActiveCfg = Debug|Any CPU
		{ACCE6D59-0AA7-4353-850E-1B78E16B3074}.Debug|Any CPU.Build.0 = Debug|Any CPU
		{ACCE6D59-0AA7-4353-850E-1B78E16B3074}.Release (SQL Server Only)|Any CPU.ActiveCfg = Release|Any CPU
		{ACCE6D59-0AA7-4353-850E-1B78E16B3074}.Release (SQL Server Only)|Any CPU.Build.0 = Release|Any CPU
		{ACCE6D59-0AA7-4353-850E-1B78E16B3074}.Release|Any CPU.ActiveCfg = Release|Any CPU
		{ACCE6D59-0AA7-4353-850E-1B78E16B3074}.Release|Any CPU.Build.0 = Release|Any CPU
		{40BA5B01-7D6E-4726-A58A-0CF2BC4E4CCB}.Debug (SQL Server Only)|Any CPU.ActiveCfg = Debug|Any CPU
		{40BA5B01-7D6E-4726-A58A-0CF2BC4E4CCB}.Debug (SQL Server Only)|Any CPU.Build.0 = Debug|Any CPU
		{40BA5B01-7D6E-4726-A58A-0CF2BC4E4CCB}.Debug|Any CPU.ActiveCfg = Debug|Any CPU
		{40BA5B01-7D6E-4726-A58A-0CF2BC4E4CCB}.Debug|Any CPU.Build.0 = Debug|Any CPU
		{40BA5B01-7D6E-4726-A58A-0CF2BC4E4CCB}.Release (SQL Server Only)|Any CPU.ActiveCfg = Release|Any CPU
		{40BA5B01-7D6E-4726-A58A-0CF2BC4E4CCB}.Release (SQL Server Only)|Any CPU.Build.0 = Release|Any CPU
		{40BA5B01-7D6E-4726-A58A-0CF2BC4E4CCB}.Release|Any CPU.ActiveCfg = Release|Any CPU
		{40BA5B01-7D6E-4726-A58A-0CF2BC4E4CCB}.Release|Any CPU.Build.0 = Release|Any CPU
		{E25CA946-9DCD-4D2E-9378-DACB77EE82AA}.Debug (SQL Server Only)|Any CPU.ActiveCfg = Debug|Any CPU
		{E25CA946-9DCD-4D2E-9378-DACB77EE82AA}.Debug (SQL Server Only)|Any CPU.Build.0 = Debug|Any CPU
		{E25CA946-9DCD-4D2E-9378-DACB77EE82AA}.Debug|Any CPU.ActiveCfg = Debug|Any CPU
		{E25CA946-9DCD-4D2E-9378-DACB77EE82AA}.Debug|Any CPU.Build.0 = Debug|Any CPU
		{E25CA946-9DCD-4D2E-9378-DACB77EE82AA}.Release (SQL Server Only)|Any CPU.ActiveCfg = Release|Any CPU
		{E25CA946-9DCD-4D2E-9378-DACB77EE82AA}.Release (SQL Server Only)|Any CPU.Build.0 = Release|Any CPU
		{E25CA946-9DCD-4D2E-9378-DACB77EE82AA}.Release|Any CPU.ActiveCfg = Release|Any CPU
		{E25CA946-9DCD-4D2E-9378-DACB77EE82AA}.Release|Any CPU.Build.0 = Release|Any CPU
		{9685F421-DAF9-4806-A726-63A58FF4704E}.Debug (SQL Server Only)|Any CPU.ActiveCfg = Debug|Any CPU
		{9685F421-DAF9-4806-A726-63A58FF4704E}.Debug (SQL Server Only)|Any CPU.Build.0 = Debug|Any CPU
		{9685F421-DAF9-4806-A726-63A58FF4704E}.Debug|Any CPU.ActiveCfg = Debug|Any CPU
		{9685F421-DAF9-4806-A726-63A58FF4704E}.Debug|Any CPU.Build.0 = Debug|Any CPU
		{9685F421-DAF9-4806-A726-63A58FF4704E}.Release (SQL Server Only)|Any CPU.ActiveCfg = Release|Any CPU
		{9685F421-DAF9-4806-A726-63A58FF4704E}.Release (SQL Server Only)|Any CPU.Build.0 = Release|Any CPU
		{9685F421-DAF9-4806-A726-63A58FF4704E}.Release|Any CPU.ActiveCfg = Release|Any CPU
		{9685F421-DAF9-4806-A726-63A58FF4704E}.Release|Any CPU.Build.0 = Release|Any CPU
		{DCDBF3EE-D932-4713-9A47-2693C0C7BEF4}.Debug (SQL Server Only)|Any CPU.ActiveCfg = Debug|Any CPU
		{DCDBF3EE-D932-4713-9A47-2693C0C7BEF4}.Debug (SQL Server Only)|Any CPU.Build.0 = Debug|Any CPU
		{DCDBF3EE-D932-4713-9A47-2693C0C7BEF4}.Debug|Any CPU.ActiveCfg = Debug|Any CPU
		{DCDBF3EE-D932-4713-9A47-2693C0C7BEF4}.Debug|Any CPU.Build.0 = Debug|Any CPU
		{DCDBF3EE-D932-4713-9A47-2693C0C7BEF4}.Release (SQL Server Only)|Any CPU.ActiveCfg = Release|Any CPU
		{DCDBF3EE-D932-4713-9A47-2693C0C7BEF4}.Release (SQL Server Only)|Any CPU.Build.0 = Release|Any CPU
		{DCDBF3EE-D932-4713-9A47-2693C0C7BEF4}.Release|Any CPU.ActiveCfg = Release|Any CPU
		{DCDBF3EE-D932-4713-9A47-2693C0C7BEF4}.Release|Any CPU.Build.0 = Release|Any CPU
		{E4D05580-1BC3-46D5-9DB1-573157BED512}.Debug (SQL Server Only)|Any CPU.ActiveCfg = Debug|Any CPU
		{E4D05580-1BC3-46D5-9DB1-573157BED512}.Debug (SQL Server Only)|Any CPU.Build.0 = Debug|Any CPU
		{E4D05580-1BC3-46D5-9DB1-573157BED512}.Debug|Any CPU.ActiveCfg = Debug|Any CPU
		{E4D05580-1BC3-46D5-9DB1-573157BED512}.Debug|Any CPU.Build.0 = Debug|Any CPU
		{E4D05580-1BC3-46D5-9DB1-573157BED512}.Release (SQL Server Only)|Any CPU.ActiveCfg = Release|Any CPU
		{E4D05580-1BC3-46D5-9DB1-573157BED512}.Release (SQL Server Only)|Any CPU.Build.0 = Release|Any CPU
		{E4D05580-1BC3-46D5-9DB1-573157BED512}.Release|Any CPU.ActiveCfg = Release|Any CPU
		{E4D05580-1BC3-46D5-9DB1-573157BED512}.Release|Any CPU.Build.0 = Release|Any CPU
		{0A865A05-C179-46BA-975E-E360E33CD223}.Debug (SQL Server Only)|Any CPU.ActiveCfg = Debug|Any CPU
		{0A865A05-C179-46BA-975E-E360E33CD223}.Debug (SQL Server Only)|Any CPU.Build.0 = Debug|Any CPU
		{0A865A05-C179-46BA-975E-E360E33CD223}.Debug|Any CPU.ActiveCfg = Debug|Any CPU
		{0A865A05-C179-46BA-975E-E360E33CD223}.Debug|Any CPU.Build.0 = Debug|Any CPU
		{0A865A05-C179-46BA-975E-E360E33CD223}.Release (SQL Server Only)|Any CPU.ActiveCfg = Release|Any CPU
		{0A865A05-C179-46BA-975E-E360E33CD223}.Release (SQL Server Only)|Any CPU.Build.0 = Release|Any CPU
		{0A865A05-C179-46BA-975E-E360E33CD223}.Release|Any CPU.ActiveCfg = Release|Any CPU
		{0A865A05-C179-46BA-975E-E360E33CD223}.Release|Any CPU.Build.0 = Release|Any CPU
		{517CBAB6-A48C-4068-9042-57DB2793BF50}.Debug (SQL Server Only)|Any CPU.ActiveCfg = Debug|Any CPU
		{517CBAB6-A48C-4068-9042-57DB2793BF50}.Debug (SQL Server Only)|Any CPU.Build.0 = Debug|Any CPU
		{517CBAB6-A48C-4068-9042-57DB2793BF50}.Debug|Any CPU.ActiveCfg = Debug|Any CPU
		{517CBAB6-A48C-4068-9042-57DB2793BF50}.Debug|Any CPU.Build.0 = Debug|Any CPU
		{517CBAB6-A48C-4068-9042-57DB2793BF50}.Release (SQL Server Only)|Any CPU.ActiveCfg = Release|Any CPU
		{517CBAB6-A48C-4068-9042-57DB2793BF50}.Release (SQL Server Only)|Any CPU.Build.0 = Release|Any CPU
		{517CBAB6-A48C-4068-9042-57DB2793BF50}.Release|Any CPU.ActiveCfg = Release|Any CPU
		{517CBAB6-A48C-4068-9042-57DB2793BF50}.Release|Any CPU.Build.0 = Release|Any CPU
		{23BB4972-325C-40D8-96F6-EB8A60676D63}.Debug (SQL Server Only)|Any CPU.ActiveCfg = Debug|Any CPU
		{23BB4972-325C-40D8-96F6-EB8A60676D63}.Debug (SQL Server Only)|Any CPU.Build.0 = Debug|Any CPU
		{23BB4972-325C-40D8-96F6-EB8A60676D63}.Debug|Any CPU.ActiveCfg = Debug|Any CPU
		{23BB4972-325C-40D8-96F6-EB8A60676D63}.Debug|Any CPU.Build.0 = Debug|Any CPU
		{23BB4972-325C-40D8-96F6-EB8A60676D63}.Release (SQL Server Only)|Any CPU.ActiveCfg = Release|Any CPU
		{23BB4972-325C-40D8-96F6-EB8A60676D63}.Release (SQL Server Only)|Any CPU.Build.0 = Release|Any CPU
		{23BB4972-325C-40D8-96F6-EB8A60676D63}.Release|Any CPU.ActiveCfg = Release|Any CPU
		{23BB4972-325C-40D8-96F6-EB8A60676D63}.Release|Any CPU.Build.0 = Release|Any CPU
		{68D5722B-45B2-4B9A-BA7C-BFCFCC001D83}.Debug (SQL Server Only)|Any CPU.ActiveCfg = Debug|Any CPU
		{68D5722B-45B2-4B9A-BA7C-BFCFCC001D83}.Debug (SQL Server Only)|Any CPU.Build.0 = Debug|Any CPU
		{68D5722B-45B2-4B9A-BA7C-BFCFCC001D83}.Debug|Any CPU.ActiveCfg = Debug|Any CPU
		{68D5722B-45B2-4B9A-BA7C-BFCFCC001D83}.Debug|Any CPU.Build.0 = Debug|Any CPU
		{68D5722B-45B2-4B9A-BA7C-BFCFCC001D83}.Release (SQL Server Only)|Any CPU.ActiveCfg = Release|Any CPU
		{68D5722B-45B2-4B9A-BA7C-BFCFCC001D83}.Release (SQL Server Only)|Any CPU.Build.0 = Release|Any CPU
		{68D5722B-45B2-4B9A-BA7C-BFCFCC001D83}.Release|Any CPU.ActiveCfg = Release|Any CPU
		{68D5722B-45B2-4B9A-BA7C-BFCFCC001D83}.Release|Any CPU.Build.0 = Release|Any CPU
		{07704E83-62CD-41E3-B177-15A3A76C2814}.Debug (SQL Server Only)|Any CPU.ActiveCfg = Debug|Any CPU
		{07704E83-62CD-41E3-B177-15A3A76C2814}.Debug (SQL Server Only)|Any CPU.Build.0 = Debug|Any CPU
		{07704E83-62CD-41E3-B177-15A3A76C2814}.Debug|Any CPU.ActiveCfg = Debug|Any CPU
		{07704E83-62CD-41E3-B177-15A3A76C2814}.Debug|Any CPU.Build.0 = Debug|Any CPU
		{07704E83-62CD-41E3-B177-15A3A76C2814}.Release (SQL Server Only)|Any CPU.ActiveCfg = Release|Any CPU
		{07704E83-62CD-41E3-B177-15A3A76C2814}.Release (SQL Server Only)|Any CPU.Build.0 = Release|Any CPU
		{07704E83-62CD-41E3-B177-15A3A76C2814}.Release|Any CPU.ActiveCfg = Release|Any CPU
		{07704E83-62CD-41E3-B177-15A3A76C2814}.Release|Any CPU.Build.0 = Release|Any CPU
		{7553C22A-3ABB-495E-BFDA-F3673195A3A2}.Debug (SQL Server Only)|Any CPU.ActiveCfg = Debug|Any CPU
		{7553C22A-3ABB-495E-BFDA-F3673195A3A2}.Debug (SQL Server Only)|Any CPU.Build.0 = Debug|Any CPU
		{7553C22A-3ABB-495E-BFDA-F3673195A3A2}.Debug|Any CPU.ActiveCfg = Debug|Any CPU
		{7553C22A-3ABB-495E-BFDA-F3673195A3A2}.Debug|Any CPU.Build.0 = Debug|Any CPU
		{7553C22A-3ABB-495E-BFDA-F3673195A3A2}.Release (SQL Server Only)|Any CPU.ActiveCfg = Release|Any CPU
		{7553C22A-3ABB-495E-BFDA-F3673195A3A2}.Release (SQL Server Only)|Any CPU.Build.0 = Release|Any CPU
		{7553C22A-3ABB-495E-BFDA-F3673195A3A2}.Release|Any CPU.ActiveCfg = Release|Any CPU
		{7553C22A-3ABB-495E-BFDA-F3673195A3A2}.Release|Any CPU.Build.0 = Release|Any CPU
		{D9EB376D-2BEA-4EC6-A0FE-79A9CDF0E54A}.Debug (SQL Server Only)|Any CPU.ActiveCfg = Debug|Any CPU
		{D9EB376D-2BEA-4EC6-A0FE-79A9CDF0E54A}.Debug (SQL Server Only)|Any CPU.Build.0 = Debug|Any CPU
		{D9EB376D-2BEA-4EC6-A0FE-79A9CDF0E54A}.Debug|Any CPU.ActiveCfg = Debug|Any CPU
		{D9EB376D-2BEA-4EC6-A0FE-79A9CDF0E54A}.Debug|Any CPU.Build.0 = Debug|Any CPU
		{D9EB376D-2BEA-4EC6-A0FE-79A9CDF0E54A}.Release (SQL Server Only)|Any CPU.ActiveCfg = Release|Any CPU
		{D9EB376D-2BEA-4EC6-A0FE-79A9CDF0E54A}.Release (SQL Server Only)|Any CPU.Build.0 = Release|Any CPU
		{D9EB376D-2BEA-4EC6-A0FE-79A9CDF0E54A}.Release|Any CPU.ActiveCfg = Release|Any CPU
		{D9EB376D-2BEA-4EC6-A0FE-79A9CDF0E54A}.Release|Any CPU.Build.0 = Release|Any CPU
		{049707C3-442A-4E23-BEE1-CC379B9D3901}.Debug (SQL Server Only)|Any CPU.ActiveCfg = Debug|Any CPU
		{049707C3-442A-4E23-BEE1-CC379B9D3901}.Debug (SQL Server Only)|Any CPU.Build.0 = Debug|Any CPU
		{049707C3-442A-4E23-BEE1-CC379B9D3901}.Debug|Any CPU.ActiveCfg = Debug|Any CPU
		{049707C3-442A-4E23-BEE1-CC379B9D3901}.Debug|Any CPU.Build.0 = Debug|Any CPU
		{049707C3-442A-4E23-BEE1-CC379B9D3901}.Release (SQL Server Only)|Any CPU.ActiveCfg = Release|Any CPU
		{049707C3-442A-4E23-BEE1-CC379B9D3901}.Release (SQL Server Only)|Any CPU.Build.0 = Release|Any CPU
		{049707C3-442A-4E23-BEE1-CC379B9D3901}.Release|Any CPU.ActiveCfg = Release|Any CPU
		{049707C3-442A-4E23-BEE1-CC379B9D3901}.Release|Any CPU.Build.0 = Release|Any CPU
		{6DB56BA6-5E04-4D12-A424-2B3E5E51AA0C}.Debug (SQL Server Only)|Any CPU.ActiveCfg = Debug|Any CPU
		{6DB56BA6-5E04-4D12-A424-2B3E5E51AA0C}.Debug (SQL Server Only)|Any CPU.Build.0 = Debug|Any CPU
		{6DB56BA6-5E04-4D12-A424-2B3E5E51AA0C}.Debug|Any CPU.ActiveCfg = Debug|Any CPU
		{6DB56BA6-5E04-4D12-A424-2B3E5E51AA0C}.Debug|Any CPU.Build.0 = Debug|Any CPU
		{6DB56BA6-5E04-4D12-A424-2B3E5E51AA0C}.Release (SQL Server Only)|Any CPU.ActiveCfg = Release|Any CPU
		{6DB56BA6-5E04-4D12-A424-2B3E5E51AA0C}.Release (SQL Server Only)|Any CPU.Build.0 = Release|Any CPU
		{6DB56BA6-5E04-4D12-A424-2B3E5E51AA0C}.Release|Any CPU.ActiveCfg = Release|Any CPU
		{6DB56BA6-5E04-4D12-A424-2B3E5E51AA0C}.Release|Any CPU.Build.0 = Release|Any CPU
		{0992E344-2BB8-4E0D-B9A6-92CA0A9353F4}.Debug (SQL Server Only)|Any CPU.ActiveCfg = Debug|Any CPU
		{0992E344-2BB8-4E0D-B9A6-92CA0A9353F4}.Debug (SQL Server Only)|Any CPU.Build.0 = Debug|Any CPU
		{0992E344-2BB8-4E0D-B9A6-92CA0A9353F4}.Debug|Any CPU.ActiveCfg = Debug|Any CPU
		{0992E344-2BB8-4E0D-B9A6-92CA0A9353F4}.Debug|Any CPU.Build.0 = Debug|Any CPU
		{0992E344-2BB8-4E0D-B9A6-92CA0A9353F4}.Release (SQL Server Only)|Any CPU.ActiveCfg = Release|Any CPU
		{0992E344-2BB8-4E0D-B9A6-92CA0A9353F4}.Release (SQL Server Only)|Any CPU.Build.0 = Release|Any CPU
		{0992E344-2BB8-4E0D-B9A6-92CA0A9353F4}.Release|Any CPU.ActiveCfg = Release|Any CPU
		{0992E344-2BB8-4E0D-B9A6-92CA0A9353F4}.Release|Any CPU.Build.0 = Release|Any CPU
		{FFB66694-40EB-49ED-B8EA-B5C0C76B3C1B}.Debug (SQL Server Only)|Any CPU.ActiveCfg = Debug|Any CPU
		{FFB66694-40EB-49ED-B8EA-B5C0C76B3C1B}.Debug (SQL Server Only)|Any CPU.Build.0 = Debug|Any CPU
		{FFB66694-40EB-49ED-B8EA-B5C0C76B3C1B}.Debug|Any CPU.ActiveCfg = Debug|Any CPU
		{FFB66694-40EB-49ED-B8EA-B5C0C76B3C1B}.Debug|Any CPU.Build.0 = Debug|Any CPU
		{FFB66694-40EB-49ED-B8EA-B5C0C76B3C1B}.Release (SQL Server Only)|Any CPU.ActiveCfg = Release|Any CPU
		{FFB66694-40EB-49ED-B8EA-B5C0C76B3C1B}.Release (SQL Server Only)|Any CPU.Build.0 = Release|Any CPU
		{FFB66694-40EB-49ED-B8EA-B5C0C76B3C1B}.Release|Any CPU.ActiveCfg = Release|Any CPU
		{FFB66694-40EB-49ED-B8EA-B5C0C76B3C1B}.Release|Any CPU.Build.0 = Release|Any CPU
		{B13BBD04-84C7-4500-8A67-D7A9B8BCAA85}.Debug (SQL Server Only)|Any CPU.ActiveCfg = Debug|Any CPU
		{B13BBD04-84C7-4500-8A67-D7A9B8BCAA85}.Debug (SQL Server Only)|Any CPU.Build.0 = Debug|Any CPU
		{B13BBD04-84C7-4500-8A67-D7A9B8BCAA85}.Debug|Any CPU.ActiveCfg = Debug|Any CPU
		{B13BBD04-84C7-4500-8A67-D7A9B8BCAA85}.Debug|Any CPU.Build.0 = Debug|Any CPU
		{B13BBD04-84C7-4500-8A67-D7A9B8BCAA85}.Release (SQL Server Only)|Any CPU.ActiveCfg = Release|Any CPU
		{B13BBD04-84C7-4500-8A67-D7A9B8BCAA85}.Release (SQL Server Only)|Any CPU.Build.0 = Release|Any CPU
		{B13BBD04-84C7-4500-8A67-D7A9B8BCAA85}.Release|Any CPU.ActiveCfg = Release|Any CPU
		{B13BBD04-84C7-4500-8A67-D7A9B8BCAA85}.Release|Any CPU.Build.0 = Release|Any CPU
		{EB0CD70F-7BE6-4C74-92F9-2F74A34FF6ED}.Debug (SQL Server Only)|Any CPU.ActiveCfg = Debug|Any CPU
		{EB0CD70F-7BE6-4C74-92F9-2F74A34FF6ED}.Debug (SQL Server Only)|Any CPU.Build.0 = Debug|Any CPU
		{EB0CD70F-7BE6-4C74-92F9-2F74A34FF6ED}.Debug|Any CPU.ActiveCfg = Debug|Any CPU
		{EB0CD70F-7BE6-4C74-92F9-2F74A34FF6ED}.Debug|Any CPU.Build.0 = Debug|Any CPU
		{EB0CD70F-7BE6-4C74-92F9-2F74A34FF6ED}.Release (SQL Server Only)|Any CPU.ActiveCfg = Release|Any CPU
		{EB0CD70F-7BE6-4C74-92F9-2F74A34FF6ED}.Release (SQL Server Only)|Any CPU.Build.0 = Release|Any CPU
		{EB0CD70F-7BE6-4C74-92F9-2F74A34FF6ED}.Release|Any CPU.ActiveCfg = Release|Any CPU
		{EB0CD70F-7BE6-4C74-92F9-2F74A34FF6ED}.Release|Any CPU.Build.0 = Release|Any CPU
		{4C52F83A-0039-4C8D-94D3-D6547DE9659B}.Debug (SQL Server Only)|Any CPU.ActiveCfg = Debug|Any CPU
		{4C52F83A-0039-4C8D-94D3-D6547DE9659B}.Debug (SQL Server Only)|Any CPU.Build.0 = Debug|Any CPU
		{4C52F83A-0039-4C8D-94D3-D6547DE9659B}.Debug|Any CPU.ActiveCfg = Debug|Any CPU
		{4C52F83A-0039-4C8D-94D3-D6547DE9659B}.Debug|Any CPU.Build.0 = Debug|Any CPU
		{4C52F83A-0039-4C8D-94D3-D6547DE9659B}.Release (SQL Server Only)|Any CPU.ActiveCfg = Release|Any CPU
		{4C52F83A-0039-4C8D-94D3-D6547DE9659B}.Release (SQL Server Only)|Any CPU.Build.0 = Release|Any CPU
		{4C52F83A-0039-4C8D-94D3-D6547DE9659B}.Release|Any CPU.ActiveCfg = Release|Any CPU
		{4C52F83A-0039-4C8D-94D3-D6547DE9659B}.Release|Any CPU.Build.0 = Release|Any CPU
		{1415CB37-0EDB-4645-AA7E-5CE82DF82721}.Debug (SQL Server Only)|Any CPU.ActiveCfg = Debug|Any CPU
		{1415CB37-0EDB-4645-AA7E-5CE82DF82721}.Debug (SQL Server Only)|Any CPU.Build.0 = Debug|Any CPU
		{1415CB37-0EDB-4645-AA7E-5CE82DF82721}.Debug|Any CPU.ActiveCfg = Debug|Any CPU
		{1415CB37-0EDB-4645-AA7E-5CE82DF82721}.Debug|Any CPU.Build.0 = Debug|Any CPU
		{1415CB37-0EDB-4645-AA7E-5CE82DF82721}.Release (SQL Server Only)|Any CPU.ActiveCfg = Release|Any CPU
		{1415CB37-0EDB-4645-AA7E-5CE82DF82721}.Release (SQL Server Only)|Any CPU.Build.0 = Release|Any CPU
		{1415CB37-0EDB-4645-AA7E-5CE82DF82721}.Release|Any CPU.ActiveCfg = Release|Any CPU
		{1415CB37-0EDB-4645-AA7E-5CE82DF82721}.Release|Any CPU.Build.0 = Release|Any CPU
		{87534C41-8CE5-44A1-9DFB-8881572D8E95}.Debug (SQL Server Only)|Any CPU.ActiveCfg = Debug|Any CPU
		{87534C41-8CE5-44A1-9DFB-8881572D8E95}.Debug (SQL Server Only)|Any CPU.Build.0 = Debug|Any CPU
		{87534C41-8CE5-44A1-9DFB-8881572D8E95}.Debug|Any CPU.ActiveCfg = Debug|Any CPU
		{87534C41-8CE5-44A1-9DFB-8881572D8E95}.Debug|Any CPU.Build.0 = Debug|Any CPU
		{87534C41-8CE5-44A1-9DFB-8881572D8E95}.Release (SQL Server Only)|Any CPU.ActiveCfg = Release|Any CPU
		{87534C41-8CE5-44A1-9DFB-8881572D8E95}.Release (SQL Server Only)|Any CPU.Build.0 = Release|Any CPU
		{87534C41-8CE5-44A1-9DFB-8881572D8E95}.Release|Any CPU.ActiveCfg = Release|Any CPU
		{87534C41-8CE5-44A1-9DFB-8881572D8E95}.Release|Any CPU.Build.0 = Release|Any CPU
		{8ED7A69A-A258-4D9A-B9B8-06BD00B7D8A1}.Debug (SQL Server Only)|Any CPU.ActiveCfg = Debug|Any CPU
		{8ED7A69A-A258-4D9A-B9B8-06BD00B7D8A1}.Debug (SQL Server Only)|Any CPU.Build.0 = Debug|Any CPU
		{8ED7A69A-A258-4D9A-B9B8-06BD00B7D8A1}.Debug|Any CPU.ActiveCfg = Debug|Any CPU
		{8ED7A69A-A258-4D9A-B9B8-06BD00B7D8A1}.Debug|Any CPU.Build.0 = Debug|Any CPU
		{8ED7A69A-A258-4D9A-B9B8-06BD00B7D8A1}.Release (SQL Server Only)|Any CPU.ActiveCfg = Release|Any CPU
		{8ED7A69A-A258-4D9A-B9B8-06BD00B7D8A1}.Release (SQL Server Only)|Any CPU.Build.0 = Release|Any CPU
		{8ED7A69A-A258-4D9A-B9B8-06BD00B7D8A1}.Release|Any CPU.ActiveCfg = Release|Any CPU
		{8ED7A69A-A258-4D9A-B9B8-06BD00B7D8A1}.Release|Any CPU.Build.0 = Release|Any CPU
		{3079255E-A811-4408-A00E-614F11E90E36}.Debug (SQL Server Only)|Any CPU.ActiveCfg = Debug|Any CPU
		{3079255E-A811-4408-A00E-614F11E90E36}.Debug (SQL Server Only)|Any CPU.Build.0 = Debug|Any CPU
		{3079255E-A811-4408-A00E-614F11E90E36}.Debug|Any CPU.ActiveCfg = Debug|Any CPU
		{3079255E-A811-4408-A00E-614F11E90E36}.Debug|Any CPU.Build.0 = Debug|Any CPU
		{3079255E-A811-4408-A00E-614F11E90E36}.Release (SQL Server Only)|Any CPU.ActiveCfg = Release|Any CPU
		{3079255E-A811-4408-A00E-614F11E90E36}.Release (SQL Server Only)|Any CPU.Build.0 = Release|Any CPU
		{3079255E-A811-4408-A00E-614F11E90E36}.Release|Any CPU.ActiveCfg = Release|Any CPU
		{3079255E-A811-4408-A00E-614F11E90E36}.Release|Any CPU.Build.0 = Release|Any CPU
		{C067B3AB-3FAF-40D7-98E9-5788768BD315}.Debug (SQL Server Only)|Any CPU.ActiveCfg = Debug|Any CPU
		{C067B3AB-3FAF-40D7-98E9-5788768BD315}.Debug (SQL Server Only)|Any CPU.Build.0 = Debug|Any CPU
		{C067B3AB-3FAF-40D7-98E9-5788768BD315}.Debug|Any CPU.ActiveCfg = Debug|Any CPU
		{C067B3AB-3FAF-40D7-98E9-5788768BD315}.Debug|Any CPU.Build.0 = Debug|Any CPU
		{C067B3AB-3FAF-40D7-98E9-5788768BD315}.Release (SQL Server Only)|Any CPU.ActiveCfg = Release|Any CPU
		{C067B3AB-3FAF-40D7-98E9-5788768BD315}.Release (SQL Server Only)|Any CPU.Build.0 = Release|Any CPU
		{C067B3AB-3FAF-40D7-98E9-5788768BD315}.Release|Any CPU.ActiveCfg = Release|Any CPU
		{C067B3AB-3FAF-40D7-98E9-5788768BD315}.Release|Any CPU.Build.0 = Release|Any CPU
	EndGlobalSection
	GlobalSection(SolutionProperties) = preSolution
		HideSolutionNode = FALSE
	EndGlobalSection
	GlobalSection(NestedProjects) = preSolution
		{0267A546-4A7B-41DF-A415-C55865B6587E} = {CAF1E973-1E37-4E16-9E9C-28E53BC10BD3}
		{047377AC-C44C-46B8-ABA1-CFAA5A06791F} = {870993A2-5BAE-4A12-9532-9A06427D171B}
		{A4D0820E-3529-4CB9-BA5F-B2824BFEEC97} = {0A81B398-C0C8-4D89-973B-79CB27EF0AAB}
		{33A1B8C5-B37D-423E-B7FD-83CE1EC1D442} = {0A81B398-C0C8-4D89-973B-79CB27EF0AAB}
		{EE4A10E7-92C3-4EAC-B6DF-5DA1C26F4D1D} = {A32D32C4-E11D-4600-900C-9E2E359C5528}
		{C2776F02-C5E2-42BA-B4B0-147625B90A18} = {A32D32C4-E11D-4600-900C-9E2E359C5528}
		{CFF942B5-73BE-42A3-86DE-14EF45BEFCF1} = {A32D32C4-E11D-4600-900C-9E2E359C5528}
		{B6B1FCF3-F2BA-445E-9041-5100733EFD20} = {A32D32C4-E11D-4600-900C-9E2E359C5528}
		{2CE00A6B-C0AC-44AB-B80F-9E58865AD3BD} = {FCB79BC9-DDD0-496C-9E2D-96BAEA8FA47A}
		{ACCE6D59-0AA7-4353-850E-1B78E16B3074} = {A32D32C4-E11D-4600-900C-9E2E359C5528}
		{40BA5B01-7D6E-4726-A58A-0CF2BC4E4CCB} = {FCB79BC9-DDD0-496C-9E2D-96BAEA8FA47A}
		{E25CA946-9DCD-4D2E-9378-DACB77EE82AA} = {FCB79BC9-DDD0-496C-9E2D-96BAEA8FA47A}
		{9685F421-DAF9-4806-A726-63A58FF4704E} = {0A81B398-C0C8-4D89-973B-79CB27EF0AAB}
		{DCDBF3EE-D932-4713-9A47-2693C0C7BEF4} = {046A3BD5-DD0E-4AEC-B3A1-A9EB745DBA1A}
		{E4D05580-1BC3-46D5-9DB1-573157BED512} = {0A81B398-C0C8-4D89-973B-79CB27EF0AAB}
		{0A865A05-C179-46BA-975E-E360E33CD223} = {A32D32C4-E11D-4600-900C-9E2E359C5528}
		{517CBAB6-A48C-4068-9042-57DB2793BF50} = {0A81B398-C0C8-4D89-973B-79CB27EF0AAB}
		{23BB4972-325C-40D8-96F6-EB8A60676D63} = {A32D32C4-E11D-4600-900C-9E2E359C5528}
		{68D5722B-45B2-4B9A-BA7C-BFCFCC001D83} = {A32D32C4-E11D-4600-900C-9E2E359C5528}
		{07704E83-62CD-41E3-B177-15A3A76C2814} = {0A81B398-C0C8-4D89-973B-79CB27EF0AAB}
		{7553C22A-3ABB-495E-BFDA-F3673195A3A2} = {0A81B398-C0C8-4D89-973B-79CB27EF0AAB}
		{D9EB376D-2BEA-4EC6-A0FE-79A9CDF0E54A} = {0A81B398-C0C8-4D89-973B-79CB27EF0AAB}
		{049707C3-442A-4E23-BEE1-CC379B9D3901} = {0A81B398-C0C8-4D89-973B-79CB27EF0AAB}
		{6DB56BA6-5E04-4D12-A424-2B3E5E51AA0C} = {A32D32C4-E11D-4600-900C-9E2E359C5528}
		{0992E344-2BB8-4E0D-B9A6-92CA0A9353F4} = {FCB79BC9-DDD0-496C-9E2D-96BAEA8FA47A}
		{FFB66694-40EB-49ED-B8EA-B5C0C76B3C1B} = {FCB79BC9-DDD0-496C-9E2D-96BAEA8FA47A}
		{B13BBD04-84C7-4500-8A67-D7A9B8BCAA85} = {FCB79BC9-DDD0-496C-9E2D-96BAEA8FA47A}
		{EB0CD70F-7BE6-4C74-92F9-2F74A34FF6ED} = {FCB79BC9-DDD0-496C-9E2D-96BAEA8FA47A}
		{4C52F83A-0039-4C8D-94D3-D6547DE9659B} = {FCB79BC9-DDD0-496C-9E2D-96BAEA8FA47A}
		{1415CB37-0EDB-4645-AA7E-5CE82DF82721} = {046A3BD5-DD0E-4AEC-B3A1-A9EB745DBA1A}
		{87534C41-8CE5-44A1-9DFB-8881572D8E95} = {0A81B398-C0C8-4D89-973B-79CB27EF0AAB}
		{8ED7A69A-A258-4D9A-B9B8-06BD00B7D8A1} = {FCB79BC9-DDD0-496C-9E2D-96BAEA8FA47A}
		{3079255E-A811-4408-A00E-614F11E90E36} = {20129E13-A27E-4D23-B0A4-6D8B3E3A95B8}
		{C067B3AB-3FAF-40D7-98E9-5788768BD315} = {0A81B398-C0C8-4D89-973B-79CB27EF0AAB}
	EndGlobalSection
EndGlobal
