
Microsoft Visual Studio Solution File, Format Version 12.00
# Visual Studio 2012
Project("{FAE04EC0-301F-11D3-BF4B-00C04F79EFBC}") = "SSE.Clients.HE910GSimulator", "SSE.Clients.HE910GSimulator\SSE.Clients.HE910GSimulator.csproj", "{4CFF49FC-985B-4488-98E8-3F521F7992F7}"
EndProject
Project("{2150E333-8FDC-42A3-9474-1A3956D46DE8}") = "Clients", "Clients", "{48A5F1AD-1DC0-4B20-9635-B04FD5D4D1D4}"
EndProject
Project("{2150E333-8FDC-42A3-9474-1A3956D46DE8}") = "Lib", "Lib", "{FD4B50C9-EFA1-4E2D-B7F9-90EC5E89A875}"
EndProject
Project("{FAE04EC0-301F-11D3-BF4B-00C04F79EFBC}") = "SOS.Lib.Util", "..\..\..\Lib\SOS.Lib.Util\SOS.Lib.Util.csproj", "{33A1B8C5-B37D-423E-B7FD-83CE1EC1D442}"
EndProject
Project("{2150E333-8FDC-42A3-9474-1A3956D46DE8}") = "Testing", "Testing", "{34C6E718-75ED-49F3-BB56-6EFD8806C973}"
EndProject
Project("{FAE04EC0-301F-11D3-BF4B-00C04F79EFBC}") = "SOS.Lib.Core", "..\..\..\Lib\SOS.Lib.Core\SOS.Lib.Core.csproj", "{A4D0820E-3529-4CB9-BA5F-B2824BFEEC97}"
EndProject
Project("{FAE04EC0-301F-11D3-BF4B-00C04F79EFBC}") = "SSE.Lib.SseGpsDeviceAPI", "..\..\..\Lib\SSE.Lib.SseGpsDeviceAPI\SSE.Lib.SseGpsDeviceAPI.csproj", "{D9EB376D-2BEA-4EC6-A0FE-79A9CDF0E54A}"
EndProject
Project("{FAE04EC0-301F-11D3-BF4B-00C04F79EFBC}") = "SSE.Lib.SseGpsDeviceAPI.Test", "..\..\..\Lib\SSE.Lib.SseGpsDeviceAPI.Test\SSE.Lib.SseGpsDeviceAPI.Test.csproj", "{3055E5BC-B7D4-4913-876A-6CD7EC3C0279}"
EndProject
Project("{2150E333-8FDC-42A3-9474-1A3956D46DE8}") = "Data", "Data", "{B3FE3157-4BC1-4977-A12B-5A886BC6380A}"
EndProject
Project("{FAE04EC0-301F-11D3-BF4B-00C04F79EFBC}") = "SubSonic", "..\..\..\Data\SubSonic\SubSonic.csproj", "{EE4A10E7-92C3-4EAC-B6DF-5DA1C26F4D1D}"
EndProject
Project("{FAE04EC0-301F-11D3-BF4B-00C04F79EFBC}") = "SOS.Data", "..\..\..\Data\SOS.Data\SOS.Data.csproj", "{C2776F02-C5E2-42BA-B4B0-147625B90A18}"
EndProject
Project("{FAE04EC0-301F-11D3-BF4B-00C04F79EFBC}") = "SOS.Data.Logging", "..\..\..\Data\SOS.Data.Logging\SOS.Data.Logging.csproj", "{B6B1FCF3-F2BA-445E-9041-5100733EFD20}"
EndProject
Project("{FAE04EC0-301F-11D3-BF4B-00C04F79EFBC}") = "SOS.Data.GpsTracking", "..\..\..\Data\SOS.Data.GpsTracking\SOS.Data.GpsTracking.csproj", "{0A865A05-C179-46BA-975E-E360E33CD223}"
EndProject
Global
	GlobalSection(SolutionConfigurationPlatforms) = preSolution
		Debug (SQL Server Only)|Any CPU = Debug (SQL Server Only)|Any CPU
		Debug|Any CPU = Debug|Any CPU
		Release (SQL Server Only)|Any CPU = Release (SQL Server Only)|Any CPU
		Release|Any CPU = Release|Any CPU
	EndGlobalSection
	GlobalSection(ProjectConfigurationPlatforms) = postSolution
		{4CFF49FC-985B-4488-98E8-3F521F7992F7}.Debug (SQL Server Only)|Any CPU.ActiveCfg = Debug|Any CPU
		{4CFF49FC-985B-4488-98E8-3F521F7992F7}.Debug (SQL Server Only)|Any CPU.Build.0 = Debug|Any CPU
		{4CFF49FC-985B-4488-98E8-3F521F7992F7}.Debug|Any CPU.ActiveCfg = Debug|Any CPU
		{4CFF49FC-985B-4488-98E8-3F521F7992F7}.Debug|Any CPU.Build.0 = Debug|Any CPU
		{4CFF49FC-985B-4488-98E8-3F521F7992F7}.Release (SQL Server Only)|Any CPU.ActiveCfg = Release|Any CPU
		{4CFF49FC-985B-4488-98E8-3F521F7992F7}.Release (SQL Server Only)|Any CPU.Build.0 = Release|Any CPU
		{4CFF49FC-985B-4488-98E8-3F521F7992F7}.Release|Any CPU.ActiveCfg = Release|Any CPU
		{4CFF49FC-985B-4488-98E8-3F521F7992F7}.Release|Any CPU.Build.0 = Release|Any CPU
		{33A1B8C5-B37D-423E-B7FD-83CE1EC1D442}.Debug (SQL Server Only)|Any CPU.ActiveCfg = Debug|Any CPU
		{33A1B8C5-B37D-423E-B7FD-83CE1EC1D442}.Debug (SQL Server Only)|Any CPU.Build.0 = Debug|Any CPU
		{33A1B8C5-B37D-423E-B7FD-83CE1EC1D442}.Debug|Any CPU.ActiveCfg = Debug|Any CPU
		{33A1B8C5-B37D-423E-B7FD-83CE1EC1D442}.Debug|Any CPU.Build.0 = Debug|Any CPU
		{33A1B8C5-B37D-423E-B7FD-83CE1EC1D442}.Release (SQL Server Only)|Any CPU.ActiveCfg = Release|Any CPU
		{33A1B8C5-B37D-423E-B7FD-83CE1EC1D442}.Release (SQL Server Only)|Any CPU.Build.0 = Release|Any CPU
		{33A1B8C5-B37D-423E-B7FD-83CE1EC1D442}.Release|Any CPU.ActiveCfg = Release|Any CPU
		{33A1B8C5-B37D-423E-B7FD-83CE1EC1D442}.Release|Any CPU.Build.0 = Release|Any CPU
		{A4D0820E-3529-4CB9-BA5F-B2824BFEEC97}.Debug (SQL Server Only)|Any CPU.ActiveCfg = Debug|Any CPU
		{A4D0820E-3529-4CB9-BA5F-B2824BFEEC97}.Debug (SQL Server Only)|Any CPU.Build.0 = Debug|Any CPU
		{A4D0820E-3529-4CB9-BA5F-B2824BFEEC97}.Debug|Any CPU.ActiveCfg = Debug|Any CPU
		{A4D0820E-3529-4CB9-BA5F-B2824BFEEC97}.Debug|Any CPU.Build.0 = Debug|Any CPU
		{A4D0820E-3529-4CB9-BA5F-B2824BFEEC97}.Release (SQL Server Only)|Any CPU.ActiveCfg = Release|Any CPU
		{A4D0820E-3529-4CB9-BA5F-B2824BFEEC97}.Release (SQL Server Only)|Any CPU.Build.0 = Release|Any CPU
		{A4D0820E-3529-4CB9-BA5F-B2824BFEEC97}.Release|Any CPU.ActiveCfg = Release|Any CPU
		{A4D0820E-3529-4CB9-BA5F-B2824BFEEC97}.Release|Any CPU.Build.0 = Release|Any CPU
		{D9EB376D-2BEA-4EC6-A0FE-79A9CDF0E54A}.Debug (SQL Server Only)|Any CPU.ActiveCfg = Debug|Any CPU
		{D9EB376D-2BEA-4EC6-A0FE-79A9CDF0E54A}.Debug (SQL Server Only)|Any CPU.Build.0 = Debug|Any CPU
		{D9EB376D-2BEA-4EC6-A0FE-79A9CDF0E54A}.Debug|Any CPU.ActiveCfg = Debug|Any CPU
		{D9EB376D-2BEA-4EC6-A0FE-79A9CDF0E54A}.Debug|Any CPU.Build.0 = Debug|Any CPU
		{D9EB376D-2BEA-4EC6-A0FE-79A9CDF0E54A}.Release (SQL Server Only)|Any CPU.ActiveCfg = Release|Any CPU
		{D9EB376D-2BEA-4EC6-A0FE-79A9CDF0E54A}.Release (SQL Server Only)|Any CPU.Build.0 = Release|Any CPU
		{D9EB376D-2BEA-4EC6-A0FE-79A9CDF0E54A}.Release|Any CPU.ActiveCfg = Release|Any CPU
		{D9EB376D-2BEA-4EC6-A0FE-79A9CDF0E54A}.Release|Any CPU.Build.0 = Release|Any CPU
		{3055E5BC-B7D4-4913-876A-6CD7EC3C0279}.Debug (SQL Server Only)|Any CPU.ActiveCfg = Debug|Any CPU
		{3055E5BC-B7D4-4913-876A-6CD7EC3C0279}.Debug (SQL Server Only)|Any CPU.Build.0 = Debug|Any CPU
		{3055E5BC-B7D4-4913-876A-6CD7EC3C0279}.Debug|Any CPU.ActiveCfg = Debug|Any CPU
		{3055E5BC-B7D4-4913-876A-6CD7EC3C0279}.Debug|Any CPU.Build.0 = Debug|Any CPU
		{3055E5BC-B7D4-4913-876A-6CD7EC3C0279}.Release (SQL Server Only)|Any CPU.ActiveCfg = Release|Any CPU
		{3055E5BC-B7D4-4913-876A-6CD7EC3C0279}.Release (SQL Server Only)|Any CPU.Build.0 = Release|Any CPU
		{3055E5BC-B7D4-4913-876A-6CD7EC3C0279}.Release|Any CPU.ActiveCfg = Release|Any CPU
		{3055E5BC-B7D4-4913-876A-6CD7EC3C0279}.Release|Any CPU.Build.0 = Release|Any CPU
		{EE4A10E7-92C3-4EAC-B6DF-5DA1C26F4D1D}.Debug (SQL Server Only)|Any CPU.ActiveCfg = Debug (SQL Server Only)|Any CPU
		{EE4A10E7-92C3-4EAC-B6DF-5DA1C26F4D1D}.Debug (SQL Server Only)|Any CPU.Build.0 = Debug (SQL Server Only)|Any CPU
		{EE4A10E7-92C3-4EAC-B6DF-5DA1C26F4D1D}.Debug|Any CPU.ActiveCfg = Debug|Any CPU
		{EE4A10E7-92C3-4EAC-B6DF-5DA1C26F4D1D}.Debug|Any CPU.Build.0 = Debug|Any CPU
		{EE4A10E7-92C3-4EAC-B6DF-5DA1C26F4D1D}.Release (SQL Server Only)|Any CPU.ActiveCfg = Release (SQL Server Only)|Any CPU
		{EE4A10E7-92C3-4EAC-B6DF-5DA1C26F4D1D}.Release (SQL Server Only)|Any CPU.Build.0 = Release (SQL Server Only)|Any CPU
		{EE4A10E7-92C3-4EAC-B6DF-5DA1C26F4D1D}.Release|Any CPU.ActiveCfg = Release|Any CPU
		{EE4A10E7-92C3-4EAC-B6DF-5DA1C26F4D1D}.Release|Any CPU.Build.0 = Release|Any CPU
		{C2776F02-C5E2-42BA-B4B0-147625B90A18}.Debug (SQL Server Only)|Any CPU.ActiveCfg = Debug|Any CPU
		{C2776F02-C5E2-42BA-B4B0-147625B90A18}.Debug (SQL Server Only)|Any CPU.Build.0 = Debug|Any CPU
		{C2776F02-C5E2-42BA-B4B0-147625B90A18}.Debug|Any CPU.ActiveCfg = Debug|Any CPU
		{C2776F02-C5E2-42BA-B4B0-147625B90A18}.Debug|Any CPU.Build.0 = Debug|Any CPU
		{C2776F02-C5E2-42BA-B4B0-147625B90A18}.Release (SQL Server Only)|Any CPU.ActiveCfg = Release|Any CPU
		{C2776F02-C5E2-42BA-B4B0-147625B90A18}.Release (SQL Server Only)|Any CPU.Build.0 = Release|Any CPU
		{C2776F02-C5E2-42BA-B4B0-147625B90A18}.Release|Any CPU.ActiveCfg = Release|Any CPU
		{C2776F02-C5E2-42BA-B4B0-147625B90A18}.Release|Any CPU.Build.0 = Release|Any CPU
		{B6B1FCF3-F2BA-445E-9041-5100733EFD20}.Debug (SQL Server Only)|Any CPU.ActiveCfg = Debug|Any CPU
		{B6B1FCF3-F2BA-445E-9041-5100733EFD20}.Debug (SQL Server Only)|Any CPU.Build.0 = Debug|Any CPU
		{B6B1FCF3-F2BA-445E-9041-5100733EFD20}.Debug|Any CPU.ActiveCfg = Debug|Any CPU
		{B6B1FCF3-F2BA-445E-9041-5100733EFD20}.Debug|Any CPU.Build.0 = Debug|Any CPU
		{B6B1FCF3-F2BA-445E-9041-5100733EFD20}.Release (SQL Server Only)|Any CPU.ActiveCfg = Release|Any CPU
		{B6B1FCF3-F2BA-445E-9041-5100733EFD20}.Release (SQL Server Only)|Any CPU.Build.0 = Release|Any CPU
		{B6B1FCF3-F2BA-445E-9041-5100733EFD20}.Release|Any CPU.ActiveCfg = Release|Any CPU
		{B6B1FCF3-F2BA-445E-9041-5100733EFD20}.Release|Any CPU.Build.0 = Release|Any CPU
		{0A865A05-C179-46BA-975E-E360E33CD223}.Debug (SQL Server Only)|Any CPU.ActiveCfg = Debug|Any CPU
		{0A865A05-C179-46BA-975E-E360E33CD223}.Debug (SQL Server Only)|Any CPU.Build.0 = Debug|Any CPU
		{0A865A05-C179-46BA-975E-E360E33CD223}.Debug|Any CPU.ActiveCfg = Debug|Any CPU
		{0A865A05-C179-46BA-975E-E360E33CD223}.Debug|Any CPU.Build.0 = Debug|Any CPU
		{0A865A05-C179-46BA-975E-E360E33CD223}.Release (SQL Server Only)|Any CPU.ActiveCfg = Release|Any CPU
		{0A865A05-C179-46BA-975E-E360E33CD223}.Release (SQL Server Only)|Any CPU.Build.0 = Release|Any CPU
		{0A865A05-C179-46BA-975E-E360E33CD223}.Release|Any CPU.ActiveCfg = Release|Any CPU
		{0A865A05-C179-46BA-975E-E360E33CD223}.Release|Any CPU.Build.0 = Release|Any CPU
	EndGlobalSection
	GlobalSection(SolutionProperties) = preSolution
		HideSolutionNode = FALSE
	EndGlobalSection
	GlobalSection(NestedProjects) = preSolution
		{4CFF49FC-985B-4488-98E8-3F521F7992F7} = {48A5F1AD-1DC0-4B20-9635-B04FD5D4D1D4}
		{33A1B8C5-B37D-423E-B7FD-83CE1EC1D442} = {FD4B50C9-EFA1-4E2D-B7F9-90EC5E89A875}
		{A4D0820E-3529-4CB9-BA5F-B2824BFEEC97} = {FD4B50C9-EFA1-4E2D-B7F9-90EC5E89A875}
		{D9EB376D-2BEA-4EC6-A0FE-79A9CDF0E54A} = {FD4B50C9-EFA1-4E2D-B7F9-90EC5E89A875}
		{3055E5BC-B7D4-4913-876A-6CD7EC3C0279} = {34C6E718-75ED-49F3-BB56-6EFD8806C973}
		{EE4A10E7-92C3-4EAC-B6DF-5DA1C26F4D1D} = {B3FE3157-4BC1-4977-A12B-5A886BC6380A}
		{C2776F02-C5E2-42BA-B4B0-147625B90A18} = {B3FE3157-4BC1-4977-A12B-5A886BC6380A}
		{B6B1FCF3-F2BA-445E-9041-5100733EFD20} = {B3FE3157-4BC1-4977-A12B-5A886BC6380A}
		{0A865A05-C179-46BA-975E-E360E33CD223} = {B3FE3157-4BC1-4977-A12B-5A886BC6380A}
	EndGlobalSection
EndGlobal
