
Microsoft Visual Studio Solution File, Format Version 12.00
# Visual Studio 2013
VisualStudioVersion = 12.0.21005.1
MinimumVisualStudioVersion = 10.0.40219.1
Project("{FAE04EC0-301F-11D3-BF4B-00C04F79EFBC}") = "NXS.Clients.Wpf.LicensingManager", "NXS.Clients.Wpf.LicensingManager\NXS.Clients.Wpf.LicensingManager.csproj", "{E9CBBEED-9E32-493C-AB19-AF4BEDB2EC9A}"
EndProject
Project("{2150E333-8FDC-42A3-9474-1A3956D46DE8}") = "Clients", "Clients", "{93F48841-C042-4C3B-9D36-B00121BD8E99}"
EndProject
Project("{2150E333-8FDC-42A3-9474-1A3956D46DE8}") = "Framework", "Framework", "{3C65CBF7-01EE-45EB-9ED9-0A103F1D8A37}"
EndProject
Project("{FAE04EC0-301F-11D3-BF4B-00C04F79EFBC}") = "NXS.Framework.Wpf", "..\..\..\Framework\NXS.Framework.Wpf\NXS.Framework.Wpf.csproj", "{2E292445-24B8-4747-93DE-3CA22DE67491}"
EndProject
Project("{2150E333-8FDC-42A3-9474-1A3956D46DE8}") = "Libraries", "Libraries", "{41A49C9E-7C01-46B2-9CA1-49ADCA9E213F}"
EndProject
Project("{FAE04EC0-301F-11D3-BF4B-00C04F79EFBC}") = "SOS.Lib.Core", "..\..\..\Lib\SOS.Lib.Core\SOS.Lib.Core.csproj", "{A4D0820E-3529-4CB9-BA5F-B2824BFEEC97}"
EndProject
Project("{FAE04EC0-301F-11D3-BF4B-00C04F79EFBC}") = "SOS.Lib.Util", "..\..\..\Lib\SOS.Lib.Util\SOS.Lib.Util.csproj", "{33A1B8C5-B37D-423E-B7FD-83CE1EC1D442}"
EndProject
Project("{2150E333-8FDC-42A3-9474-1A3956D46DE8}") = "Data", "Data", "{15E45C94-D00C-4D83-825E-A18C330ACB1D}"
EndProject
Project("{FAE04EC0-301F-11D3-BF4B-00C04F79EFBC}") = "SubSonic", "..\..\..\Data\SubSonic\SubSonic.csproj", "{EE4A10E7-92C3-4EAC-B6DF-5DA1C26F4D1D}"
EndProject
Project("{FAE04EC0-301F-11D3-BF4B-00C04F79EFBC}") = "SOS.Data.SosCrm", "..\..\..\Data\SOS.Data.SosCrm\SOS.Data.SosCrm.csproj", "{23BB4972-325C-40D8-96F6-EB8A60676D63}"
EndProject
Project("{FAE04EC0-301F-11D3-BF4B-00C04F79EFBC}") = "SOS.Data", "..\..\..\Data\SOS.Data\SOS.Data.csproj", "{C2776F02-C5E2-42BA-B4B0-147625B90A18}"
EndProject
Project("{FAE04EC0-301F-11D3-BF4B-00C04F79EFBC}") = "SOS.Data.HumanResource", "..\..\..\Data\SOS.Data.HumanResource\SOS.Data.HumanResource.csproj", "{CFF942B5-73BE-42A3-86DE-14EF45BEFCF1}"
EndProject
Project("{FAE04EC0-301F-11D3-BF4B-00C04F79EFBC}") = "NXS.Data.Letters", "..\..\..\Data\NXS.Data.Letters\NXS.Data.Letters.csproj", "{E7F40B52-AD1F-46F9-91A1-78DC9B4B27BD}"
EndProject
Project("{FAE04EC0-301F-11D3-BF4B-00C04F79EFBC}") = "NXS.Data.Licensing", "..\..\..\Data\NXS.Data.Licensing\NXS.Data.Licensing.csproj", "{A6035AA6-47AD-4C14-8911-1982DA86F0E0}"
EndProject
Project("{FAE04EC0-301F-11D3-BF4B-00C04F79EFBC}") = "NXS.Data.GreatPlains", "..\..\..\Data\NXS.Data.GreatPlains\NXS.Data.GreatPlains.csproj", "{DFE7138F-6FDB-47C1-B899-300C2A3CBCD8}"
EndProject
Project("{FAE04EC0-301F-11D3-BF4B-00C04F79EFBC}") = "SOS.Data.Logging", "..\..\..\Data\SOS.Data.Logging\SOS.Data.Logging.csproj", "{B6B1FCF3-F2BA-445E-9041-5100733EFD20}"
EndProject
Project("{2150E333-8FDC-42A3-9474-1A3956D46DE8}") = "Logic", "Logic", "{B018A73B-3A43-4B19-8BAC-F0DE6DE78B10}"
EndProject
Project("{FAE04EC0-301F-11D3-BF4B-00C04F79EFBC}") = "NXS.Logic.Letters", "..\..\..\Logic\NXS.Logic.Letters\NXS.Logic.Letters.csproj", "{9B287204-3ADB-495F-844E-E6D88AAB788B}"
EndProject
Project("{FAE04EC0-301F-11D3-BF4B-00C04F79EFBC}") = "NXS.Logic.SosCrm", "..\..\..\Logic\NXS.Logic.SosCrm\NXS.Logic.SosCrm.csproj", "{B8A67271-A10B-4043-BED0-FC504B075D59}"
EndProject
Project("{FAE04EC0-301F-11D3-BF4B-00C04F79EFBC}") = "NXS.Data.Inventory", "..\..\..\Data\NXS.Data.Inventory\NXS.Data.Inventory.csproj", "{73EB08F7-6404-49E1-8E14-CA2E95458581}"
EndProject
Project("{FAE04EC0-301F-11D3-BF4B-00C04F79EFBC}") = "Nxs.Clients.Windows.LicensingManager", "..\..\Windows\Nxs.Clients.Windows.LicensingManager\Nxs.Clients.Windows.LicensingManager\Nxs.Clients.Windows.LicensingManager.csproj", "{94F09F54-AC9C-4E21-8EB4-795BD194FE22}"
EndProject
Global
	GlobalSection(SolutionConfigurationPlatforms) = preSolution
		Debug (SQL Server Only)|Any CPU = Debug (SQL Server Only)|Any CPU
		Debug|Any CPU = Debug|Any CPU
		Release (SQL Server Only)|Any CPU = Release (SQL Server Only)|Any CPU
		Release|Any CPU = Release|Any CPU
	EndGlobalSection
	GlobalSection(ProjectConfigurationPlatforms) = postSolution
		{E9CBBEED-9E32-493C-AB19-AF4BEDB2EC9A}.Debug (SQL Server Only)|Any CPU.ActiveCfg = Debug|Any CPU
		{E9CBBEED-9E32-493C-AB19-AF4BEDB2EC9A}.Debug (SQL Server Only)|Any CPU.Build.0 = Debug|Any CPU
		{E9CBBEED-9E32-493C-AB19-AF4BEDB2EC9A}.Debug|Any CPU.ActiveCfg = Debug|Any CPU
		{E9CBBEED-9E32-493C-AB19-AF4BEDB2EC9A}.Debug|Any CPU.Build.0 = Debug|Any CPU
		{E9CBBEED-9E32-493C-AB19-AF4BEDB2EC9A}.Release (SQL Server Only)|Any CPU.ActiveCfg = Release|Any CPU
		{E9CBBEED-9E32-493C-AB19-AF4BEDB2EC9A}.Release (SQL Server Only)|Any CPU.Build.0 = Release|Any CPU
		{E9CBBEED-9E32-493C-AB19-AF4BEDB2EC9A}.Release|Any CPU.ActiveCfg = Release|Any CPU
		{E9CBBEED-9E32-493C-AB19-AF4BEDB2EC9A}.Release|Any CPU.Build.0 = Release|Any CPU
		{2E292445-24B8-4747-93DE-3CA22DE67491}.Debug (SQL Server Only)|Any CPU.ActiveCfg = Debug|Any CPU
		{2E292445-24B8-4747-93DE-3CA22DE67491}.Debug (SQL Server Only)|Any CPU.Build.0 = Debug|Any CPU
		{2E292445-24B8-4747-93DE-3CA22DE67491}.Debug|Any CPU.ActiveCfg = Debug|Any CPU
		{2E292445-24B8-4747-93DE-3CA22DE67491}.Debug|Any CPU.Build.0 = Debug|Any CPU
		{2E292445-24B8-4747-93DE-3CA22DE67491}.Release (SQL Server Only)|Any CPU.ActiveCfg = Release|Any CPU
		{2E292445-24B8-4747-93DE-3CA22DE67491}.Release (SQL Server Only)|Any CPU.Build.0 = Release|Any CPU
		{2E292445-24B8-4747-93DE-3CA22DE67491}.Release|Any CPU.ActiveCfg = Release|Any CPU
		{2E292445-24B8-4747-93DE-3CA22DE67491}.Release|Any CPU.Build.0 = Release|Any CPU
		{A4D0820E-3529-4CB9-BA5F-B2824BFEEC97}.Debug (SQL Server Only)|Any CPU.ActiveCfg = Debug|Any CPU
		{A4D0820E-3529-4CB9-BA5F-B2824BFEEC97}.Debug (SQL Server Only)|Any CPU.Build.0 = Debug|Any CPU
		{A4D0820E-3529-4CB9-BA5F-B2824BFEEC97}.Debug|Any CPU.ActiveCfg = Debug|Any CPU
		{A4D0820E-3529-4CB9-BA5F-B2824BFEEC97}.Debug|Any CPU.Build.0 = Debug|Any CPU
		{A4D0820E-3529-4CB9-BA5F-B2824BFEEC97}.Release (SQL Server Only)|Any CPU.ActiveCfg = Release|Any CPU
		{A4D0820E-3529-4CB9-BA5F-B2824BFEEC97}.Release (SQL Server Only)|Any CPU.Build.0 = Release|Any CPU
		{A4D0820E-3529-4CB9-BA5F-B2824BFEEC97}.Release|Any CPU.ActiveCfg = Release|Any CPU
		{A4D0820E-3529-4CB9-BA5F-B2824BFEEC97}.Release|Any CPU.Build.0 = Release|Any CPU
		{33A1B8C5-B37D-423E-B7FD-83CE1EC1D442}.Debug (SQL Server Only)|Any CPU.ActiveCfg = Debug|Any CPU
		{33A1B8C5-B37D-423E-B7FD-83CE1EC1D442}.Debug (SQL Server Only)|Any CPU.Build.0 = Debug|Any CPU
		{33A1B8C5-B37D-423E-B7FD-83CE1EC1D442}.Debug|Any CPU.ActiveCfg = Debug|Any CPU
		{33A1B8C5-B37D-423E-B7FD-83CE1EC1D442}.Debug|Any CPU.Build.0 = Debug|Any CPU
		{33A1B8C5-B37D-423E-B7FD-83CE1EC1D442}.Release (SQL Server Only)|Any CPU.ActiveCfg = Release|Any CPU
		{33A1B8C5-B37D-423E-B7FD-83CE1EC1D442}.Release (SQL Server Only)|Any CPU.Build.0 = Release|Any CPU
		{33A1B8C5-B37D-423E-B7FD-83CE1EC1D442}.Release|Any CPU.ActiveCfg = Release|Any CPU
		{33A1B8C5-B37D-423E-B7FD-83CE1EC1D442}.Release|Any CPU.Build.0 = Release|Any CPU
		{EE4A10E7-92C3-4EAC-B6DF-5DA1C26F4D1D}.Debug (SQL Server Only)|Any CPU.ActiveCfg = Debug (SQL Server Only)|Any CPU
		{EE4A10E7-92C3-4EAC-B6DF-5DA1C26F4D1D}.Debug (SQL Server Only)|Any CPU.Build.0 = Debug (SQL Server Only)|Any CPU
		{EE4A10E7-92C3-4EAC-B6DF-5DA1C26F4D1D}.Debug|Any CPU.ActiveCfg = Debug|Any CPU
		{EE4A10E7-92C3-4EAC-B6DF-5DA1C26F4D1D}.Debug|Any CPU.Build.0 = Debug|Any CPU
		{EE4A10E7-92C3-4EAC-B6DF-5DA1C26F4D1D}.Release (SQL Server Only)|Any CPU.ActiveCfg = Release (SQL Server Only)|Any CPU
		{EE4A10E7-92C3-4EAC-B6DF-5DA1C26F4D1D}.Release (SQL Server Only)|Any CPU.Build.0 = Release (SQL Server Only)|Any CPU
		{EE4A10E7-92C3-4EAC-B6DF-5DA1C26F4D1D}.Release|Any CPU.ActiveCfg = Release|Any CPU
		{EE4A10E7-92C3-4EAC-B6DF-5DA1C26F4D1D}.Release|Any CPU.Build.0 = Release|Any CPU
		{23BB4972-325C-40D8-96F6-EB8A60676D63}.Debug (SQL Server Only)|Any CPU.ActiveCfg = Debug|Any CPU
		{23BB4972-325C-40D8-96F6-EB8A60676D63}.Debug (SQL Server Only)|Any CPU.Build.0 = Debug|Any CPU
		{23BB4972-325C-40D8-96F6-EB8A60676D63}.Debug|Any CPU.ActiveCfg = Debug|Any CPU
		{23BB4972-325C-40D8-96F6-EB8A60676D63}.Debug|Any CPU.Build.0 = Debug|Any CPU
		{23BB4972-325C-40D8-96F6-EB8A60676D63}.Release (SQL Server Only)|Any CPU.ActiveCfg = Release|Any CPU
		{23BB4972-325C-40D8-96F6-EB8A60676D63}.Release (SQL Server Only)|Any CPU.Build.0 = Release|Any CPU
		{23BB4972-325C-40D8-96F6-EB8A60676D63}.Release|Any CPU.ActiveCfg = Release|Any CPU
		{23BB4972-325C-40D8-96F6-EB8A60676D63}.Release|Any CPU.Build.0 = Release|Any CPU
		{C2776F02-C5E2-42BA-B4B0-147625B90A18}.Debug (SQL Server Only)|Any CPU.ActiveCfg = Debug|Any CPU
		{C2776F02-C5E2-42BA-B4B0-147625B90A18}.Debug (SQL Server Only)|Any CPU.Build.0 = Debug|Any CPU
		{C2776F02-C5E2-42BA-B4B0-147625B90A18}.Debug|Any CPU.ActiveCfg = Debug|Any CPU
		{C2776F02-C5E2-42BA-B4B0-147625B90A18}.Debug|Any CPU.Build.0 = Debug|Any CPU
		{C2776F02-C5E2-42BA-B4B0-147625B90A18}.Release (SQL Server Only)|Any CPU.ActiveCfg = Release|Any CPU
		{C2776F02-C5E2-42BA-B4B0-147625B90A18}.Release (SQL Server Only)|Any CPU.Build.0 = Release|Any CPU
		{C2776F02-C5E2-42BA-B4B0-147625B90A18}.Release|Any CPU.ActiveCfg = Release|Any CPU
		{C2776F02-C5E2-42BA-B4B0-147625B90A18}.Release|Any CPU.Build.0 = Release|Any CPU
		{CFF942B5-73BE-42A3-86DE-14EF45BEFCF1}.Debug (SQL Server Only)|Any CPU.ActiveCfg = Debug|Any CPU
		{CFF942B5-73BE-42A3-86DE-14EF45BEFCF1}.Debug (SQL Server Only)|Any CPU.Build.0 = Debug|Any CPU
		{CFF942B5-73BE-42A3-86DE-14EF45BEFCF1}.Debug|Any CPU.ActiveCfg = Debug|Any CPU
		{CFF942B5-73BE-42A3-86DE-14EF45BEFCF1}.Debug|Any CPU.Build.0 = Debug|Any CPU
		{CFF942B5-73BE-42A3-86DE-14EF45BEFCF1}.Release (SQL Server Only)|Any CPU.ActiveCfg = Release|Any CPU
		{CFF942B5-73BE-42A3-86DE-14EF45BEFCF1}.Release (SQL Server Only)|Any CPU.Build.0 = Release|Any CPU
		{CFF942B5-73BE-42A3-86DE-14EF45BEFCF1}.Release|Any CPU.ActiveCfg = Release|Any CPU
		{CFF942B5-73BE-42A3-86DE-14EF45BEFCF1}.Release|Any CPU.Build.0 = Release|Any CPU
		{E7F40B52-AD1F-46F9-91A1-78DC9B4B27BD}.Debug (SQL Server Only)|Any CPU.ActiveCfg = Debug|Any CPU
		{E7F40B52-AD1F-46F9-91A1-78DC9B4B27BD}.Debug (SQL Server Only)|Any CPU.Build.0 = Debug|Any CPU
		{E7F40B52-AD1F-46F9-91A1-78DC9B4B27BD}.Debug|Any CPU.ActiveCfg = Debug|Any CPU
		{E7F40B52-AD1F-46F9-91A1-78DC9B4B27BD}.Debug|Any CPU.Build.0 = Debug|Any CPU
		{E7F40B52-AD1F-46F9-91A1-78DC9B4B27BD}.Release (SQL Server Only)|Any CPU.ActiveCfg = Release|Any CPU
		{E7F40B52-AD1F-46F9-91A1-78DC9B4B27BD}.Release (SQL Server Only)|Any CPU.Build.0 = Release|Any CPU
		{E7F40B52-AD1F-46F9-91A1-78DC9B4B27BD}.Release|Any CPU.ActiveCfg = Release|Any CPU
		{E7F40B52-AD1F-46F9-91A1-78DC9B4B27BD}.Release|Any CPU.Build.0 = Release|Any CPU
		{A6035AA6-47AD-4C14-8911-1982DA86F0E0}.Debug (SQL Server Only)|Any CPU.ActiveCfg = Debug|Any CPU
		{A6035AA6-47AD-4C14-8911-1982DA86F0E0}.Debug (SQL Server Only)|Any CPU.Build.0 = Debug|Any CPU
		{A6035AA6-47AD-4C14-8911-1982DA86F0E0}.Debug|Any CPU.ActiveCfg = Debug|Any CPU
		{A6035AA6-47AD-4C14-8911-1982DA86F0E0}.Debug|Any CPU.Build.0 = Debug|Any CPU
		{A6035AA6-47AD-4C14-8911-1982DA86F0E0}.Release (SQL Server Only)|Any CPU.ActiveCfg = Release|Any CPU
		{A6035AA6-47AD-4C14-8911-1982DA86F0E0}.Release (SQL Server Only)|Any CPU.Build.0 = Release|Any CPU
		{A6035AA6-47AD-4C14-8911-1982DA86F0E0}.Release|Any CPU.ActiveCfg = Release|Any CPU
		{A6035AA6-47AD-4C14-8911-1982DA86F0E0}.Release|Any CPU.Build.0 = Release|Any CPU
		{DFE7138F-6FDB-47C1-B899-300C2A3CBCD8}.Debug (SQL Server Only)|Any CPU.ActiveCfg = Debug|Any CPU
		{DFE7138F-6FDB-47C1-B899-300C2A3CBCD8}.Debug (SQL Server Only)|Any CPU.Build.0 = Debug|Any CPU
		{DFE7138F-6FDB-47C1-B899-300C2A3CBCD8}.Debug|Any CPU.ActiveCfg = Debug|Any CPU
		{DFE7138F-6FDB-47C1-B899-300C2A3CBCD8}.Debug|Any CPU.Build.0 = Debug|Any CPU
		{DFE7138F-6FDB-47C1-B899-300C2A3CBCD8}.Release (SQL Server Only)|Any CPU.ActiveCfg = Release|Any CPU
		{DFE7138F-6FDB-47C1-B899-300C2A3CBCD8}.Release (SQL Server Only)|Any CPU.Build.0 = Release|Any CPU
		{DFE7138F-6FDB-47C1-B899-300C2A3CBCD8}.Release|Any CPU.ActiveCfg = Release|Any CPU
		{DFE7138F-6FDB-47C1-B899-300C2A3CBCD8}.Release|Any CPU.Build.0 = Release|Any CPU
		{B6B1FCF3-F2BA-445E-9041-5100733EFD20}.Debug (SQL Server Only)|Any CPU.ActiveCfg = Debug|Any CPU
		{B6B1FCF3-F2BA-445E-9041-5100733EFD20}.Debug (SQL Server Only)|Any CPU.Build.0 = Debug|Any CPU
		{B6B1FCF3-F2BA-445E-9041-5100733EFD20}.Debug|Any CPU.ActiveCfg = Debug|Any CPU
		{B6B1FCF3-F2BA-445E-9041-5100733EFD20}.Debug|Any CPU.Build.0 = Debug|Any CPU
		{B6B1FCF3-F2BA-445E-9041-5100733EFD20}.Release (SQL Server Only)|Any CPU.ActiveCfg = Release|Any CPU
		{B6B1FCF3-F2BA-445E-9041-5100733EFD20}.Release (SQL Server Only)|Any CPU.Build.0 = Release|Any CPU
		{B6B1FCF3-F2BA-445E-9041-5100733EFD20}.Release|Any CPU.ActiveCfg = Release|Any CPU
		{B6B1FCF3-F2BA-445E-9041-5100733EFD20}.Release|Any CPU.Build.0 = Release|Any CPU
		{9B287204-3ADB-495F-844E-E6D88AAB788B}.Debug (SQL Server Only)|Any CPU.ActiveCfg = Debug|Any CPU
		{9B287204-3ADB-495F-844E-E6D88AAB788B}.Debug (SQL Server Only)|Any CPU.Build.0 = Debug|Any CPU
		{9B287204-3ADB-495F-844E-E6D88AAB788B}.Debug|Any CPU.ActiveCfg = Debug|Any CPU
		{9B287204-3ADB-495F-844E-E6D88AAB788B}.Debug|Any CPU.Build.0 = Debug|Any CPU
		{9B287204-3ADB-495F-844E-E6D88AAB788B}.Release (SQL Server Only)|Any CPU.ActiveCfg = Release|Any CPU
		{9B287204-3ADB-495F-844E-E6D88AAB788B}.Release (SQL Server Only)|Any CPU.Build.0 = Release|Any CPU
		{9B287204-3ADB-495F-844E-E6D88AAB788B}.Release|Any CPU.ActiveCfg = Release|Any CPU
		{9B287204-3ADB-495F-844E-E6D88AAB788B}.Release|Any CPU.Build.0 = Release|Any CPU
		{B8A67271-A10B-4043-BED0-FC504B075D59}.Debug (SQL Server Only)|Any CPU.ActiveCfg = Debug|Any CPU
		{B8A67271-A10B-4043-BED0-FC504B075D59}.Debug (SQL Server Only)|Any CPU.Build.0 = Debug|Any CPU
		{B8A67271-A10B-4043-BED0-FC504B075D59}.Debug|Any CPU.ActiveCfg = Debug|Any CPU
		{B8A67271-A10B-4043-BED0-FC504B075D59}.Debug|Any CPU.Build.0 = Debug|Any CPU
		{B8A67271-A10B-4043-BED0-FC504B075D59}.Release (SQL Server Only)|Any CPU.ActiveCfg = Release|Any CPU
		{B8A67271-A10B-4043-BED0-FC504B075D59}.Release (SQL Server Only)|Any CPU.Build.0 = Release|Any CPU
		{B8A67271-A10B-4043-BED0-FC504B075D59}.Release|Any CPU.ActiveCfg = Release|Any CPU
		{B8A67271-A10B-4043-BED0-FC504B075D59}.Release|Any CPU.Build.0 = Release|Any CPU
		{73EB08F7-6404-49E1-8E14-CA2E95458581}.Debug (SQL Server Only)|Any CPU.ActiveCfg = Debug|Any CPU
		{73EB08F7-6404-49E1-8E14-CA2E95458581}.Debug (SQL Server Only)|Any CPU.Build.0 = Debug|Any CPU
		{73EB08F7-6404-49E1-8E14-CA2E95458581}.Debug|Any CPU.ActiveCfg = Debug|Any CPU
		{73EB08F7-6404-49E1-8E14-CA2E95458581}.Debug|Any CPU.Build.0 = Debug|Any CPU
		{73EB08F7-6404-49E1-8E14-CA2E95458581}.Release (SQL Server Only)|Any CPU.ActiveCfg = Release|Any CPU
		{73EB08F7-6404-49E1-8E14-CA2E95458581}.Release (SQL Server Only)|Any CPU.Build.0 = Release|Any CPU
		{73EB08F7-6404-49E1-8E14-CA2E95458581}.Release|Any CPU.ActiveCfg = Release|Any CPU
		{73EB08F7-6404-49E1-8E14-CA2E95458581}.Release|Any CPU.Build.0 = Release|Any CPU
		{94F09F54-AC9C-4E21-8EB4-795BD194FE22}.Debug (SQL Server Only)|Any CPU.ActiveCfg = Debug|Any CPU
		{94F09F54-AC9C-4E21-8EB4-795BD194FE22}.Debug (SQL Server Only)|Any CPU.Build.0 = Debug|Any CPU
		{94F09F54-AC9C-4E21-8EB4-795BD194FE22}.Debug|Any CPU.ActiveCfg = Debug|Any CPU
		{94F09F54-AC9C-4E21-8EB4-795BD194FE22}.Debug|Any CPU.Build.0 = Debug|Any CPU
		{94F09F54-AC9C-4E21-8EB4-795BD194FE22}.Release (SQL Server Only)|Any CPU.ActiveCfg = Release|Any CPU
		{94F09F54-AC9C-4E21-8EB4-795BD194FE22}.Release (SQL Server Only)|Any CPU.Build.0 = Release|Any CPU
		{94F09F54-AC9C-4E21-8EB4-795BD194FE22}.Release|Any CPU.ActiveCfg = Release|Any CPU
		{94F09F54-AC9C-4E21-8EB4-795BD194FE22}.Release|Any CPU.Build.0 = Release|Any CPU
	EndGlobalSection
	GlobalSection(SolutionProperties) = preSolution
		HideSolutionNode = FALSE
	EndGlobalSection
	GlobalSection(NestedProjects) = preSolution
		{E9CBBEED-9E32-493C-AB19-AF4BEDB2EC9A} = {93F48841-C042-4C3B-9D36-B00121BD8E99}
		{94F09F54-AC9C-4E21-8EB4-795BD194FE22} = {93F48841-C042-4C3B-9D36-B00121BD8E99}
		{2E292445-24B8-4747-93DE-3CA22DE67491} = {3C65CBF7-01EE-45EB-9ED9-0A103F1D8A37}
		{A4D0820E-3529-4CB9-BA5F-B2824BFEEC97} = {41A49C9E-7C01-46B2-9CA1-49ADCA9E213F}
		{33A1B8C5-B37D-423E-B7FD-83CE1EC1D442} = {41A49C9E-7C01-46B2-9CA1-49ADCA9E213F}
		{EE4A10E7-92C3-4EAC-B6DF-5DA1C26F4D1D} = {15E45C94-D00C-4D83-825E-A18C330ACB1D}
		{23BB4972-325C-40D8-96F6-EB8A60676D63} = {15E45C94-D00C-4D83-825E-A18C330ACB1D}
		{C2776F02-C5E2-42BA-B4B0-147625B90A18} = {15E45C94-D00C-4D83-825E-A18C330ACB1D}
		{CFF942B5-73BE-42A3-86DE-14EF45BEFCF1} = {15E45C94-D00C-4D83-825E-A18C330ACB1D}
		{E7F40B52-AD1F-46F9-91A1-78DC9B4B27BD} = {15E45C94-D00C-4D83-825E-A18C330ACB1D}
		{A6035AA6-47AD-4C14-8911-1982DA86F0E0} = {15E45C94-D00C-4D83-825E-A18C330ACB1D}
		{DFE7138F-6FDB-47C1-B899-300C2A3CBCD8} = {15E45C94-D00C-4D83-825E-A18C330ACB1D}
		{B6B1FCF3-F2BA-445E-9041-5100733EFD20} = {15E45C94-D00C-4D83-825E-A18C330ACB1D}
		{73EB08F7-6404-49E1-8E14-CA2E95458581} = {15E45C94-D00C-4D83-825E-A18C330ACB1D}
		{9B287204-3ADB-495F-844E-E6D88AAB788B} = {B018A73B-3A43-4B19-8BAC-F0DE6DE78B10}
		{B8A67271-A10B-4043-BED0-FC504B075D59} = {B018A73B-3A43-4B19-8BAC-F0DE6DE78B10}
	EndGlobalSection
EndGlobal
