
Microsoft Visual Studio Solution File, Format Version 12.00
# Visual Studio 2013
VisualStudioVersion = 12.0.31101.0
MinimumVisualStudioVersion = 10.0.40219.1
Project("{FAE04EC0-301F-11D3-BF4B-00C04F79EFBC}") = "Api.Sales", "Api.Sales.csproj", "{ED638DD5-E755-4B7A-940D-5C94AB425686}"
EndProject
Project("{2150E333-8FDC-42A3-9474-1A3956D46DE8}") = "Lib", "Lib", "{0E798BB0-9DBF-4E64-ACA6-94E60E52276B}"
EndProject
Project("{FAE04EC0-301F-11D3-BF4B-00C04F79EFBC}") = "SOS.Lib.Core", "..\..\Lib\SOS.Lib.Core\SOS.Lib.Core.csproj", "{A4D0820E-3529-4CB9-BA5F-B2824BFEEC97}"
EndProject
Project("{FAE04EC0-301F-11D3-BF4B-00C04F79EFBC}") = "SOS.Lib.Util", "..\..\Lib\SOS.Lib.Util\SOS.Lib.Util.csproj", "{33A1B8C5-B37D-423E-B7FD-83CE1EC1D442}"
EndProject
Project("{2150E333-8FDC-42A3-9474-1A3956D46DE8}") = "Api", "Api", "{D7A08051-F168-4EEF-B6D0-9B064A2C1C3A}"
EndProject
Project("{2150E333-8FDC-42A3-9474-1A3956D46DE8}") = "Data", "Data", "{B2B2BD06-A412-4E4E-9869-4C73D31863E3}"
EndProject
Project("{2150E333-8FDC-42A3-9474-1A3956D46DE8}") = "DataServices", "DataServices", "{36B51E49-9AED-42AF-8898-C83BB600582A}"
EndProject
Project("{2150E333-8FDC-42A3-9474-1A3956D46DE8}") = "WebModules", "WebModules", "{918E3A58-505C-42B7-AF26-2269A4A52609}"
EndProject
Project("{FAE04EC0-301F-11D3-BF4B-00C04F79EFBC}") = "WebModules", "..\..\WebModules\WebModules\WebModules.csproj", "{799603C8-07F9-48FD-9F07-5929F1E542A2}"
EndProject
Project("{FAE04EC0-301F-11D3-BF4B-00C04F79EFBC}") = "NXS.Lib.Web", "..\..\Lib\NXS.Lib.Web\NXS.Lib.Web.csproj", "{C067B3AB-3FAF-40D7-98E9-5788768BD315}"
EndProject
Project("{FAE04EC0-301F-11D3-BF4B-00C04F79EFBC}") = "NXS.Lib.Web.Test", "..\..\Lib\NXS.Lib.Web.Test\NXS.Lib.Web.Test.csproj", "{134E5EC2-FFA2-4B76-8E8D-96F9D138E587}"
EndProject
Project("{FAE04EC0-301F-11D3-BF4B-00C04F79EFBC}") = "Api.Core", "..\Api.Core\Api.Core.csproj", "{221B9B75-88B3-4B23-BE9C-3649B8AC5DA3}"
EndProject
Project("{FAE04EC0-301F-11D3-BF4B-00C04F79EFBC}") = "NXS.Data.AuthenticationControl", "..\..\Data\NXS.Data.AuthenticationControl\NXS.Data.AuthenticationControl.csproj", "{B5F44294-2518-40D7-9B18-93E7A47EE993}"
EndProject
Project("{FAE04EC0-301F-11D3-BF4B-00C04F79EFBC}") = "NXS.DataServices.AuthenticationControl", "..\..\DataServices\NXS.DataServices.AuthenticationControl\NXS.DataServices.AuthenticationControl.csproj", "{BDE9E58E-9532-4FE7-92A3-459F3B864C9C}"
EndProject
Project("{FAE04EC0-301F-11D3-BF4B-00C04F79EFBC}") = "NXS.Data", "..\..\Data\NXS.Data\NXS.Data.csproj", "{5465A862-BB78-4048-B39B-191BE0E1D19C}"
EndProject
Project("{FAE04EC0-301F-11D3-BF4B-00C04F79EFBC}") = "BCrypt.Net", "..\..\Lib\bcrypt\BCrypt.Net\BCrypt.Net.csproj", "{517CBAB6-A48C-4068-9042-57DB2793BF50}"
EndProject
Project("{FAE04EC0-301F-11D3-BF4B-00C04F79EFBC}") = "WebModules.Auth", "..\..\WebModules\WebModules.Auth\WebModules.Auth.csproj", "{430C2668-0F92-4561-BD62-C1A3BC6E719D}"
EndProject
Project("{FAE04EC0-301F-11D3-BF4B-00C04F79EFBC}") = "WebModules.Sales", "..\..\WebModules\WebModules.Sales\WebModules.Sales.csproj", "{7F629830-6491-4E94-A37B-0347131D60BD}"
EndProject
Project("{FAE04EC0-301F-11D3-BF4B-00C04F79EFBC}") = "NXS.DataServices.Sales", "..\..\DataServices\NXS.DataServices.Sales\NXS.DataServices.Sales.csproj", "{2163E387-9106-4F09-A138-65072A60B7A2}"
EndProject
Project("{FAE04EC0-301F-11D3-BF4B-00C04F79EFBC}") = "NXS.Data.Sales", "..\..\Data\NXS.Data.Sales\NXS.Data.Sales.csproj", "{BA0DA98E-FE77-4EE6-9E54-E42B3A1D2840}"
EndProject
Project("{FAE04EC0-301F-11D3-BF4B-00C04F79EFBC}") = "NXS.Data.Tests", "..\..\Data\NXS.Data.Tests\NXS.Data.Tests.csproj", "{C25F4837-177C-45D5-8E3F-82A6A68CF23B}"
EndProject
Project("{FAE04EC0-301F-11D3-BF4B-00C04F79EFBC}") = "NXS.Data.HumanResource", "..\..\Data\NXS.Data.HumanResource\NXS.Data.HumanResource.csproj", "{18D0EEE1-C805-4C19-A344-5423428DCDA6}"
EndProject
Project("{FAE04EC0-301F-11D3-BF4B-00C04F79EFBC}") = "NXS.Data.Crm", "..\..\Data\NXS.Data.Crm\NXS.Data.Crm.csproj", "{3C99AA19-9D37-4213-BAA0-A385AEAE892B}"
EndProject
Global
	GlobalSection(SolutionConfigurationPlatforms) = preSolution
		Debug|Any CPU = Debug|Any CPU
		Release|Any CPU = Release|Any CPU
	EndGlobalSection
	GlobalSection(ProjectConfigurationPlatforms) = postSolution
		{ED638DD5-E755-4B7A-940D-5C94AB425686}.Debug|Any CPU.ActiveCfg = Debug|Any CPU
		{ED638DD5-E755-4B7A-940D-5C94AB425686}.Debug|Any CPU.Build.0 = Debug|Any CPU
		{ED638DD5-E755-4B7A-940D-5C94AB425686}.Release|Any CPU.ActiveCfg = Release|Any CPU
		{ED638DD5-E755-4B7A-940D-5C94AB425686}.Release|Any CPU.Build.0 = Release|Any CPU
		{A4D0820E-3529-4CB9-BA5F-B2824BFEEC97}.Debug|Any CPU.ActiveCfg = Debug|Any CPU
		{A4D0820E-3529-4CB9-BA5F-B2824BFEEC97}.Debug|Any CPU.Build.0 = Debug|Any CPU
		{A4D0820E-3529-4CB9-BA5F-B2824BFEEC97}.Release|Any CPU.ActiveCfg = Release|Any CPU
		{A4D0820E-3529-4CB9-BA5F-B2824BFEEC97}.Release|Any CPU.Build.0 = Release|Any CPU
		{33A1B8C5-B37D-423E-B7FD-83CE1EC1D442}.Debug|Any CPU.ActiveCfg = Debug|Any CPU
		{33A1B8C5-B37D-423E-B7FD-83CE1EC1D442}.Debug|Any CPU.Build.0 = Debug|Any CPU
		{33A1B8C5-B37D-423E-B7FD-83CE1EC1D442}.Release|Any CPU.ActiveCfg = Release|Any CPU
		{33A1B8C5-B37D-423E-B7FD-83CE1EC1D442}.Release|Any CPU.Build.0 = Release|Any CPU
		{799603C8-07F9-48FD-9F07-5929F1E542A2}.Debug|Any CPU.ActiveCfg = Debug|Any CPU
		{799603C8-07F9-48FD-9F07-5929F1E542A2}.Debug|Any CPU.Build.0 = Debug|Any CPU
		{799603C8-07F9-48FD-9F07-5929F1E542A2}.Release|Any CPU.ActiveCfg = Release|Any CPU
		{799603C8-07F9-48FD-9F07-5929F1E542A2}.Release|Any CPU.Build.0 = Release|Any CPU
		{C067B3AB-3FAF-40D7-98E9-5788768BD315}.Debug|Any CPU.ActiveCfg = Debug|Any CPU
		{C067B3AB-3FAF-40D7-98E9-5788768BD315}.Debug|Any CPU.Build.0 = Debug|Any CPU
		{C067B3AB-3FAF-40D7-98E9-5788768BD315}.Release|Any CPU.ActiveCfg = Release|Any CPU
		{C067B3AB-3FAF-40D7-98E9-5788768BD315}.Release|Any CPU.Build.0 = Release|Any CPU
		{134E5EC2-FFA2-4B76-8E8D-96F9D138E587}.Debug|Any CPU.ActiveCfg = Debug|Any CPU
		{134E5EC2-FFA2-4B76-8E8D-96F9D138E587}.Debug|Any CPU.Build.0 = Debug|Any CPU
		{134E5EC2-FFA2-4B76-8E8D-96F9D138E587}.Release|Any CPU.ActiveCfg = Release|Any CPU
		{134E5EC2-FFA2-4B76-8E8D-96F9D138E587}.Release|Any CPU.Build.0 = Release|Any CPU
		{221B9B75-88B3-4B23-BE9C-3649B8AC5DA3}.Debug|Any CPU.ActiveCfg = Debug|Any CPU
		{221B9B75-88B3-4B23-BE9C-3649B8AC5DA3}.Debug|Any CPU.Build.0 = Debug|Any CPU
		{221B9B75-88B3-4B23-BE9C-3649B8AC5DA3}.Release|Any CPU.ActiveCfg = Release|Any CPU
		{221B9B75-88B3-4B23-BE9C-3649B8AC5DA3}.Release|Any CPU.Build.0 = Release|Any CPU
		{B5F44294-2518-40D7-9B18-93E7A47EE993}.Debug|Any CPU.ActiveCfg = Debug|Any CPU
		{B5F44294-2518-40D7-9B18-93E7A47EE993}.Debug|Any CPU.Build.0 = Debug|Any CPU
		{B5F44294-2518-40D7-9B18-93E7A47EE993}.Release|Any CPU.ActiveCfg = Release|Any CPU
		{B5F44294-2518-40D7-9B18-93E7A47EE993}.Release|Any CPU.Build.0 = Release|Any CPU
		{BDE9E58E-9532-4FE7-92A3-459F3B864C9C}.Debug|Any CPU.ActiveCfg = Debug|Any CPU
		{BDE9E58E-9532-4FE7-92A3-459F3B864C9C}.Debug|Any CPU.Build.0 = Debug|Any CPU
		{BDE9E58E-9532-4FE7-92A3-459F3B864C9C}.Release|Any CPU.ActiveCfg = Release|Any CPU
		{BDE9E58E-9532-4FE7-92A3-459F3B864C9C}.Release|Any CPU.Build.0 = Release|Any CPU
		{5465A862-BB78-4048-B39B-191BE0E1D19C}.Debug|Any CPU.ActiveCfg = Debug|Any CPU
		{5465A862-BB78-4048-B39B-191BE0E1D19C}.Debug|Any CPU.Build.0 = Debug|Any CPU
		{5465A862-BB78-4048-B39B-191BE0E1D19C}.Release|Any CPU.ActiveCfg = Release|Any CPU
		{5465A862-BB78-4048-B39B-191BE0E1D19C}.Release|Any CPU.Build.0 = Release|Any CPU
		{517CBAB6-A48C-4068-9042-57DB2793BF50}.Debug|Any CPU.ActiveCfg = Debug|Any CPU
		{517CBAB6-A48C-4068-9042-57DB2793BF50}.Debug|Any CPU.Build.0 = Debug|Any CPU
		{517CBAB6-A48C-4068-9042-57DB2793BF50}.Release|Any CPU.ActiveCfg = Release|Any CPU
		{517CBAB6-A48C-4068-9042-57DB2793BF50}.Release|Any CPU.Build.0 = Release|Any CPU
		{430C2668-0F92-4561-BD62-C1A3BC6E719D}.Debug|Any CPU.ActiveCfg = Debug|Any CPU
		{430C2668-0F92-4561-BD62-C1A3BC6E719D}.Debug|Any CPU.Build.0 = Debug|Any CPU
		{430C2668-0F92-4561-BD62-C1A3BC6E719D}.Release|Any CPU.ActiveCfg = Release|Any CPU
		{430C2668-0F92-4561-BD62-C1A3BC6E719D}.Release|Any CPU.Build.0 = Release|Any CPU
		{7F629830-6491-4E94-A37B-0347131D60BD}.Debug|Any CPU.ActiveCfg = Debug|Any CPU
		{7F629830-6491-4E94-A37B-0347131D60BD}.Debug|Any CPU.Build.0 = Debug|Any CPU
		{7F629830-6491-4E94-A37B-0347131D60BD}.Release|Any CPU.ActiveCfg = Release|Any CPU
		{7F629830-6491-4E94-A37B-0347131D60BD}.Release|Any CPU.Build.0 = Release|Any CPU
		{2163E387-9106-4F09-A138-65072A60B7A2}.Debug|Any CPU.ActiveCfg = Debug|Any CPU
		{2163E387-9106-4F09-A138-65072A60B7A2}.Debug|Any CPU.Build.0 = Debug|Any CPU
		{2163E387-9106-4F09-A138-65072A60B7A2}.Release|Any CPU.ActiveCfg = Release|Any CPU
		{2163E387-9106-4F09-A138-65072A60B7A2}.Release|Any CPU.Build.0 = Release|Any CPU
		{BA0DA98E-FE77-4EE6-9E54-E42B3A1D2840}.Debug|Any CPU.ActiveCfg = Debug|Any CPU
		{BA0DA98E-FE77-4EE6-9E54-E42B3A1D2840}.Debug|Any CPU.Build.0 = Debug|Any CPU
		{BA0DA98E-FE77-4EE6-9E54-E42B3A1D2840}.Release|Any CPU.ActiveCfg = Release|Any CPU
		{BA0DA98E-FE77-4EE6-9E54-E42B3A1D2840}.Release|Any CPU.Build.0 = Release|Any CPU
		{C25F4837-177C-45D5-8E3F-82A6A68CF23B}.Debug|Any CPU.ActiveCfg = Debug|Any CPU
		{C25F4837-177C-45D5-8E3F-82A6A68CF23B}.Debug|Any CPU.Build.0 = Debug|Any CPU
		{C25F4837-177C-45D5-8E3F-82A6A68CF23B}.Release|Any CPU.ActiveCfg = Release|Any CPU
		{C25F4837-177C-45D5-8E3F-82A6A68CF23B}.Release|Any CPU.Build.0 = Release|Any CPU
		{18D0EEE1-C805-4C19-A344-5423428DCDA6}.Debug|Any CPU.ActiveCfg = Debug|Any CPU
		{18D0EEE1-C805-4C19-A344-5423428DCDA6}.Debug|Any CPU.Build.0 = Debug|Any CPU
		{18D0EEE1-C805-4C19-A344-5423428DCDA6}.Release|Any CPU.ActiveCfg = Release|Any CPU
		{18D0EEE1-C805-4C19-A344-5423428DCDA6}.Release|Any CPU.Build.0 = Release|Any CPU
		{3C99AA19-9D37-4213-BAA0-A385AEAE892B}.Debug|Any CPU.ActiveCfg = Debug|Any CPU
		{3C99AA19-9D37-4213-BAA0-A385AEAE892B}.Debug|Any CPU.Build.0 = Debug|Any CPU
		{3C99AA19-9D37-4213-BAA0-A385AEAE892B}.Release|Any CPU.ActiveCfg = Release|Any CPU
		{3C99AA19-9D37-4213-BAA0-A385AEAE892B}.Release|Any CPU.Build.0 = Release|Any CPU
	EndGlobalSection
	GlobalSection(SolutionProperties) = preSolution
		HideSolutionNode = FALSE
	EndGlobalSection
	GlobalSection(NestedProjects) = preSolution
		{ED638DD5-E755-4B7A-940D-5C94AB425686} = {D7A08051-F168-4EEF-B6D0-9B064A2C1C3A}
		{A4D0820E-3529-4CB9-BA5F-B2824BFEEC97} = {0E798BB0-9DBF-4E64-ACA6-94E60E52276B}
		{33A1B8C5-B37D-423E-B7FD-83CE1EC1D442} = {0E798BB0-9DBF-4E64-ACA6-94E60E52276B}
		{799603C8-07F9-48FD-9F07-5929F1E542A2} = {918E3A58-505C-42B7-AF26-2269A4A52609}
		{C067B3AB-3FAF-40D7-98E9-5788768BD315} = {0E798BB0-9DBF-4E64-ACA6-94E60E52276B}
		{134E5EC2-FFA2-4B76-8E8D-96F9D138E587} = {0E798BB0-9DBF-4E64-ACA6-94E60E52276B}
		{221B9B75-88B3-4B23-BE9C-3649B8AC5DA3} = {D7A08051-F168-4EEF-B6D0-9B064A2C1C3A}
		{B5F44294-2518-40D7-9B18-93E7A47EE993} = {B2B2BD06-A412-4E4E-9869-4C73D31863E3}
		{BDE9E58E-9532-4FE7-92A3-459F3B864C9C} = {36B51E49-9AED-42AF-8898-C83BB600582A}
		{5465A862-BB78-4048-B39B-191BE0E1D19C} = {B2B2BD06-A412-4E4E-9869-4C73D31863E3}
		{517CBAB6-A48C-4068-9042-57DB2793BF50} = {0E798BB0-9DBF-4E64-ACA6-94E60E52276B}
		{430C2668-0F92-4561-BD62-C1A3BC6E719D} = {918E3A58-505C-42B7-AF26-2269A4A52609}
		{7F629830-6491-4E94-A37B-0347131D60BD} = {918E3A58-505C-42B7-AF26-2269A4A52609}
		{2163E387-9106-4F09-A138-65072A60B7A2} = {36B51E49-9AED-42AF-8898-C83BB600582A}
		{BA0DA98E-FE77-4EE6-9E54-E42B3A1D2840} = {B2B2BD06-A412-4E4E-9869-4C73D31863E3}
		{C25F4837-177C-45D5-8E3F-82A6A68CF23B} = {B2B2BD06-A412-4E4E-9869-4C73D31863E3}
		{18D0EEE1-C805-4C19-A344-5423428DCDA6} = {B2B2BD06-A412-4E4E-9869-4C73D31863E3}
		{3C99AA19-9D37-4213-BAA0-A385AEAE892B} = {B2B2BD06-A412-4E4E-9869-4C73D31863E3}
	EndGlobalSection
EndGlobal
